// !$*UTF8*$!
{
	archiveVersion = 1;
	classes = {
	};
	objectVersion = 48;
	objects = {

/* Begin PBXBuildFile section */
		2E21A6F12C96D8EF00FDCDBF /* eneriesLaunchScreen.storyboard in Resources */ = {isa = PBXBuildFile; fileRef = 2E21A6F02C96D8EF00FDCDBF /* eneriesLaunchScreen.storyboard */; };
		2EF577EC2C96C9AC001C9047 /* AppDelegate.swift in Sources */ = {isa = PBXBuildFile; fileRef = 504EC3071FED79650016851F /* AppDelegate.swift */; };
		2EF577EE2C96C9AC001C9047 /* (null) in Frameworks */ = {isa = PBXBuildFile; };
		2EF577EF2C96C9AC001C9047 /* (null) in Frameworks */ = {isa = PBXBuildFile; };
		2EF577F02C96C9AC001C9047 /* (null) in Frameworks */ = {isa = PBXBuildFile; };
		2EF577F12C96C9AC001C9047 /* Pods_App.framework in Frameworks */ = {isa = PBXBuildFile; fileRef = F4310A9AADF66256A2A1747A /* Pods_App.framework */; };
		2EF577F32C96C9AC001C9047 /* LaunchScreen.storyboard in Resources */ = {isa = PBXBuildFile; fileRef = 504EC3101FED79650016851F /* LaunchScreen.storyboard */; };
		2EF577F42C96C9AC001C9047 /* public in Resources */ = {isa = PBXBuildFile; fileRef = 50B271D01FEDC1A000F3C39B /* public */; };
		2EF577F52C96C9AC001C9047 /* Assets.xcassets in Resources */ = {isa = PBXBuildFile; fileRef = 504EC30E1FED79650016851F /* Assets.xcassets */; };
		2EF577F62C96C9AC001C9047 /* capacitor.config.json in Resources */ = {isa = PBXBuildFile; fileRef = 50379B222058CBB4000EE86E /* capacitor.config.json */; };
		2EF577F72C96C9AC001C9047 /* Main.storyboard in Resources */ = {isa = PBXBuildFile; fileRef = 504EC30B1FED79650016851F /* Main.storyboard */; };
		2EF577F82C96C9AC001C9047 /* config.xml in Resources */ = {isa = PBXBuildFile; fileRef = 2FAD9762203C412B000D30F8 /* config.xml */; };
		2FAD9763203C412B000D30F8 /* config.xml in Resources */ = {isa = PBXBuildFile; fileRef = 2FAD9762203C412B000D30F8 /* config.xml */; };
		37C8400C4A74F9E872ABCAFE /* (null) in Frameworks */ = {isa = PBXBuildFile; };
		3EA2B6EA592026EB488AA641 /* Pods_App.framework in Frameworks */ = {isa = PBXBuildFile; fileRef = F4310A9AADF66256A2A1747A /* Pods_App.framework */; };
		50379B232058CBB4000EE86E /* capacitor.config.json in Resources */ = {isa = PBXBuildFile; fileRef = 50379B222058CBB4000EE86E /* capacitor.config.json */; };
		504EC3081FED79650016851F /* AppDelegate.swift in Sources */ = {isa = PBXBuildFile; fileRef = 504EC3071FED79650016851F /* AppDelegate.swift */; };
		504EC30D1FED79650016851F /* Main.storyboard in Resources */ = {isa = PBXBuildFile; fileRef = 504EC30B1FED79650016851F /* Main.storyboard */; };
		504EC30F1FED79650016851F /* Assets.xcassets in Resources */ = {isa = PBXBuildFile; fileRef = 504EC30E1FED79650016851F /* Assets.xcassets */; };
		504EC3121FED79650016851F /* LaunchScreen.storyboard in Resources */ = {isa = PBXBuildFile; fileRef = 504EC3101FED79650016851F /* LaunchScreen.storyboard */; };
		50B271D11FEDC1A000F3C39B /* public in Resources */ = {isa = PBXBuildFile; fileRef = 50B271D01FEDC1A000F3C39B /* public */; };
		9E79B47C5EC37833D7B0BB66 /* (null) in Frameworks */ = {isa = PBXBuildFile; };
		A084ECDBA7D38E1E42DFC39D /* (null) in Frameworks */ = {isa = PBXBuildFile; };
/* End PBXBuildFile section */

/* Begin PBXFileReference section */
		073EC7980EC903F10FED8BFF /* Pods-tsg.release.xcconfig */ = {isa = PBXFileReference; includeInIndex = 1; lastKnownFileType = text.xcconfig; name = "Pods-tsg.release.xcconfig"; path = "Pods/Target Support Files/Pods-tsg/Pods-tsg.release.xcconfig"; sourceTree = "<group>"; };
		0D9043347AA3C512E43A4CBC /* Pods-tsg.debug.xcconfig */ = {isa = PBXFileReference; includeInIndex = 1; lastKnownFileType = text.xcconfig; name = "Pods-tsg.debug.xcconfig"; path = "Pods/Target Support Files/Pods-tsg/Pods-tsg.debug.xcconfig"; sourceTree = "<group>"; };
		1384DBAA720E197AB71A6DF1 /* Pods_be.framework */ = {isa = PBXFileReference; explicitFileType = wrapper.framework; includeInIndex = 0; path = Pods_be.framework; sourceTree = BUILT_PRODUCTS_DIR; };
		2E21A6F02C96D8EF00FDCDBF /* eneriesLaunchScreen.storyboard */ = {isa = PBXFileReference; lastKnownFileType = file.storyboard; name = eneriesLaunchScreen.storyboard; path = App/LaunchScreens/eneriesLaunchScreen.storyboard; sourceTree = "<group>"; };
		2E5E7F602A8A203E00ABCB3F /* smartsitepowerLaunchScreen.storyboard */ = {isa = PBXFileReference; lastKnownFileType = file.storyboard; name = smartsitepowerLaunchScreen.storyboard; path = App/LaunchScreens/smartsitepowerLaunchScreen.storyboard; sourceTree = "<group>"; };
		2EA6EE582A67FA81009587A7 /* efficientioLaunchScreen.storyboard */ = {isa = PBXFileReference; lastKnownFileType = file.storyboard; name = efficientioLaunchScreen.storyboard; path = App/LaunchScreens/efficientioLaunchScreen.storyboard; sourceTree = "<group>"; };
		2EA6EE5A2A67FAEA009587A7 /* devLaunchScreen.storyboard */ = {isa = PBXFileReference; lastKnownFileType = file.storyboard; name = devLaunchScreen.storyboard; path = App/LaunchScreens/devLaunchScreen.storyboard; sourceTree = "<group>"; };
		2EA6EE5C2A67FB30009587A7 /* tsgLaunchScreen.storyboard */ = {isa = PBXFileReference; lastKnownFileType = file.storyboard; name = tsgLaunchScreen.storyboard; path = App/LaunchScreens/tsgLaunchScreen.storyboard; sourceTree = "<group>"; };
		2EA6EE602A67FC0A009587A7 /* penederLaunchScreen.storyboard */ = {isa = PBXFileReference; lastKnownFileType = file.storyboard; name = penederLaunchScreen.storyboard; path = App/LaunchScreens/penederLaunchScreen.storyboard; sourceTree = "<group>"; };
		2EA6EE622A67FC3D009587A7 /* bmsystemsLaunchScreen.storyboard */ = {isa = PBXFileReference; lastKnownFileType = file.storyboard; name = bmsystemsLaunchScreen.storyboard; path = App/LaunchScreens/bmsystemsLaunchScreen.storyboard; sourceTree = "<group>"; };
		2EA6EE642A67FC72009587A7 /* beLaunchScreen.storyboard */ = {isa = PBXFileReference; lastKnownFileType = file.storyboard; name = beLaunchScreen.storyboard; path = App/LaunchScreens/beLaunchScreen.storyboard; sourceTree = "<group>"; };
		2EA6EE662A67FCA2009587A7 /* powerlinkLaunchScreen.storyboard */ = {isa = PBXFileReference; lastKnownFileType = file.storyboard; name = powerlinkLaunchScreen.storyboard; path = App/LaunchScreens/powerlinkLaunchScreen.storyboard; sourceTree = "<group>"; };
		2EF577FD2C96C9AC001C9047 /* eneries.app */ = {isa = PBXFileReference; explicitFileType = wrapper.application; includeInIndex = 0; path = eneries.app; sourceTree = BUILT_PRODUCTS_DIR; };
		2EF577FE2C96C9AC001C9047 /* App copy-Info.plist */ = {isa = PBXFileReference; lastKnownFileType = text.plist.xml; name = "App copy-Info.plist"; path = "/Users/hannes.brantner/Development/eneries/eneries/console/ios/App/App copy-Info.plist"; sourceTree = "<absolute>"; };
		2FAD9762203C412B000D30F8 /* config.xml */ = {isa = PBXFileReference; lastKnownFileType = text.xml; path = config.xml; sourceTree = "<group>"; };
		32F4F9A3ADF1195B61AC3D63 /* Pods-dev.release.xcconfig */ = {isa = PBXFileReference; includeInIndex = 1; lastKnownFileType = text.xcconfig; name = "Pods-dev.release.xcconfig"; path = "Pods/Target Support Files/Pods-dev/Pods-dev.release.xcconfig"; sourceTree = "<group>"; };
		3F69E6D9DF5B2A897E4FC4C7 /* Pods_efficientio.framework */ = {isa = PBXFileReference; explicitFileType = wrapper.framework; includeInIndex = 0; path = Pods_efficientio.framework; sourceTree = BUILT_PRODUCTS_DIR; };
		416200E7BF2A9FAC645A9FB8 /* Pods-be.debug.xcconfig */ = {isa = PBXFileReference; includeInIndex = 1; lastKnownFileType = text.xcconfig; name = "Pods-be.debug.xcconfig"; path = "Pods/Target Support Files/Pods-be/Pods-be.debug.xcconfig"; sourceTree = "<group>"; };
		47A943007010282C66C76E3A /* Pods-bmsystems.release.xcconfig */ = {isa = PBXFileReference; includeInIndex = 1; lastKnownFileType = text.xcconfig; name = "Pods-bmsystems.release.xcconfig"; path = "Pods/Target Support Files/Pods-bmsystems/Pods-bmsystems.release.xcconfig"; sourceTree = "<group>"; };
		4C6BC94F5C21EA6854BD6E25 /* Pods_bmsystems.framework */ = {isa = PBXFileReference; explicitFileType = wrapper.framework; includeInIndex = 0; path = Pods_bmsystems.framework; sourceTree = BUILT_PRODUCTS_DIR; };
		50379B222058CBB4000EE86E /* capacitor.config.json */ = {isa = PBXFileReference; fileEncoding = 4; lastKnownFileType = text.json; path = capacitor.config.json; sourceTree = "<group>"; };
		504EC3041FED79650016851F /* App.app */ = {isa = PBXFileReference; explicitFileType = wrapper.application; includeInIndex = 0; path = App.app; sourceTree = BUILT_PRODUCTS_DIR; };
		504EC3071FED79650016851F /* AppDelegate.swift */ = {isa = PBXFileReference; lastKnownFileType = sourcecode.swift; path = AppDelegate.swift; sourceTree = "<group>"; };
		504EC30C1FED79650016851F /* Base */ = {isa = PBXFileReference; lastKnownFileType = file.storyboard; name = Base; path = Base.lproj/Main.storyboard; sourceTree = "<group>"; };
		504EC30E1FED79650016851F /* Assets.xcassets */ = {isa = PBXFileReference; lastKnownFileType = folder.assetcatalog; path = Assets.xcassets; sourceTree = "<group>"; };
		504EC3111FED79650016851F /* Base */ = {isa = PBXFileReference; lastKnownFileType = file.storyboard; name = Base; path = Base.lproj/LaunchScreen.storyboard; sourceTree = "<group>"; };
		504EC3131FED79650016851F /* Info.plist */ = {isa = PBXFileReference; lastKnownFileType = text.plist.xml; path = Info.plist; sourceTree = "<group>"; };
		50B271D01FEDC1A000F3C39B /* public */ = {isa = PBXFileReference; lastKnownFileType = folder; path = public; sourceTree = "<group>"; };
		50D5E41E866179614BE5E017 /* Pods_dev.framework */ = {isa = PBXFileReference; explicitFileType = wrapper.framework; includeInIndex = 0; path = Pods_dev.framework; sourceTree = BUILT_PRODUCTS_DIR; };
		5491D2120539FE8E7CA0602F /* Pods-powerlink.debug.xcconfig */ = {isa = PBXFileReference; includeInIndex = 1; lastKnownFileType = text.xcconfig; name = "Pods-powerlink.debug.xcconfig"; path = "Pods/Target Support Files/Pods-powerlink/Pods-powerlink.debug.xcconfig"; sourceTree = "<group>"; };
		6733F59365E78826F4E4C619 /* Pods-efficientio.debug.xcconfig */ = {isa = PBXFileReference; includeInIndex = 1; lastKnownFileType = text.xcconfig; name = "Pods-efficientio.debug.xcconfig"; path = "Pods/Target Support Files/Pods-efficientio/Pods-efficientio.debug.xcconfig"; sourceTree = "<group>"; };
		73A3FC862330D8175D42A30E /* Pods_tsg.framework */ = {isa = PBXFileReference; explicitFileType = wrapper.framework; includeInIndex = 0; path = Pods_tsg.framework; sourceTree = BUILT_PRODUCTS_DIR; };
		9D6C4E79E3D7CAD8F61F8E4E /* Pods-efficientio.release.xcconfig */ = {isa = PBXFileReference; includeInIndex = 1; lastKnownFileType = text.xcconfig; name = "Pods-efficientio.release.xcconfig"; path = "Pods/Target Support Files/Pods-efficientio/Pods-efficientio.release.xcconfig"; sourceTree = "<group>"; };
		A563A068A50C11D2A1E31CB9 /* Pods-dev.debug.xcconfig */ = {isa = PBXFileReference; includeInIndex = 1; lastKnownFileType = text.xcconfig; name = "Pods-dev.debug.xcconfig"; path = "Pods/Target Support Files/Pods-dev/Pods-dev.debug.xcconfig"; sourceTree = "<group>"; };
		ABFF41B7280EA8FFFF85A79A /* Pods_smartsitepower.framework */ = {isa = PBXFileReference; explicitFileType = wrapper.framework; includeInIndex = 0; path = Pods_smartsitepower.framework; sourceTree = BUILT_PRODUCTS_DIR; };
		ACEA3AA9295AFB0F201E9AE1 /* Pods-be.release.xcconfig */ = {isa = PBXFileReference; includeInIndex = 1; lastKnownFileType = text.xcconfig; name = "Pods-be.release.xcconfig"; path = "Pods/Target Support Files/Pods-be/Pods-be.release.xcconfig"; sourceTree = "<group>"; };
		AF51FD2D460BCFE21FA515B2 /* Pods-App.release.xcconfig */ = {isa = PBXFileReference; includeInIndex = 1; lastKnownFileType = text.xcconfig; name = "Pods-App.release.xcconfig"; path = "Pods/Target Support Files/Pods-App/Pods-App.release.xcconfig"; sourceTree = "<group>"; };
		B2138B982B9623E100EAEA22 /* efficientio copy-Info.plist */ = {isa = PBXFileReference; lastKnownFileType = text.plist.xml; name = "efficientio copy-Info.plist"; path = "/Users/johanneseio/Documents/GitHub/efficientIO/console/ios/App/efficientio copy-Info.plist"; sourceTree = "<absolute>"; };
		B2138B9C2B9629A200EAEA22 /* effectasLaunchScreen.storyboard */ = {isa = PBXFileReference; fileEncoding = 4; lastKnownFileType = file.storyboard; name = effectasLaunchScreen.storyboard; path = App/LaunchScreens/effectasLaunchScreen.storyboard; sourceTree = "<group>"; };
		C35C9819202023231026CC8A /* Pods-powerlink.release.xcconfig */ = {isa = PBXFileReference; includeInIndex = 1; lastKnownFileType = text.xcconfig; name = "Pods-powerlink.release.xcconfig"; path = "Pods/Target Support Files/Pods-powerlink/Pods-powerlink.release.xcconfig"; sourceTree = "<group>"; };
		C5C9641F0E99403E462586E9 /* Pods-smartsitepower.debug.xcconfig */ = {isa = PBXFileReference; includeInIndex = 1; lastKnownFileType = text.xcconfig; name = "Pods-smartsitepower.debug.xcconfig"; path = "Pods/Target Support Files/Pods-smartsitepower/Pods-smartsitepower.debug.xcconfig"; sourceTree = "<group>"; };
		CD6A8D5D624549503FB28046 /* Pods_peneder.framework */ = {isa = PBXFileReference; explicitFileType = wrapper.framework; includeInIndex = 0; path = Pods_peneder.framework; sourceTree = BUILT_PRODUCTS_DIR; };
		D174DFB149CAFD560FCAF837 /* Pods-smartsitepower.release.xcconfig */ = {isa = PBXFileReference; includeInIndex = 1; lastKnownFileType = text.xcconfig; name = "Pods-smartsitepower.release.xcconfig"; path = "Pods/Target Support Files/Pods-smartsitepower/Pods-smartsitepower.release.xcconfig"; sourceTree = "<group>"; };
		DCDA2C1822A4830936D2CF9A /* Pods_powerlink.framework */ = {isa = PBXFileReference; explicitFileType = wrapper.framework; includeInIndex = 0; path = Pods_powerlink.framework; sourceTree = BUILT_PRODUCTS_DIR; };
		EF358522CBC1E09968268443 /* Pods-peneder.release.xcconfig */ = {isa = PBXFileReference; includeInIndex = 1; lastKnownFileType = text.xcconfig; name = "Pods-peneder.release.xcconfig"; path = "Pods/Target Support Files/Pods-peneder/Pods-peneder.release.xcconfig"; sourceTree = "<group>"; };
		F4310A9AADF66256A2A1747A /* Pods_App.framework */ = {isa = PBXFileReference; explicitFileType = wrapper.framework; includeInIndex = 0; path = Pods_App.framework; sourceTree = BUILT_PRODUCTS_DIR; };
		F6C5AF6BCF11C35B296407A0 /* Pods-peneder.debug.xcconfig */ = {isa = PBXFileReference; includeInIndex = 1; lastKnownFileType = text.xcconfig; name = "Pods-peneder.debug.xcconfig"; path = "Pods/Target Support Files/Pods-peneder/Pods-peneder.debug.xcconfig"; sourceTree = "<group>"; };
		FC68EB0AF532CFC21C3344DD /* Pods-App.debug.xcconfig */ = {isa = PBXFileReference; includeInIndex = 1; lastKnownFileType = text.xcconfig; name = "Pods-App.debug.xcconfig"; path = "Pods/Target Support Files/Pods-App/Pods-App.debug.xcconfig"; sourceTree = "<group>"; };
		FF44E91DDC4C759B7EBE75B0 /* Pods-bmsystems.debug.xcconfig */ = {isa = PBXFileReference; includeInIndex = 1; lastKnownFileType = text.xcconfig; name = "Pods-bmsystems.debug.xcconfig"; path = "Pods/Target Support Files/Pods-bmsystems/Pods-bmsystems.debug.xcconfig"; sourceTree = "<group>"; };
/* End PBXFileReference section */

/* Begin PBXFrameworksBuildPhase section */
		2EF577ED2C96C9AC001C9047 /* Frameworks */ = {
			isa = PBXFrameworksBuildPhase;
			buildActionMask = 2147483647;
			files = (
				2EF577EE2C96C9AC001C9047 /* (null) in Frameworks */,
				2EF577EF2C96C9AC001C9047 /* (null) in Frameworks */,
				2EF577F02C96C9AC001C9047 /* (null) in Frameworks */,
				2EF577F12C96C9AC001C9047 /* Pods_App.framework in Frameworks */,
			);
			runOnlyForDeploymentPostprocessing = 0;
		};
		504EC3011FED79650016851F /* Frameworks */ = {
			isa = PBXFrameworksBuildPhase;
			buildActionMask = 2147483647;
			files = (
				A084ECDBA7D38E1E42DFC39D /* (null) in Frameworks */,
				37C8400C4A74F9E872ABCAFE /* (null) in Frameworks */,
				9E79B47C5EC37833D7B0BB66 /* (null) in Frameworks */,
				3EA2B6EA592026EB488AA641 /* Pods_App.framework in Frameworks */,
			);
			runOnlyForDeploymentPostprocessing = 0;
		};
/* End PBXFrameworksBuildPhase section */

/* Begin PBXGroup section */
		27E2DDA53C4D2A4D1A88CE4A /* Frameworks */ = {
			isa = PBXGroup;
			children = (
				50D5E41E866179614BE5E017 /* Pods_dev.framework */,
				1384DBAA720E197AB71A6DF1 /* Pods_be.framework */,
				4C6BC94F5C21EA6854BD6E25 /* Pods_bmsystems.framework */,
				3F69E6D9DF5B2A897E4FC4C7 /* Pods_efficientio.framework */,
				CD6A8D5D624549503FB28046 /* Pods_peneder.framework */,
				DCDA2C1822A4830936D2CF9A /* Pods_powerlink.framework */,
				73A3FC862330D8175D42A30E /* Pods_tsg.framework */,
				ABFF41B7280EA8FFFF85A79A /* Pods_smartsitepower.framework */,
				F4310A9AADF66256A2A1747A /* Pods_App.framework */,
			);
			name = Frameworks;
			sourceTree = "<group>";
		};
		504EC2FB1FED79650016851F = {
			isa = PBXGroup;
			children = (
				2E21A6F02C96D8EF00FDCDBF /* eneriesLaunchScreen.storyboard */,
				B2138B9C2B9629A200EAEA22 /* effectasLaunchScreen.storyboard */,
				2E5E7F602A8A203E00ABCB3F /* smartsitepowerLaunchScreen.storyboard */,
				2EA6EE662A67FCA2009587A7 /* powerlinkLaunchScreen.storyboard */,
				2EA6EE642A67FC72009587A7 /* beLaunchScreen.storyboard */,
				2EA6EE622A67FC3D009587A7 /* bmsystemsLaunchScreen.storyboard */,
				2EA6EE602A67FC0A009587A7 /* penederLaunchScreen.storyboard */,
				2EA6EE5C2A67FB30009587A7 /* tsgLaunchScreen.storyboard */,
				2EA6EE5A2A67FAEA009587A7 /* devLaunchScreen.storyboard */,
				2EA6EE582A67FA81009587A7 /* efficientioLaunchScreen.storyboard */,
				504EC3061FED79650016851F /* App */,
				504EC3051FED79650016851F /* Products */,
				7F8756D8B27F46E3366F6CEA /* Pods */,
				27E2DDA53C4D2A4D1A88CE4A /* Frameworks */,
				B2138B982B9623E100EAEA22 /* efficientio copy-Info.plist */,
				2EF577FE2C96C9AC001C9047 /* App copy-Info.plist */,
			);
			sourceTree = "<group>";
		};
		504EC3051FED79650016851F /* Products */ = {
			isa = PBXGroup;
			children = (
				504EC3041FED79650016851F /* App.app */,
				2EF577FD2C96C9AC001C9047 /* eneries.app */,
			);
			name = Products;
			sourceTree = "<group>";
		};
		504EC3061FED79650016851F /* App */ = {
			isa = PBXGroup;
			children = (
				50379B222058CBB4000EE86E /* capacitor.config.json */,
				504EC3071FED79650016851F /* AppDelegate.swift */,
				504EC30B1FED79650016851F /* Main.storyboard */,
				504EC30E1FED79650016851F /* Assets.xcassets */,
				504EC3101FED79650016851F /* LaunchScreen.storyboard */,
				504EC3131FED79650016851F /* Info.plist */,
				2FAD9762203C412B000D30F8 /* config.xml */,
				50B271D01FEDC1A000F3C39B /* public */,
			);
			path = App;
			sourceTree = "<group>";
		};
		7F8756D8B27F46E3366F6CEA /* Pods */ = {
			isa = PBXGroup;
			children = (
				FC68EB0AF532CFC21C3344DD /* Pods-App.debug.xcconfig */,
				AF51FD2D460BCFE21FA515B2 /* Pods-App.release.xcconfig */,
				A563A068A50C11D2A1E31CB9 /* Pods-dev.debug.xcconfig */,
				32F4F9A3ADF1195B61AC3D63 /* Pods-dev.release.xcconfig */,
				416200E7BF2A9FAC645A9FB8 /* Pods-be.debug.xcconfig */,
				ACEA3AA9295AFB0F201E9AE1 /* Pods-be.release.xcconfig */,
				FF44E91DDC4C759B7EBE75B0 /* Pods-bmsystems.debug.xcconfig */,
				47A943007010282C66C76E3A /* Pods-bmsystems.release.xcconfig */,
				6733F59365E78826F4E4C619 /* Pods-efficientio.debug.xcconfig */,
				9D6C4E79E3D7CAD8F61F8E4E /* Pods-efficientio.release.xcconfig */,
				F6C5AF6BCF11C35B296407A0 /* Pods-peneder.debug.xcconfig */,
				EF358522CBC1E09968268443 /* Pods-peneder.release.xcconfig */,
				5491D2120539FE8E7CA0602F /* Pods-powerlink.debug.xcconfig */,
				C35C9819202023231026CC8A /* Pods-powerlink.release.xcconfig */,
				0D9043347AA3C512E43A4CBC /* Pods-tsg.debug.xcconfig */,
				073EC7980EC903F10FED8BFF /* Pods-tsg.release.xcconfig */,
				C5C9641F0E99403E462586E9 /* Pods-smartsitepower.debug.xcconfig */,
				D174DFB149CAFD560FCAF837 /* Pods-smartsitepower.release.xcconfig */,
			);
			name = Pods;
			sourceTree = "<group>";
		};
/* End PBXGroup section */

/* Begin PBXNativeTarget section */
		2EF577E92C96C9AC001C9047 /* eneries */ = {
			isa = PBXNativeTarget;
			buildConfigurationList = 2EF577FA2C96C9AC001C9047 /* Build configuration list for PBXNativeTarget "eneries" */;
			buildPhases = (
				2EF577EA2C96C9AC001C9047 /* [CP] Check Pods Manifest.lock */,
				2EF577EB2C96C9AC001C9047 /* Sources */,
				2EF577ED2C96C9AC001C9047 /* Frameworks */,
				2EF577F22C96C9AC001C9047 /* Resources */,
				2EF577F92C96C9AC001C9047 /* [CP] Embed Pods Frameworks */,
			);
			buildRules = (
			);
			dependencies = (
			);
			name = eneries;
			productName = App;
			productReference = 2EF577FD2C96C9AC001C9047 /* eneries.app */;
			productType = "com.apple.product-type.application";
		};
		504EC3031FED79650016851F /* App */ = {
			isa = PBXNativeTarget;
			buildConfigurationList = 504EC3161FED79650016851F /* Build configuration list for PBXNativeTarget "App" */;
			buildPhases = (
				6634F4EFEBD30273BCE97C65 /* [CP] Check Pods Manifest.lock */,
				504EC3001FED79650016851F /* Sources */,
				504EC3011FED79650016851F /* Frameworks */,
				504EC3021FED79650016851F /* Resources */,
				9592DBEFFC6D2A0C8D5DEB22 /* [CP] Embed Pods Frameworks */,
			);
			buildRules = (
			);
			dependencies = (
			);
			name = App;
			productName = App;
			productReference = 504EC3041FED79650016851F /* App.app */;
			productType = "com.apple.product-type.application";
		};
/* End PBXNativeTarget section */

/* Begin PBXProject section */
		504EC2FC1FED79650016851F /* Project object */ = {
			isa = PBXProject;
			attributes = {
				LastSwiftUpdateCheck = 920;
				LastUpgradeCheck = 920;
				TargetAttributes = {
					2EF577E92C96C9AC001C9047 = {
						ProvisioningStyle = Automatic;
					};
					504EC3031FED79650016851F = {
						CreatedOnToolsVersion = 9.2;
						LastSwiftMigration = 1100;
						ProvisioningStyle = Automatic;
					};
				};
			};
			buildConfigurationList = 504EC2FF1FED79650016851F /* Build configuration list for PBXProject "App" */;
			compatibilityVersion = "Xcode 8.0";
			developmentRegion = en;
			hasScannedForEncodings = 0;
			knownRegions = (
				en,
				Base,
			);
			mainGroup = 504EC2FB1FED79650016851F;
			productRefGroup = 504EC3051FED79650016851F /* Products */;
			projectDirPath = "";
			projectRoot = "";
			targets = (
				504EC3031FED79650016851F /* App */,
				2EF577E92C96C9AC001C9047 /* eneries */,
			);
		};
/* End PBXProject section */

/* Begin PBXResourcesBuildPhase section */
		2EF577F22C96C9AC001C9047 /* Resources */ = {
			isa = PBXResourcesBuildPhase;
			buildActionMask = 2147483647;
			files = (
				2EF577F32C96C9AC001C9047 /* LaunchScreen.storyboard in Resources */,
				2EF577F42C96C9AC001C9047 /* public in Resources */,
				2EF577F52C96C9AC001C9047 /* Assets.xcassets in Resources */,
				2EF577F62C96C9AC001C9047 /* capacitor.config.json in Resources */,
				2E21A6F12C96D8EF00FDCDBF /* eneriesLaunchScreen.storyboard in Resources */,
				2EF577F72C96C9AC001C9047 /* Main.storyboard in Resources */,
				2EF577F82C96C9AC001C9047 /* config.xml in Resources */,
			);
			runOnlyForDeploymentPostprocessing = 0;
		};
		504EC3021FED79650016851F /* Resources */ = {
			isa = PBXResourcesBuildPhase;
			buildActionMask = 2147483647;
			files = (
				504EC3121FED79650016851F /* LaunchScreen.storyboard in Resources */,
				50B271D11FEDC1A000F3C39B /* public in Resources */,
				504EC30F1FED79650016851F /* Assets.xcassets in Resources */,
				50379B232058CBB4000EE86E /* capacitor.config.json in Resources */,
				504EC30D1FED79650016851F /* Main.storyboard in Resources */,
				2FAD9763203C412B000D30F8 /* config.xml in Resources */,
			);
			runOnlyForDeploymentPostprocessing = 0;
		};
/* End PBXResourcesBuildPhase section */

/* Begin PBXShellScriptBuildPhase section */
		2EF577EA2C96C9AC001C9047 /* [CP] Check Pods Manifest.lock */ = {
			isa = PBXShellScriptBuildPhase;
			buildActionMask = 2147483647;
			files = (
			);
			inputPaths = (
				"${PODS_PODFILE_DIR_PATH}/Podfile.lock",
				"${PODS_ROOT}/Manifest.lock",
			);
			name = "[CP] Check Pods Manifest.lock";
			outputPaths = (
				"$(DERIVED_FILE_DIR)/Pods-App-checkManifestLockResult.txt",
			);
			runOnlyForDeploymentPostprocessing = 0;
			shellPath = /bin/sh;
			shellScript = "diff \"${PODS_PODFILE_DIR_PATH}/Podfile.lock\" \"${PODS_ROOT}/Manifest.lock\" > /dev/null\nif [ $? != 0 ] ; then\n    # print error to STDERR\n    echo \"error: The sandbox is not in sync with the Podfile.lock. Run 'pod install' or update your CocoaPods installation.\" >&2\n    exit 1\nfi\n# This output is used by Xcode 'outputs' to avoid re-running this script phase.\necho \"SUCCESS\" > \"${SCRIPT_OUTPUT_FILE_0}\"\n";
			showEnvVarsInLog = 0;
		};
		2EF577F92C96C9AC001C9047 /* [CP] Embed Pods Frameworks */ = {
			isa = PBXShellScriptBuildPhase;
			buildActionMask = 2147483647;
			files = (
			);
			inputPaths = (
			);
			name = "[CP] Embed Pods Frameworks";
			outputPaths = (
			);
			runOnlyForDeploymentPostprocessing = 0;
			shellPath = /bin/sh;
			shellScript = "\"${PODS_ROOT}/Target Support Files/Pods-App/Pods-App-frameworks.sh\"\n";
			showEnvVarsInLog = 0;
		};
		6634F4EFEBD30273BCE97C65 /* [CP] Check Pods Manifest.lock */ = {
			isa = PBXShellScriptBuildPhase;
			buildActionMask = 2147483647;
			files = (
			);
			inputPaths = (
				"${PODS_PODFILE_DIR_PATH}/Podfile.lock",
				"${PODS_ROOT}/Manifest.lock",
			);
			name = "[CP] Check Pods Manifest.lock";
			outputPaths = (
				"$(DERIVED_FILE_DIR)/Pods-App-checkManifestLockResult.txt",
			);
			runOnlyForDeploymentPostprocessing = 0;
			shellPath = /bin/sh;
			shellScript = "diff \"${PODS_PODFILE_DIR_PATH}/Podfile.lock\" \"${PODS_ROOT}/Manifest.lock\" > /dev/null\nif [ $? != 0 ] ; then\n    # print error to STDERR\n    echo \"error: The sandbox is not in sync with the Podfile.lock. Run 'pod install' or update your CocoaPods installation.\" >&2\n    exit 1\nfi\n# This output is used by Xcode 'outputs' to avoid re-running this script phase.\necho \"SUCCESS\" > \"${SCRIPT_OUTPUT_FILE_0}\"\n";
			showEnvVarsInLog = 0;
		};
		9592DBEFFC6D2A0C8D5DEB22 /* [CP] Embed Pods Frameworks */ = {
			isa = PBXShellScriptBuildPhase;
			buildActionMask = 2147483647;
			files = (
			);
			inputPaths = (
			);
			name = "[CP] Embed Pods Frameworks";
			outputPaths = (
			);
			runOnlyForDeploymentPostprocessing = 0;
			shellPath = /bin/sh;
			shellScript = "\"${PODS_ROOT}/Target Support Files/Pods-App/Pods-App-frameworks.sh\"\n";
			showEnvVarsInLog = 0;
		};
/* End PBXShellScriptBuildPhase section */

/* Begin PBXSourcesBuildPhase section */
		2EF577EB2C96C9AC001C9047 /* Sources */ = {
			isa = PBXSourcesBuildPhase;
			buildActionMask = 2147483647;
			files = (
				2EF577EC2C96C9AC001C9047 /* AppDelegate.swift in Sources */,
			);
			runOnlyForDeploymentPostprocessing = 0;
		};
		504EC3001FED79650016851F /* Sources */ = {
			isa = PBXSourcesBuildPhase;
			buildActionMask = 2147483647;
			files = (
				504EC3081FED79650016851F /* AppDelegate.swift in Sources */,
			);
			runOnlyForDeploymentPostprocessing = 0;
		};
/* End PBXSourcesBuildPhase section */

/* Begin PBXVariantGroup section */
		504EC30B1FED79650016851F /* Main.storyboard */ = {
			isa = PBXVariantGroup;
			children = (
				504EC30C1FED79650016851F /* Base */,
			);
			name = Main.storyboard;
			sourceTree = "<group>";
		};
		504EC3101FED79650016851F /* LaunchScreen.storyboard */ = {
			isa = PBXVariantGroup;
			children = (
				504EC3111FED79650016851F /* Base */,
			);
			name = LaunchScreen.storyboard;
			sourceTree = "<group>";
		};
/* End PBXVariantGroup section */

/* Begin XCBuildConfiguration section */
		2EF577FB2C96C9AC001C9047 /* Debug */ = {
			isa = XCBuildConfiguration;
			baseConfigurationReference = FC68EB0AF532CFC21C3344DD /* Pods-App.debug.xcconfig */;
			buildSettings = {
				APP_NAME = ENERIES;
				ASSETCATALOG_COMPILER_APPICON_NAME = eneriesAppIcon;
				ASSETCATALOG_COMPILER_INCLUDE_ALL_APPICON_ASSETS = NO;
				CODE_SIGN_STYLE = Automatic;
				CURRENT_PROJECT_VERSION = 1;
				INFOPLIST_FILE = App/Info.plist;
				IPHONEOS_DEPLOYMENT_TARGET = 13.0;
				LAUNCH_SCREEN_NAME = eneriesLaunchScreen.storyboard;
				LD_RUNPATH_SEARCH_PATHS = "$(inherited) @executable_path/Frameworks";
				MARKETING_VERSION = 1.0;
				OTHER_SWIFT_FLAGS = "$(inherited) \"-D\" \"COCOAPODS\" \"-DDEBUG\"";
				PRODUCT_BUNDLE_IDENTIFIER = com.eneries.console;
				PRODUCT_NAME = "$(TARGET_NAME)";
				SWIFT_ACTIVE_COMPILATION_CONDITIONS = DEBUG;
				SWIFT_VERSION = 5.0;
				TARGETED_DEVICE_FAMILY = "1,2";
			};
			name = Debug;
		};
		2EF577FC2C96C9AC001C9047 /* Release */ = {
			isa = XCBuildConfiguration;
			baseConfigurationReference = AF51FD2D460BCFE21FA515B2 /* Pods-App.release.xcconfig */;
			buildSettings = {
				APP_NAME = ENERIES;
				ASSETCATALOG_COMPILER_APPICON_NAME = eneriesAppIcon;
				ASSETCATALOG_COMPILER_INCLUDE_ALL_APPICON_ASSETS = NO;
				CODE_SIGN_STYLE = Automatic;
				CURRENT_PROJECT_VERSION = 1;
				INFOPLIST_FILE = App/Info.plist;
				IPHONEOS_DEPLOYMENT_TARGET = 13.0;
				LAUNCH_SCREEN_NAME = eneriesLaunchScreen.storyboard;
				LD_RUNPATH_SEARCH_PATHS = "$(inherited) @executable_path/Frameworks";
				MARKETING_VERSION = 1.0;
				PRODUCT_BUNDLE_IDENTIFIER = com.eneries.console;
				PRODUCT_NAME = "$(TARGET_NAME)";
				SWIFT_ACTIVE_COMPILATION_CONDITIONS = "";
				SWIFT_VERSION = 5.0;
				TARGETED_DEVICE_FAMILY = "1,2";
			};
			name = Release;
		};
		504EC3141FED79650016851F /* Debug */ = {
			isa = XCBuildConfiguration;
			buildSettings = {
				ALWAYS_SEARCH_USER_PATHS = NO;
				CLANG_ANALYZER_NONNULL = YES;
				CLANG_ANALYZER_NUMBER_OBJECT_CONVERSION = YES_AGGRESSIVE;
				CLANG_CXX_LANGUAGE_STANDARD = "gnu++14";
				CLANG_CXX_LIBRARY = "libc++";
				CLANG_ENABLE_MODULES = YES;
				CLANG_ENABLE_OBJC_ARC = YES;
				CLANG_WARN_BLOCK_CAPTURE_AUTORELEASING = YES;
				CLANG_WARN_BOOL_CONVERSION = YES;
				CLANG_WARN_COMMA = YES;
				CLANG_WARN_CONSTANT_CONVERSION = YES;
				CLANG_WARN_DIRECT_OBJC_ISA_USAGE = YES_ERROR;
				CLANG_WARN_DOCUMENTATION_COMMENTS = YES;
				CLANG_WARN_EMPTY_BODY = YES;
				CLANG_WARN_ENUM_CONVERSION = YES;
				CLANG_WARN_INFINITE_RECURSION = YES;
				CLANG_WARN_INT_CONVERSION = YES;
				CLANG_WARN_NON_LITERAL_NULL_CONVERSION = YES;
				CLANG_WARN_OBJC_LITERAL_CONVERSION = YES;
				CLANG_WARN_OBJC_ROOT_CLASS = YES_ERROR;
				CLANG_WARN_RANGE_LOOP_ANALYSIS = YES;
				CLANG_WARN_STRICT_PROTOTYPES = YES;
				CLANG_WARN_SUSPICIOUS_MOVE = YES;
				CLANG_WARN_UNGUARDED_AVAILABILITY = YES_AGGRESSIVE;
				CLANG_WARN_UNREACHABLE_CODE = YES;
				CLANG_WARN__DUPLICATE_METHOD_MATCH = YES;
				CODE_SIGN_IDENTITY = "iPhone Developer";
				COPY_PHASE_STRIP = NO;
				DEBUG_INFORMATION_FORMAT = dwarf;
				ENABLE_STRICT_OBJC_MSGSEND = YES;
				ENABLE_TESTABILITY = YES;
				GCC_C_LANGUAGE_STANDARD = gnu11;
				GCC_DYNAMIC_NO_PIC = NO;
				GCC_NO_COMMON_BLOCKS = YES;
				GCC_OPTIMIZATION_LEVEL = 0;
				GCC_PREPROCESSOR_DEFINITIONS = (
					"DEBUG=1",
					"$(inherited)",
				);
				GCC_WARN_64_TO_32_BIT_CONVERSION = YES;
				GCC_WARN_ABOUT_RETURN_TYPE = YES_ERROR;
				GCC_WARN_UNDECLARED_SELECTOR = YES;
				GCC_WARN_UNINITIALIZED_AUTOS = YES_AGGRESSIVE;
				GCC_WARN_UNUSED_FUNCTION = YES;
				GCC_WARN_UNUSED_VARIABLE = YES;
				IPHONEOS_DEPLOYMENT_TARGET = 13.0;
				MTL_ENABLE_DEBUG_INFO = YES;
				ONLY_ACTIVE_ARCH = YES;
				SDKROOT = iphoneos;
				SWIFT_ACTIVE_COMPILATION_CONDITIONS = DEBUG;
				SWIFT_OPTIMIZATION_LEVEL = "-Onone";
			};
			name = Debug;
		};
		504EC3151FED79650016851F /* Release */ = {
			isa = XCBuildConfiguration;
			buildSettings = {
				ALWAYS_SEARCH_USER_PATHS = NO;
				CLANG_ANALYZER_NONNULL = YES;
				CLANG_ANALYZER_NUMBER_OBJECT_CONVERSION = YES_AGGRESSIVE;
				CLANG_CXX_LANGUAGE_STANDARD = "gnu++14";
				CLANG_CXX_LIBRARY = "libc++";
				CLANG_ENABLE_MODULES = YES;
				CLANG_ENABLE_OBJC_ARC = YES;
				CLANG_WARN_BLOCK_CAPTURE_AUTORELEASING = YES;
				CLANG_WARN_BOOL_CONVERSION = YES;
				CLANG_WARN_COMMA = YES;
				CLANG_WARN_CONSTANT_CONVERSION = YES;
				CLANG_WARN_DIRECT_OBJC_ISA_USAGE = YES_ERROR;
				CLANG_WARN_DOCUMENTATION_COMMENTS = YES;
				CLANG_WARN_EMPTY_BODY = YES;
				CLANG_WARN_ENUM_CONVERSION = YES;
				CLANG_WARN_INFINITE_RECURSION = YES;
				CLANG_WARN_INT_CONVERSION = YES;
				CLANG_WARN_NON_LITERAL_NULL_CONVERSION = YES;
				CLANG_WARN_OBJC_LITERAL_CONVERSION = YES;
				CLANG_WARN_OBJC_ROOT_CLASS = YES_ERROR;
				CLANG_WARN_RANGE_LOOP_ANALYSIS = YES;
				CLANG_WARN_STRICT_PROTOTYPES = YES;
				CLANG_WARN_SUSPICIOUS_MOVE = YES;
				CLANG_WARN_UNGUARDED_AVAILABILITY = YES_AGGRESSIVE;
				CLANG_WARN_UNREACHABLE_CODE = YES;
				CLANG_WARN__DUPLICATE_METHOD_MATCH = YES;
				CODE_SIGN_IDENTITY = "iPhone Developer";
				COPY_PHASE_STRIP = NO;
				DEBUG_INFORMATION_FORMAT = "dwarf-with-dsym";
				ENABLE_NS_ASSERTIONS = NO;
				ENABLE_STRICT_OBJC_MSGSEND = YES;
				GCC_C_LANGUAGE_STANDARD = gnu11;
				GCC_NO_COMMON_BLOCKS = YES;
				GCC_WARN_64_TO_32_BIT_CONVERSION = YES;
				GCC_WARN_ABOUT_RETURN_TYPE = YES_ERROR;
				GCC_WARN_UNDECLARED_SELECTOR = YES;
				GCC_WARN_UNINITIALIZED_AUTOS = YES_AGGRESSIVE;
				GCC_WARN_UNUSED_FUNCTION = YES;
				GCC_WARN_UNUSED_VARIABLE = YES;
				IPHONEOS_DEPLOYMENT_TARGET = 13.0;
				MTL_ENABLE_DEBUG_INFO = NO;
				SDKROOT = iphoneos;
				SWIFT_OPTIMIZATION_LEVEL = "-Owholemodule";
				VALIDATE_PRODUCT = YES;
			};
			name = Release;
		};
		504EC3171FED79650016851F /* Debug */ = {
			isa = XCBuildConfiguration;
			baseConfigurationReference = FC68EB0AF532CFC21C3344DD /* Pods-App.debug.xcconfig */;
			buildSettings = {
				APP_NAME = console;
				ASSETCATALOG_COMPILER_APPICON_NAME = AppIcon;
				CODE_SIGN_STYLE = Automatic;
				CURRENT_PROJECT_VERSION = 1;
				INFOPLIST_FILE = App/Info.plist;
				IPHONEOS_DEPLOYMENT_TARGET = 13.0;
				LAUNCH_SCREEN_NAME = LaunchScreen.storyboard;
				LD_RUNPATH_SEARCH_PATHS = "$(inherited) @executable_path/Frameworks";
				MARKETING_VERSION = 1.0;
				OTHER_SWIFT_FLAGS = "$(inherited) \"-D\" \"COCOAPODS\" \"-DDEBUG\"";
				PRODUCT_BUNDLE_IDENTIFIER = com.efficientio.console;
				PRODUCT_NAME = "$(TARGET_NAME)";
				SWIFT_ACTIVE_COMPILATION_CONDITIONS = DEBUG;
				SWIFT_VERSION = 5.0;
				TARGETED_DEVICE_FAMILY = "1,2";
			};
			name = Debug;
		};
		504EC3181FED79650016851F /* Release */ = {
			isa = XCBuildConfiguration;
			baseConfigurationReference = AF51FD2D460BCFE21FA515B2 /* Pods-App.release.xcconfig */;
			buildSettings = {
				APP_NAME = console;
				ASSETCATALOG_COMPILER_APPICON_NAME = AppIcon;
				CODE_SIGN_STYLE = Automatic;
				CURRENT_PROJECT_VERSION = 1;
				INFOPLIST_FILE = App/Info.plist;
				IPHONEOS_DEPLOYMENT_TARGET = 13.0;
				LAUNCH_SCREEN_NAME = LaunchScreen.storyboard;
				LD_RUNPATH_SEARCH_PATHS = "$(inherited) @executable_path/Frameworks";
				MARKETING_VERSION = 1.0;
				PRODUCT_BUNDLE_IDENTIFIER = com.efficientio.console;
				PRODUCT_NAME = "$(TARGET_NAME)";
				SWIFT_ACTIVE_COMPILATION_CONDITIONS = "";
				SWIFT_VERSION = 5.0;
				TARGETED_DEVICE_FAMILY = "1,2";
			};
			name = Release;
		};
/* End XCBuildConfiguration section */

/* Begin XCConfigurationList section */
		2EF577FA2C96C9AC001C9047 /* Build configuration list for PBXNativeTarget "eneries" */ = {
			isa = XCConfigurationList;
			buildConfigurations = (
				2EF577FB2C96C9AC001C9047 /* Debug */,
				2EF577FC2C96C9AC001C9047 /* Release */,
			);
			defaultConfigurationIsVisible = 0;
			defaultConfigurationName = Release;
		};
		504EC2FF1FED79650016851F /* Build configuration list for PBXProject "App" */ = {
			isa = XCConfigurationList;
			buildConfigurations = (
				504EC3141FED79650016851F /* Debug */,
				504EC3151FED79650016851F /* Release */,
			);
			defaultConfigurationIsVisible = 0;
			defaultConfigurationName = Release;
		};
		504EC3161FED79650016851F /* Build configuration list for PBXNativeTarget "App" */ = {
			isa = XCConfigurationList;
			buildConfigurations = (
				504EC3171FED79650016851F /* Debug */,
				504EC3181FED79650016851F /* Release */,
			);
			defaultConfigurationIsVisible = 0;
			defaultConfigurationName = Release;
		};
/* End XCConfigurationList section */
	};
	rootObject = 504EC2FC1FED79650016851F /* Project object */;
}
