
Microsoft Visual Studio Solution File, Format Version 12.00
# TcXaeShell Solution File, Format Version 11.00
VisualStudioVersion = 15.0.28307.1300
MinimumVisualStudioVersion = 10.0.40219.1
Project("{B1E792BE-AA5F-4E3C-8C82-674BF9C0715B}") = "PowerLink_v2_02", "PowerLink_v2_02\PowerLink_v2_02.tsproj", "{1504224D-69F3-4C49-BBE8-DFCB65FB9F92}"
EndProject
Project("{DFBE7525-6864-4E62-8B2E-D530D69D9D96}") = "PowerLink_v2_PLC", "PowerLink_v2_PLC\PowerLink_v2_PLC.tspproj", "{9A20841F-7772-4774-904C-93DBE78C1C04}"
EndProject
Project("{B1E792BE-AA5F-4E3C-8C82-674BF9C0715B}") = "PowerLink_v2_01", "PowerLink_v2_01\PowerLink_v2_01.tsproj", "{B55020CF-3ABE-4BFE-BED2-B7BAE26FFBC4}"
EndProject
Project("{B1E792BE-AA5F-4E3C-8C82-674BF9C0715B}") = "PowerLink_v2_03", "PowerLink_v2_03\PowerLink_v2_03.tsproj", "{E01A38A3-2A9D-4D0A-8C4B-6303A0894127}"
EndProject
Project("{B1E792BE-AA5F-4E3C-8C82-674BF9C0715B}") = "EIOPL020001", "EIOPL010004\EIOPL020001.tsproj", "{5E9B74B3-D8E2-46D7-B89C-6D056B196BC5}"
EndProject
Project("{B1E792BE-AA5F-4E3C-8C82-674BF9C0715B}") = "EIOPL020002", "EIOPL010005\EIOPL020002.tsproj", "{15B10A23-D7BA-4D40-8708-D9448BA10F31}"
EndProject
Project("{B1E792BE-AA5F-4E3C-8C82-674BF9C0715B}") = "EIOPL020003", "EIOPL010006\EIOPL020003.tsproj", "{C2A00402-E082-4AFF-8F85-495B3DB7DB0F}"
EndProject
Project("{B1E792BE-AA5F-4E3C-8C82-674BF9C0715B}") = "EIOPL020004", "EIOPL010007\EIOPL020004.tsproj", "{D0831019-D545-41E9-8C01-EC6F122B8EEF}"
EndProject
Project("{B1E792BE-AA5F-4E3C-8C82-674BF9C0715B}") = "EIOPL020005", "EIOPL010008\EIOPL020005.tsproj", "{D7602FBF-3EF6-4A0D-9487-3CB6396A7006}"
EndProject
Project("{B1E792BE-AA5F-4E3C-8C82-674BF9C0715B}") = "EIOPL020006", "EIOPL020006\EIOPL020006.tsproj", "{F9204DA9-139E-459E-AF5B-FE7E75F168E6}"
EndProject
Project("{B1E792BE-AA5F-4E3C-8C82-674BF9C0715B}") = "EIOPL020007", "EIOPL020007\EIOPL020007.tsproj", "{9521BAFF-CBE5-4C28-A7E6-9C84F670474B}"
EndProject
Project("{B1E792BE-AA5F-4E3C-8C82-674BF9C0715B}") = "EIOPL020008", "EIOPL020008\EIOPL020008.tsproj", "{4D39C2BC-C46F-4BB0-B17A-7CA148C2B2C4}"
EndProject
Project("{B1E792BE-AA5F-4E3C-8C82-674BF9C0715B}") = "EIOPL020009", "EIOPL020009\EIOPL020009.tsproj", "{42FEB995-07A5-471A-B1FF-60EC7774D5AD}"
EndProject
Project("{B1E792BE-AA5F-4E3C-8C82-674BF9C0715B}") = "EIOPL020010", "EIOPL020010\EIOPL020010.tsproj", "{680EB0FF-0E44-4D95-9D6A-B0DCA7744575}"
EndProject
Project("{B1E792BE-AA5F-4E3C-8C82-674BF9C0715B}") = "EIOPL020011", "EIOPL020011\EIOPL020011.tsproj", "{BD18BFC9-AE29-4C26-92F9-10E74900D6D6}"
EndProject
Project("{B1E792BE-AA5F-4E3C-8C82-674BF9C0715B}") = "EIOPL020012", "EIOPL020012\EIOPL020012.tsproj", "{3C7C842C-092A-4FFB-99C0-9236CC90B91D}"
EndProject
Project("{B1E792BE-AA5F-4E3C-8C82-674BF9C0715B}") = "EIOPL020013", "EIOPL020013\EIOPL020013.tsproj", "{22E5DE2A-9DCD-4E41-B2F3-69C3F46EDF37}"
EndProject
Project("{B1E792BE-AA5F-4E3C-8C82-674BF9C0715B}") = "EIOPL020014", "EIOPL020014\EIOPL020014.tsproj", "{F65AE06E-4C2C-4D49-AC00-2714E08D1D8F}"
EndProject
Project("{B1E792BE-AA5F-4E3C-8C82-674BF9C0715B}") = "EIOPL020015", "EIOPL020015\EIOPL020015.tsproj", "{314B3611-756D-4912-A7B6-9F1535BF7C01}"
EndProject
Project("{B1E792BE-AA5F-4E3C-8C82-674BF9C0715B}") = "EIOPL020016", "EIOPL020016\EIOPL020016.tsproj", "{046CFBC5-F450-43BE-B54E-7BDAC29ACA15}"
EndProject
Project("{B1E792BE-AA5F-4E3C-8C82-674BF9C0715B}") = "EIOPL020017", "EIOPL020017\EIOPL020017.tsproj", "{FAB8A26D-7940-451C-9E88-B6E83B1B4B1D}"
EndProject
Project("{B1E792BE-AA5F-4E3C-8C82-674BF9C0715B}") = "EIOPL020018", "EIOPL020018\EIOPL020018.tsproj", "{994C6DE0-EB8F-49D8-8B95-7C6AC545C43E}"
EndProject
Project("{B1E792BE-AA5F-4E3C-8C82-674BF9C0715B}") = "EIOPL020019", "EIOPL020019\EIOPL020019.tsproj", "{870725D4-97C9-4A1B-AE28-0FDB7D2B8123}"
EndProject
Project("{B1E792BE-AA5F-4E3C-8C82-674BF9C0715B}") = "EIOPL020020", "EIOPL020020\EIOPL020020.tsproj", "{71541F2D-335A-4ECB-B038-1A148FED8635}"
EndProject
Project("{B1E792BE-AA5F-4E3C-8C82-674BF9C0715B}") = "EIOPL020021", "EIOPL020021\EIOPL020021.tsproj", "{471DAE33-58DA-4F1A-B632-36321A852FD3}"
EndProject
Project("{B1E792BE-AA5F-4E3C-8C82-674BF9C0715B}") = "EIOPL020022", "EIOPL020022\EIOPL020022.tsproj", "{09A50D1F-4D8D-4513-BED1-26FAA8E79E59}"
EndProject
Project("{B1E792BE-AA5F-4E3C-8C82-674BF9C0715B}") = "EIOPL020023", "EIOPL020023\EIOPL020023.tsproj", "{CD36448F-169C-4C66-8DCA-293D7E4C80C5}"
EndProject
Project("{B1E792BE-AA5F-4E3C-8C82-674BF9C0715B}") = "EIOPL020024", "EIOPL020024\EIOPL020024.tsproj", "{A61D3708-9CBC-4B2B-8402-83588565270C}"
EndProject
Project("{B1E792BE-AA5F-4E3C-8C82-674BF9C0715B}") = "EIOPL020025", "EIOPL020025\EIOPL020025.tsproj", "{295F4A75-4E61-4060-8593-4C841BA11938}"
EndProject
Project("{B1E792BE-AA5F-4E3C-8C82-674BF9C0715B}") = "EIOPL020026", "EIOPL020026\EIOPL020026.tsproj", "{DDB337A9-4DE4-4068-B724-170AF5C974E5}"
EndProject
Project("{B1E792BE-AA5F-4E3C-8C82-674BF9C0715B}") = "EIOPL020027", "EIOPL020027\EIOPL020027.tsproj", "{83CDE4C3-A14A-4135-AE8C-9AAC66A7289C}"
EndProject
Project("{B1E792BE-AA5F-4E3C-8C82-674BF9C0715B}") = "EIOPL020028", "EIOPL020028\EIOPL020028.tsproj", "{15EC1DD1-1A16-404D-8AC3-FCB424D17F22}"
EndProject
Project("{B1E792BE-AA5F-4E3C-8C82-674BF9C0715B}") = "EIOPL020029", "EIOPL020029\EIOPL020029.tsproj", "{951F6C6E-526F-4F62-BD77-08E95E5AF34C}"
EndProject
Project("{B1E792BE-AA5F-4E3C-8C82-674BF9C0715B}") = "EIOPL020030", "EIOPL020030\EIOPL020030.tsproj", "{57CE0072-D089-4677-90CC-E3676BE3969B}"
EndProject
Project("{B1E792BE-AA5F-4E3C-8C82-674BF9C0715B}") = "EIOPL020031", "EIOPL020031\EIOPL020031.tsproj", "{3A8104D8-6F88-4FF6-B806-9DC3B3597784}"
EndProject
Project("{B1E792BE-AA5F-4E3C-8C82-674BF9C0715B}") = "EIOPL020032", "EIOPL020032\EIOPL020032.tsproj", "{DB1FC518-1A23-4942-BB4A-423F62893A78}"
EndProject
Project("{B1E792BE-AA5F-4E3C-8C82-674BF9C0715B}") = "EIOPL020033", "EIOPL020033\EIOPL020033.tsproj", "{5B1C7ADF-2C16-40FC-85F4-A3649259D7BB}"
EndProject
Project("{B1E792BE-AA5F-4E3C-8C82-674BF9C0715B}") = "EIOPL020034", "EIOPL020034\EIOPL020034.tsproj", "{F219639E-F973-49D9-A160-5CB1C3639D5D}"
EndProject
Project("{B1E792BE-AA5F-4E3C-8C82-674BF9C0715B}") = "EIOPL020035", "EIOPL020035\EIOPL020035.tsproj", "{7087A30B-BEA3-4F55-A86B-F335EF950D29}"
EndProject
Global
	GlobalSection(SolutionConfigurationPlatforms) = preSolution
		Debug|TwinCAT CE7 (ARMV7) = Debug|TwinCAT CE7 (ARMV7)
		Debug|TwinCAT OS (ARMT2) = Debug|TwinCAT OS (ARMT2)
		Debug|TwinCAT RT (x64) = Debug|TwinCAT RT (x64)
		Debug|TwinCAT RT (x86) = Debug|TwinCAT RT (x86)
		Release|TwinCAT CE7 (ARMV7) = Release|TwinCAT CE7 (ARMV7)
		Release|TwinCAT OS (ARMT2) = Release|TwinCAT OS (ARMT2)
		Release|TwinCAT RT (x64) = Release|TwinCAT RT (x64)
		Release|TwinCAT RT (x86) = Release|TwinCAT RT (x86)
	EndGlobalSection
	GlobalSection(ProjectConfigurationPlatforms) = postSolution
		{1504224D-69F3-4C49-BBE8-DFCB65FB9F92}.Debug|TwinCAT CE7 (ARMV7).ActiveCfg = Debug|TwinCAT CE7 (ARMV7)
		{1504224D-69F3-4C49-BBE8-DFCB65FB9F92}.Debug|TwinCAT CE7 (ARMV7).Build.0 = Debug|TwinCAT CE7 (ARMV7)
		{1504224D-69F3-4C49-BBE8-DFCB65FB9F92}.Debug|TwinCAT OS (ARMT2).ActiveCfg = Debug|TwinCAT OS (ARMT2)
		{1504224D-69F3-4C49-BBE8-DFCB65FB9F92}.Debug|TwinCAT OS (ARMT2).Build.0 = Debug|TwinCAT OS (ARMT2)
		{1504224D-69F3-4C49-BBE8-DFCB65FB9F92}.Debug|TwinCAT RT (x64).ActiveCfg = Debug|TwinCAT RT (x64)
		{1504224D-69F3-4C49-BBE8-DFCB65FB9F92}.Debug|TwinCAT RT (x64).Build.0 = Debug|TwinCAT RT (x64)
		{1504224D-69F3-4C49-BBE8-DFCB65FB9F92}.Debug|TwinCAT RT (x86).ActiveCfg = Debug|TwinCAT RT (x86)
		{1504224D-69F3-4C49-BBE8-DFCB65FB9F92}.Debug|TwinCAT RT (x86).Build.0 = Debug|TwinCAT RT (x86)
		{1504224D-69F3-4C49-BBE8-DFCB65FB9F92}.Release|TwinCAT CE7 (ARMV7).ActiveCfg = Release|TwinCAT CE7 (ARMV7)
		{1504224D-69F3-4C49-BBE8-DFCB65FB9F92}.Release|TwinCAT CE7 (ARMV7).Build.0 = Release|TwinCAT CE7 (ARMV7)
		{1504224D-69F3-4C49-BBE8-DFCB65FB9F92}.Release|TwinCAT OS (ARMT2).ActiveCfg = Release|TwinCAT OS (ARMT2)
		{1504224D-69F3-4C49-BBE8-DFCB65FB9F92}.Release|TwinCAT OS (ARMT2).Build.0 = Release|TwinCAT OS (ARMT2)
		{1504224D-69F3-4C49-BBE8-DFCB65FB9F92}.Release|TwinCAT RT (x64).ActiveCfg = Release|TwinCAT RT (x64)
		{1504224D-69F3-4C49-BBE8-DFCB65FB9F92}.Release|TwinCAT RT (x64).Build.0 = Release|TwinCAT RT (x64)
		{1504224D-69F3-4C49-BBE8-DFCB65FB9F92}.Release|TwinCAT RT (x86).ActiveCfg = Release|TwinCAT RT (x86)
		{1504224D-69F3-4C49-BBE8-DFCB65FB9F92}.Release|TwinCAT RT (x86).Build.0 = Release|TwinCAT RT (x86)
		{9A20841F-7772-4774-904C-93DBE78C1C04}.Debug|TwinCAT CE7 (ARMV7).ActiveCfg = Debug|TwinCAT CE7 (ARMV7)
		{9A20841F-7772-4774-904C-93DBE78C1C04}.Debug|TwinCAT CE7 (ARMV7).Build.0 = Debug|TwinCAT CE7 (ARMV7)
		{9A20841F-7772-4774-904C-93DBE78C1C04}.Debug|TwinCAT OS (ARMT2).ActiveCfg = Debug|TwinCAT OS (ARMT2)
		{9A20841F-7772-4774-904C-93DBE78C1C04}.Debug|TwinCAT OS (ARMT2).Build.0 = Debug|TwinCAT OS (ARMT2)
		{9A20841F-7772-4774-904C-93DBE78C1C04}.Debug|TwinCAT RT (x64).ActiveCfg = Debug|TwinCAT RT (x64)
		{9A20841F-7772-4774-904C-93DBE78C1C04}.Debug|TwinCAT RT (x64).Build.0 = Debug|TwinCAT RT (x64)
		{9A20841F-7772-4774-904C-93DBE78C1C04}.Debug|TwinCAT RT (x86).ActiveCfg = Debug|TwinCAT RT (x86)
		{9A20841F-7772-4774-904C-93DBE78C1C04}.Debug|TwinCAT RT (x86).Build.0 = Debug|TwinCAT RT (x86)
		{9A20841F-7772-4774-904C-93DBE78C1C04}.Release|TwinCAT CE7 (ARMV7).ActiveCfg = Release|TwinCAT CE7 (ARMV7)
		{9A20841F-7772-4774-904C-93DBE78C1C04}.Release|TwinCAT CE7 (ARMV7).Build.0 = Release|TwinCAT CE7 (ARMV7)
		{9A20841F-7772-4774-904C-93DBE78C1C04}.Release|TwinCAT OS (ARMT2).ActiveCfg = Release|TwinCAT OS (ARMT2)
		{9A20841F-7772-4774-904C-93DBE78C1C04}.Release|TwinCAT OS (ARMT2).Build.0 = Release|TwinCAT OS (ARMT2)
		{9A20841F-7772-4774-904C-93DBE78C1C04}.Release|TwinCAT RT (x64).ActiveCfg = Release|TwinCAT RT (x64)
		{9A20841F-7772-4774-904C-93DBE78C1C04}.Release|TwinCAT RT (x64).Build.0 = Release|TwinCAT RT (x64)
		{9A20841F-7772-4774-904C-93DBE78C1C04}.Release|TwinCAT RT (x86).ActiveCfg = Release|TwinCAT RT (x86)
		{9A20841F-7772-4774-904C-93DBE78C1C04}.Release|TwinCAT RT (x86).Build.0 = Release|TwinCAT RT (x86)
		{B55020CF-3ABE-4BFE-BED2-B7BAE26FFBC4}.Debug|TwinCAT CE7 (ARMV7).ActiveCfg = Debug|TwinCAT CE7 (ARMV7)
		{B55020CF-3ABE-4BFE-BED2-B7BAE26FFBC4}.Debug|TwinCAT CE7 (ARMV7).Build.0 = Debug|TwinCAT CE7 (ARMV7)
		{B55020CF-3ABE-4BFE-BED2-B7BAE26FFBC4}.Debug|TwinCAT OS (ARMT2).ActiveCfg = Debug|TwinCAT OS (ARMT2)
		{B55020CF-3ABE-4BFE-BED2-B7BAE26FFBC4}.Debug|TwinCAT OS (ARMT2).Build.0 = Debug|TwinCAT OS (ARMT2)
		{B55020CF-3ABE-4BFE-BED2-B7BAE26FFBC4}.Debug|TwinCAT RT (x64).ActiveCfg = Debug|TwinCAT RT (x64)
		{B55020CF-3ABE-4BFE-BED2-B7BAE26FFBC4}.Debug|TwinCAT RT (x64).Build.0 = Debug|TwinCAT RT (x64)
		{B55020CF-3ABE-4BFE-BED2-B7BAE26FFBC4}.Debug|TwinCAT RT (x86).ActiveCfg = Debug|TwinCAT RT (x86)
		{B55020CF-3ABE-4BFE-BED2-B7BAE26FFBC4}.Debug|TwinCAT RT (x86).Build.0 = Debug|TwinCAT RT (x86)
		{B55020CF-3ABE-4BFE-BED2-B7BAE26FFBC4}.Release|TwinCAT CE7 (ARMV7).ActiveCfg = Release|TwinCAT CE7 (ARMV7)
		{B55020CF-3ABE-4BFE-BED2-B7BAE26FFBC4}.Release|TwinCAT CE7 (ARMV7).Build.0 = Release|TwinCAT CE7 (ARMV7)
		{B55020CF-3ABE-4BFE-BED2-B7BAE26FFBC4}.Release|TwinCAT OS (ARMT2).ActiveCfg = Release|TwinCAT OS (ARMT2)
		{B55020CF-3ABE-4BFE-BED2-B7BAE26FFBC4}.Release|TwinCAT OS (ARMT2).Build.0 = Release|TwinCAT OS (ARMT2)
		{B55020CF-3ABE-4BFE-BED2-B7BAE26FFBC4}.Release|TwinCAT RT (x64).ActiveCfg = Release|TwinCAT RT (x64)
		{B55020CF-3ABE-4BFE-BED2-B7BAE26FFBC4}.Release|TwinCAT RT (x64).Build.0 = Release|TwinCAT RT (x64)
		{B55020CF-3ABE-4BFE-BED2-B7BAE26FFBC4}.Release|TwinCAT RT (x86).ActiveCfg = Release|TwinCAT RT (x86)
		{B55020CF-3ABE-4BFE-BED2-B7BAE26FFBC4}.Release|TwinCAT RT (x86).Build.0 = Release|TwinCAT RT (x86)
		{E01A38A3-2A9D-4D0A-8C4B-6303A0894127}.Debug|TwinCAT CE7 (ARMV7).ActiveCfg = Debug|TwinCAT CE7 (ARMV7)
		{E01A38A3-2A9D-4D0A-8C4B-6303A0894127}.Debug|TwinCAT CE7 (ARMV7).Build.0 = Debug|TwinCAT CE7 (ARMV7)
		{E01A38A3-2A9D-4D0A-8C4B-6303A0894127}.Debug|TwinCAT OS (ARMT2).ActiveCfg = Debug|TwinCAT OS (ARMT2)
		{E01A38A3-2A9D-4D0A-8C4B-6303A0894127}.Debug|TwinCAT OS (ARMT2).Build.0 = Debug|TwinCAT OS (ARMT2)
		{E01A38A3-2A9D-4D0A-8C4B-6303A0894127}.Debug|TwinCAT RT (x64).ActiveCfg = Debug|TwinCAT RT (x64)
		{E01A38A3-2A9D-4D0A-8C4B-6303A0894127}.Debug|TwinCAT RT (x64).Build.0 = Debug|TwinCAT RT (x64)
		{E01A38A3-2A9D-4D0A-8C4B-6303A0894127}.Debug|TwinCAT RT (x86).ActiveCfg = Debug|TwinCAT RT (x86)
		{E01A38A3-2A9D-4D0A-8C4B-6303A0894127}.Debug|TwinCAT RT (x86).Build.0 = Debug|TwinCAT RT (x86)
		{E01A38A3-2A9D-4D0A-8C4B-6303A0894127}.Release|TwinCAT CE7 (ARMV7).ActiveCfg = Release|TwinCAT CE7 (ARMV7)
		{E01A38A3-2A9D-4D0A-8C4B-6303A0894127}.Release|TwinCAT CE7 (ARMV7).Build.0 = Release|TwinCAT CE7 (ARMV7)
		{E01A38A3-2A9D-4D0A-8C4B-6303A0894127}.Release|TwinCAT OS (ARMT2).ActiveCfg = Release|TwinCAT OS (ARMT2)
		{E01A38A3-2A9D-4D0A-8C4B-6303A0894127}.Release|TwinCAT OS (ARMT2).Build.0 = Release|TwinCAT OS (ARMT2)
		{E01A38A3-2A9D-4D0A-8C4B-6303A0894127}.Release|TwinCAT RT (x64).ActiveCfg = Release|TwinCAT RT (x64)
		{E01A38A3-2A9D-4D0A-8C4B-6303A0894127}.Release|TwinCAT RT (x64).Build.0 = Release|TwinCAT RT (x64)
		{E01A38A3-2A9D-4D0A-8C4B-6303A0894127}.Release|TwinCAT RT (x86).ActiveCfg = Release|TwinCAT RT (x86)
		{E01A38A3-2A9D-4D0A-8C4B-6303A0894127}.Release|TwinCAT RT (x86).Build.0 = Release|TwinCAT RT (x86)
		{5E9B74B3-D8E2-46D7-B89C-6D056B196BC5}.Debug|TwinCAT CE7 (ARMV7).ActiveCfg = Debug|TwinCAT CE7 (ARMV7)
		{5E9B74B3-D8E2-46D7-B89C-6D056B196BC5}.Debug|TwinCAT CE7 (ARMV7).Build.0 = Debug|TwinCAT CE7 (ARMV7)
		{5E9B74B3-D8E2-46D7-B89C-6D056B196BC5}.Debug|TwinCAT OS (ARMT2).ActiveCfg = Debug|TwinCAT OS (ARMT2)
		{5E9B74B3-D8E2-46D7-B89C-6D056B196BC5}.Debug|TwinCAT OS (ARMT2).Build.0 = Debug|TwinCAT OS (ARMT2)
		{5E9B74B3-D8E2-46D7-B89C-6D056B196BC5}.Debug|TwinCAT RT (x64).ActiveCfg = Debug|TwinCAT RT (x64)
		{5E9B74B3-D8E2-46D7-B89C-6D056B196BC5}.Debug|TwinCAT RT (x64).Build.0 = Debug|TwinCAT RT (x64)
		{5E9B74B3-D8E2-46D7-B89C-6D056B196BC5}.Debug|TwinCAT RT (x86).ActiveCfg = Debug|TwinCAT RT (x86)
		{5E9B74B3-D8E2-46D7-B89C-6D056B196BC5}.Debug|TwinCAT RT (x86).Build.0 = Debug|TwinCAT RT (x86)
		{5E9B74B3-D8E2-46D7-B89C-6D056B196BC5}.Release|TwinCAT CE7 (ARMV7).ActiveCfg = Release|TwinCAT CE7 (ARMV7)
		{5E9B74B3-D8E2-46D7-B89C-6D056B196BC5}.Release|TwinCAT CE7 (ARMV7).Build.0 = Release|TwinCAT CE7 (ARMV7)
		{5E9B74B3-D8E2-46D7-B89C-6D056B196BC5}.Release|TwinCAT OS (ARMT2).ActiveCfg = Release|TwinCAT OS (ARMT2)
		{5E9B74B3-D8E2-46D7-B89C-6D056B196BC5}.Release|TwinCAT OS (ARMT2).Build.0 = Release|TwinCAT OS (ARMT2)
		{5E9B74B3-D8E2-46D7-B89C-6D056B196BC5}.Release|TwinCAT RT (x64).ActiveCfg = Release|TwinCAT RT (x64)
		{5E9B74B3-D8E2-46D7-B89C-6D056B196BC5}.Release|TwinCAT RT (x64).Build.0 = Release|TwinCAT RT (x64)
		{5E9B74B3-D8E2-46D7-B89C-6D056B196BC5}.Release|TwinCAT RT (x86).ActiveCfg = Release|TwinCAT RT (x86)
		{5E9B74B3-D8E2-46D7-B89C-6D056B196BC5}.Release|TwinCAT RT (x86).Build.0 = Release|TwinCAT RT (x86)
		{15B10A23-D7BA-4D40-8708-D9448BA10F31}.Debug|TwinCAT CE7 (ARMV7).ActiveCfg = Debug|TwinCAT CE7 (ARMV7)
		{15B10A23-D7BA-4D40-8708-D9448BA10F31}.Debug|TwinCAT CE7 (ARMV7).Build.0 = Debug|TwinCAT CE7 (ARMV7)
		{15B10A23-D7BA-4D40-8708-D9448BA10F31}.Debug|TwinCAT OS (ARMT2).ActiveCfg = Debug|TwinCAT OS (ARMT2)
		{15B10A23-D7BA-4D40-8708-D9448BA10F31}.Debug|TwinCAT OS (ARMT2).Build.0 = Debug|TwinCAT OS (ARMT2)
		{15B10A23-D7BA-4D40-8708-D9448BA10F31}.Debug|TwinCAT RT (x64).ActiveCfg = Debug|TwinCAT RT (x64)
		{15B10A23-D7BA-4D40-8708-D9448BA10F31}.Debug|TwinCAT RT (x64).Build.0 = Debug|TwinCAT RT (x64)
		{15B10A23-D7BA-4D40-8708-D9448BA10F31}.Debug|TwinCAT RT (x86).ActiveCfg = Debug|TwinCAT RT (x86)
		{15B10A23-D7BA-4D40-8708-D9448BA10F31}.Debug|TwinCAT RT (x86).Build.0 = Debug|TwinCAT RT (x86)
		{15B10A23-D7BA-4D40-8708-D9448BA10F31}.Release|TwinCAT CE7 (ARMV7).ActiveCfg = Release|TwinCAT CE7 (ARMV7)
		{15B10A23-D7BA-4D40-8708-D9448BA10F31}.Release|TwinCAT CE7 (ARMV7).Build.0 = Release|TwinCAT CE7 (ARMV7)
		{15B10A23-D7BA-4D40-8708-D9448BA10F31}.Release|TwinCAT OS (ARMT2).ActiveCfg = Release|TwinCAT OS (ARMT2)
		{15B10A23-D7BA-4D40-8708-D9448BA10F31}.Release|TwinCAT OS (ARMT2).Build.0 = Release|TwinCAT OS (ARMT2)
		{15B10A23-D7BA-4D40-8708-D9448BA10F31}.Release|TwinCAT RT (x64).ActiveCfg = Release|TwinCAT RT (x64)
		{15B10A23-D7BA-4D40-8708-D9448BA10F31}.Release|TwinCAT RT (x64).Build.0 = Release|TwinCAT RT (x64)
		{15B10A23-D7BA-4D40-8708-D9448BA10F31}.Release|TwinCAT RT (x86).ActiveCfg = Release|TwinCAT RT (x86)
		{15B10A23-D7BA-4D40-8708-D9448BA10F31}.Release|TwinCAT RT (x86).Build.0 = Release|TwinCAT RT (x86)
		{C2A00402-E082-4AFF-8F85-495B3DB7DB0F}.Debug|TwinCAT CE7 (ARMV7).ActiveCfg = Debug|TwinCAT CE7 (ARMV7)
		{C2A00402-E082-4AFF-8F85-495B3DB7DB0F}.Debug|TwinCAT CE7 (ARMV7).Build.0 = Debug|TwinCAT CE7 (ARMV7)
		{C2A00402-E082-4AFF-8F85-495B3DB7DB0F}.Debug|TwinCAT OS (ARMT2).ActiveCfg = Debug|TwinCAT OS (ARMT2)
		{C2A00402-E082-4AFF-8F85-495B3DB7DB0F}.Debug|TwinCAT OS (ARMT2).Build.0 = Debug|TwinCAT OS (ARMT2)
		{C2A00402-E082-4AFF-8F85-495B3DB7DB0F}.Debug|TwinCAT RT (x64).ActiveCfg = Debug|TwinCAT RT (x64)
		{C2A00402-E082-4AFF-8F85-495B3DB7DB0F}.Debug|TwinCAT RT (x64).Build.0 = Debug|TwinCAT RT (x64)
		{C2A00402-E082-4AFF-8F85-495B3DB7DB0F}.Debug|TwinCAT RT (x86).ActiveCfg = Debug|TwinCAT RT (x86)
		{C2A00402-E082-4AFF-8F85-495B3DB7DB0F}.Debug|TwinCAT RT (x86).Build.0 = Debug|TwinCAT RT (x86)
		{C2A00402-E082-4AFF-8F85-495B3DB7DB0F}.Release|TwinCAT CE7 (ARMV7).ActiveCfg = Release|TwinCAT CE7 (ARMV7)
		{C2A00402-E082-4AFF-8F85-495B3DB7DB0F}.Release|TwinCAT CE7 (ARMV7).Build.0 = Release|TwinCAT CE7 (ARMV7)
		{C2A00402-E082-4AFF-8F85-495B3DB7DB0F}.Release|TwinCAT OS (ARMT2).ActiveCfg = Release|TwinCAT OS (ARMT2)
		{C2A00402-E082-4AFF-8F85-495B3DB7DB0F}.Release|TwinCAT OS (ARMT2).Build.0 = Release|TwinCAT OS (ARMT2)
		{C2A00402-E082-4AFF-8F85-495B3DB7DB0F}.Release|TwinCAT RT (x64).ActiveCfg = Release|TwinCAT RT (x64)
		{C2A00402-E082-4AFF-8F85-495B3DB7DB0F}.Release|TwinCAT RT (x64).Build.0 = Release|TwinCAT RT (x64)
		{C2A00402-E082-4AFF-8F85-495B3DB7DB0F}.Release|TwinCAT RT (x86).ActiveCfg = Release|TwinCAT RT (x86)
		{C2A00402-E082-4AFF-8F85-495B3DB7DB0F}.Release|TwinCAT RT (x86).Build.0 = Release|TwinCAT RT (x86)
		{D0831019-D545-41E9-8C01-EC6F122B8EEF}.Debug|TwinCAT CE7 (ARMV7).ActiveCfg = Debug|TwinCAT CE7 (ARMV7)
		{D0831019-D545-41E9-8C01-EC6F122B8EEF}.Debug|TwinCAT CE7 (ARMV7).Build.0 = Debug|TwinCAT CE7 (ARMV7)
		{D0831019-D545-41E9-8C01-EC6F122B8EEF}.Debug|TwinCAT OS (ARMT2).ActiveCfg = Debug|TwinCAT OS (ARMT2)
		{D0831019-D545-41E9-8C01-EC6F122B8EEF}.Debug|TwinCAT OS (ARMT2).Build.0 = Debug|TwinCAT OS (ARMT2)
		{D0831019-D545-41E9-8C01-EC6F122B8EEF}.Debug|TwinCAT RT (x64).ActiveCfg = Debug|TwinCAT RT (x64)
		{D0831019-D545-41E9-8C01-EC6F122B8EEF}.Debug|TwinCAT RT (x64).Build.0 = Debug|TwinCAT RT (x64)
		{D0831019-D545-41E9-8C01-EC6F122B8EEF}.Debug|TwinCAT RT (x86).ActiveCfg = Debug|TwinCAT RT (x86)
		{D0831019-D545-41E9-8C01-EC6F122B8EEF}.Debug|TwinCAT RT (x86).Build.0 = Debug|TwinCAT RT (x86)
		{D0831019-D545-41E9-8C01-EC6F122B8EEF}.Release|TwinCAT CE7 (ARMV7).ActiveCfg = Release|TwinCAT CE7 (ARMV7)
		{D0831019-D545-41E9-8C01-EC6F122B8EEF}.Release|TwinCAT CE7 (ARMV7).Build.0 = Release|TwinCAT CE7 (ARMV7)
		{D0831019-D545-41E9-8C01-EC6F122B8EEF}.Release|TwinCAT OS (ARMT2).ActiveCfg = Release|TwinCAT OS (ARMT2)
		{D0831019-D545-41E9-8C01-EC6F122B8EEF}.Release|TwinCAT OS (ARMT2).Build.0 = Release|TwinCAT OS (ARMT2)
		{D0831019-D545-41E9-8C01-EC6F122B8EEF}.Release|TwinCAT RT (x64).ActiveCfg = Release|TwinCAT RT (x64)
		{D0831019-D545-41E9-8C01-EC6F122B8EEF}.Release|TwinCAT RT (x64).Build.0 = Release|TwinCAT RT (x64)
		{D0831019-D545-41E9-8C01-EC6F122B8EEF}.Release|TwinCAT RT (x86).ActiveCfg = Release|TwinCAT RT (x86)
		{D0831019-D545-41E9-8C01-EC6F122B8EEF}.Release|TwinCAT RT (x86).Build.0 = Release|TwinCAT RT (x86)
		{D7602FBF-3EF6-4A0D-9487-3CB6396A7006}.Debug|TwinCAT CE7 (ARMV7).ActiveCfg = Debug|TwinCAT CE7 (ARMV7)
		{D7602FBF-3EF6-4A0D-9487-3CB6396A7006}.Debug|TwinCAT CE7 (ARMV7).Build.0 = Debug|TwinCAT CE7 (ARMV7)
		{D7602FBF-3EF6-4A0D-9487-3CB6396A7006}.Debug|TwinCAT OS (ARMT2).ActiveCfg = Debug|TwinCAT OS (ARMT2)
		{D7602FBF-3EF6-4A0D-9487-3CB6396A7006}.Debug|TwinCAT OS (ARMT2).Build.0 = Debug|TwinCAT OS (ARMT2)
		{D7602FBF-3EF6-4A0D-9487-3CB6396A7006}.Debug|TwinCAT RT (x64).ActiveCfg = Debug|TwinCAT RT (x64)
		{D7602FBF-3EF6-4A0D-9487-3CB6396A7006}.Debug|TwinCAT RT (x64).Build.0 = Debug|TwinCAT RT (x64)
		{D7602FBF-3EF6-4A0D-9487-3CB6396A7006}.Debug|TwinCAT RT (x86).ActiveCfg = Debug|TwinCAT RT (x86)
		{D7602FBF-3EF6-4A0D-9487-3CB6396A7006}.Debug|TwinCAT RT (x86).Build.0 = Debug|TwinCAT RT (x86)
		{D7602FBF-3EF6-4A0D-9487-3CB6396A7006}.Release|TwinCAT CE7 (ARMV7).ActiveCfg = Release|TwinCAT CE7 (ARMV7)
		{D7602FBF-3EF6-4A0D-9487-3CB6396A7006}.Release|TwinCAT CE7 (ARMV7).Build.0 = Release|TwinCAT CE7 (ARMV7)
		{D7602FBF-3EF6-4A0D-9487-3CB6396A7006}.Release|TwinCAT OS (ARMT2).ActiveCfg = Release|TwinCAT OS (ARMT2)
		{D7602FBF-3EF6-4A0D-9487-3CB6396A7006}.Release|TwinCAT OS (ARMT2).Build.0 = Release|TwinCAT OS (ARMT2)
		{D7602FBF-3EF6-4A0D-9487-3CB6396A7006}.Release|TwinCAT RT (x64).ActiveCfg = Release|TwinCAT RT (x64)
		{D7602FBF-3EF6-4A0D-9487-3CB6396A7006}.Release|TwinCAT RT (x64).Build.0 = Release|TwinCAT RT (x64)
		{D7602FBF-3EF6-4A0D-9487-3CB6396A7006}.Release|TwinCAT RT (x86).ActiveCfg = Release|TwinCAT RT (x86)
		{D7602FBF-3EF6-4A0D-9487-3CB6396A7006}.Release|TwinCAT RT (x86).Build.0 = Release|TwinCAT RT (x86)
		{F9204DA9-139E-459E-AF5B-FE7E75F168E6}.Debug|TwinCAT CE7 (ARMV7).ActiveCfg = Debug|TwinCAT CE7 (ARMV7)
		{F9204DA9-139E-459E-AF5B-FE7E75F168E6}.Debug|TwinCAT CE7 (ARMV7).Build.0 = Debug|TwinCAT CE7 (ARMV7)
		{F9204DA9-139E-459E-AF5B-FE7E75F168E6}.Debug|TwinCAT OS (ARMT2).ActiveCfg = Debug|TwinCAT OS (ARMT2)
		{F9204DA9-139E-459E-AF5B-FE7E75F168E6}.Debug|TwinCAT OS (ARMT2).Build.0 = Debug|TwinCAT OS (ARMT2)
		{F9204DA9-139E-459E-AF5B-FE7E75F168E6}.Debug|TwinCAT RT (x64).ActiveCfg = Debug|TwinCAT RT (x64)
		{F9204DA9-139E-459E-AF5B-FE7E75F168E6}.Debug|TwinCAT RT (x64).Build.0 = Debug|TwinCAT RT (x64)
		{F9204DA9-139E-459E-AF5B-FE7E75F168E6}.Debug|TwinCAT RT (x86).ActiveCfg = Debug|TwinCAT RT (x86)
		{F9204DA9-139E-459E-AF5B-FE7E75F168E6}.Debug|TwinCAT RT (x86).Build.0 = Debug|TwinCAT RT (x86)
		{F9204DA9-139E-459E-AF5B-FE7E75F168E6}.Release|TwinCAT CE7 (ARMV7).ActiveCfg = Release|TwinCAT CE7 (ARMV7)
		{F9204DA9-139E-459E-AF5B-FE7E75F168E6}.Release|TwinCAT CE7 (ARMV7).Build.0 = Release|TwinCAT CE7 (ARMV7)
		{F9204DA9-139E-459E-AF5B-FE7E75F168E6}.Release|TwinCAT OS (ARMT2).ActiveCfg = Release|TwinCAT OS (ARMT2)
		{F9204DA9-139E-459E-AF5B-FE7E75F168E6}.Release|TwinCAT OS (ARMT2).Build.0 = Release|TwinCAT OS (ARMT2)
		{F9204DA9-139E-459E-AF5B-FE7E75F168E6}.Release|TwinCAT RT (x64).ActiveCfg = Release|TwinCAT RT (x64)
		{F9204DA9-139E-459E-AF5B-FE7E75F168E6}.Release|TwinCAT RT (x64).Build.0 = Release|TwinCAT RT (x64)
		{F9204DA9-139E-459E-AF5B-FE7E75F168E6}.Release|TwinCAT RT (x86).ActiveCfg = Release|TwinCAT RT (x86)
		{F9204DA9-139E-459E-AF5B-FE7E75F168E6}.Release|TwinCAT RT (x86).Build.0 = Release|TwinCAT RT (x86)
		{9521BAFF-CBE5-4C28-A7E6-9C84F670474B}.Debug|TwinCAT CE7 (ARMV7).ActiveCfg = Debug|TwinCAT CE7 (ARMV7)
		{9521BAFF-CBE5-4C28-A7E6-9C84F670474B}.Debug|TwinCAT CE7 (ARMV7).Build.0 = Debug|TwinCAT CE7 (ARMV7)
		{9521BAFF-CBE5-4C28-A7E6-9C84F670474B}.Debug|TwinCAT OS (ARMT2).ActiveCfg = Debug|TwinCAT OS (ARMT2)
		{9521BAFF-CBE5-4C28-A7E6-9C84F670474B}.Debug|TwinCAT OS (ARMT2).Build.0 = Debug|TwinCAT OS (ARMT2)
		{9521BAFF-CBE5-4C28-A7E6-9C84F670474B}.Debug|TwinCAT RT (x64).ActiveCfg = Debug|TwinCAT RT (x64)
		{9521BAFF-CBE5-4C28-A7E6-9C84F670474B}.Debug|TwinCAT RT (x64).Build.0 = Debug|TwinCAT RT (x64)
		{9521BAFF-CBE5-4C28-A7E6-9C84F670474B}.Debug|TwinCAT RT (x86).ActiveCfg = Debug|TwinCAT RT (x86)
		{9521BAFF-CBE5-4C28-A7E6-9C84F670474B}.Debug|TwinCAT RT (x86).Build.0 = Debug|TwinCAT RT (x86)
		{9521BAFF-CBE5-4C28-A7E6-9C84F670474B}.Release|TwinCAT CE7 (ARMV7).ActiveCfg = Release|TwinCAT CE7 (ARMV7)
		{9521BAFF-CBE5-4C28-A7E6-9C84F670474B}.Release|TwinCAT CE7 (ARMV7).Build.0 = Release|TwinCAT CE7 (ARMV7)
		{9521BAFF-CBE5-4C28-A7E6-9C84F670474B}.Release|TwinCAT OS (ARMT2).ActiveCfg = Release|TwinCAT OS (ARMT2)
		{9521BAFF-CBE5-4C28-A7E6-9C84F670474B}.Release|TwinCAT OS (ARMT2).Build.0 = Release|TwinCAT OS (ARMT2)
		{9521BAFF-CBE5-4C28-A7E6-9C84F670474B}.Release|TwinCAT RT (x64).ActiveCfg = Release|TwinCAT RT (x64)
		{9521BAFF-CBE5-4C28-A7E6-9C84F670474B}.Release|TwinCAT RT (x64).Build.0 = Release|TwinCAT RT (x64)
		{9521BAFF-CBE5-4C28-A7E6-9C84F670474B}.Release|TwinCAT RT (x86).ActiveCfg = Release|TwinCAT RT (x86)
		{9521BAFF-CBE5-4C28-A7E6-9C84F670474B}.Release|TwinCAT RT (x86).Build.0 = Release|TwinCAT RT (x86)
		{4D39C2BC-C46F-4BB0-B17A-7CA148C2B2C4}.Debug|TwinCAT CE7 (ARMV7).ActiveCfg = Debug|TwinCAT CE7 (ARMV7)
		{4D39C2BC-C46F-4BB0-B17A-7CA148C2B2C4}.Debug|TwinCAT CE7 (ARMV7).Build.0 = Debug|TwinCAT CE7 (ARMV7)
		{4D39C2BC-C46F-4BB0-B17A-7CA148C2B2C4}.Debug|TwinCAT OS (ARMT2).ActiveCfg = Debug|TwinCAT OS (ARMT2)
		{4D39C2BC-C46F-4BB0-B17A-7CA148C2B2C4}.Debug|TwinCAT OS (ARMT2).Build.0 = Debug|TwinCAT OS (ARMT2)
		{4D39C2BC-C46F-4BB0-B17A-7CA148C2B2C4}.Debug|TwinCAT RT (x64).ActiveCfg = Debug|TwinCAT RT (x64)
		{4D39C2BC-C46F-4BB0-B17A-7CA148C2B2C4}.Debug|TwinCAT RT (x64).Build.0 = Debug|TwinCAT RT (x64)
		{4D39C2BC-C46F-4BB0-B17A-7CA148C2B2C4}.Debug|TwinCAT RT (x86).ActiveCfg = Debug|TwinCAT RT (x86)
		{4D39C2BC-C46F-4BB0-B17A-7CA148C2B2C4}.Debug|TwinCAT RT (x86).Build.0 = Debug|TwinCAT RT (x86)
		{4D39C2BC-C46F-4BB0-B17A-7CA148C2B2C4}.Release|TwinCAT CE7 (ARMV7).ActiveCfg = Release|TwinCAT CE7 (ARMV7)
		{4D39C2BC-C46F-4BB0-B17A-7CA148C2B2C4}.Release|TwinCAT CE7 (ARMV7).Build.0 = Release|TwinCAT CE7 (ARMV7)
		{4D39C2BC-C46F-4BB0-B17A-7CA148C2B2C4}.Release|TwinCAT OS (ARMT2).ActiveCfg = Release|TwinCAT OS (ARMT2)
		{4D39C2BC-C46F-4BB0-B17A-7CA148C2B2C4}.Release|TwinCAT OS (ARMT2).Build.0 = Release|TwinCAT OS (ARMT2)
		{4D39C2BC-C46F-4BB0-B17A-7CA148C2B2C4}.Release|TwinCAT RT (x64).ActiveCfg = Release|TwinCAT RT (x64)
		{4D39C2BC-C46F-4BB0-B17A-7CA148C2B2C4}.Release|TwinCAT RT (x64).Build.0 = Release|TwinCAT RT (x64)
		{4D39C2BC-C46F-4BB0-B17A-7CA148C2B2C4}.Release|TwinCAT RT (x86).ActiveCfg = Release|TwinCAT RT (x86)
		{4D39C2BC-C46F-4BB0-B17A-7CA148C2B2C4}.Release|TwinCAT RT (x86).Build.0 = Release|TwinCAT RT (x86)
		{42FEB995-07A5-471A-B1FF-60EC7774D5AD}.Debug|TwinCAT CE7 (ARMV7).ActiveCfg = Debug|TwinCAT CE7 (ARMV7)
		{42FEB995-07A5-471A-B1FF-60EC7774D5AD}.Debug|TwinCAT CE7 (ARMV7).Build.0 = Debug|TwinCAT CE7 (ARMV7)
		{42FEB995-07A5-471A-B1FF-60EC7774D5AD}.Debug|TwinCAT OS (ARMT2).ActiveCfg = Debug|TwinCAT OS (ARMT2)
		{42FEB995-07A5-471A-B1FF-60EC7774D5AD}.Debug|TwinCAT OS (ARMT2).Build.0 = Debug|TwinCAT OS (ARMT2)
		{42FEB995-07A5-471A-B1FF-60EC7774D5AD}.Debug|TwinCAT RT (x64).ActiveCfg = Debug|TwinCAT RT (x64)
		{42FEB995-07A5-471A-B1FF-60EC7774D5AD}.Debug|TwinCAT RT (x64).Build.0 = Debug|TwinCAT RT (x64)
		{42FEB995-07A5-471A-B1FF-60EC7774D5AD}.Debug|TwinCAT RT (x86).ActiveCfg = Debug|TwinCAT RT (x86)
		{42FEB995-07A5-471A-B1FF-60EC7774D5AD}.Debug|TwinCAT RT (x86).Build.0 = Debug|TwinCAT RT (x86)
		{42FEB995-07A5-471A-B1FF-60EC7774D5AD}.Release|TwinCAT CE7 (ARMV7).ActiveCfg = Release|TwinCAT CE7 (ARMV7)
		{42FEB995-07A5-471A-B1FF-60EC7774D5AD}.Release|TwinCAT CE7 (ARMV7).Build.0 = Release|TwinCAT CE7 (ARMV7)
		{42FEB995-07A5-471A-B1FF-60EC7774D5AD}.Release|TwinCAT OS (ARMT2).ActiveCfg = Release|TwinCAT OS (ARMT2)
		{42FEB995-07A5-471A-B1FF-60EC7774D5AD}.Release|TwinCAT OS (ARMT2).Build.0 = Release|TwinCAT OS (ARMT2)
		{42FEB995-07A5-471A-B1FF-60EC7774D5AD}.Release|TwinCAT RT (x64).ActiveCfg = Release|TwinCAT RT (x64)
		{42FEB995-07A5-471A-B1FF-60EC7774D5AD}.Release|TwinCAT RT (x64).Build.0 = Release|TwinCAT RT (x64)
		{42FEB995-07A5-471A-B1FF-60EC7774D5AD}.Release|TwinCAT RT (x86).ActiveCfg = Release|TwinCAT RT (x86)
		{42FEB995-07A5-471A-B1FF-60EC7774D5AD}.Release|TwinCAT RT (x86).Build.0 = Release|TwinCAT RT (x86)
		{680EB0FF-0E44-4D95-9D6A-B0DCA7744575}.Debug|TwinCAT CE7 (ARMV7).ActiveCfg = Debug|TwinCAT CE7 (ARMV7)
		{680EB0FF-0E44-4D95-9D6A-B0DCA7744575}.Debug|TwinCAT CE7 (ARMV7).Build.0 = Debug|TwinCAT CE7 (ARMV7)
		{680EB0FF-0E44-4D95-9D6A-B0DCA7744575}.Debug|TwinCAT OS (ARMT2).ActiveCfg = Debug|TwinCAT OS (ARMT2)
		{680EB0FF-0E44-4D95-9D6A-B0DCA7744575}.Debug|TwinCAT OS (ARMT2).Build.0 = Debug|TwinCAT OS (ARMT2)
		{680EB0FF-0E44-4D95-9D6A-B0DCA7744575}.Debug|TwinCAT RT (x64).ActiveCfg = Debug|TwinCAT RT (x64)
		{680EB0FF-0E44-4D95-9D6A-B0DCA7744575}.Debug|TwinCAT RT (x64).Build.0 = Debug|TwinCAT RT (x64)
		{680EB0FF-0E44-4D95-9D6A-B0DCA7744575}.Debug|TwinCAT RT (x86).ActiveCfg = Debug|TwinCAT RT (x86)
		{680EB0FF-0E44-4D95-9D6A-B0DCA7744575}.Debug|TwinCAT RT (x86).Build.0 = Debug|TwinCAT RT (x86)
		{680EB0FF-0E44-4D95-9D6A-B0DCA7744575}.Release|TwinCAT CE7 (ARMV7).ActiveCfg = Release|TwinCAT CE7 (ARMV7)
		{680EB0FF-0E44-4D95-9D6A-B0DCA7744575}.Release|TwinCAT CE7 (ARMV7).Build.0 = Release|TwinCAT CE7 (ARMV7)
		{680EB0FF-0E44-4D95-9D6A-B0DCA7744575}.Release|TwinCAT OS (ARMT2).ActiveCfg = Release|TwinCAT OS (ARMT2)
		{680EB0FF-0E44-4D95-9D6A-B0DCA7744575}.Release|TwinCAT OS (ARMT2).Build.0 = Release|TwinCAT OS (ARMT2)
		{680EB0FF-0E44-4D95-9D6A-B0DCA7744575}.Release|TwinCAT RT (x64).ActiveCfg = Release|TwinCAT RT (x64)
		{680EB0FF-0E44-4D95-9D6A-B0DCA7744575}.Release|TwinCAT RT (x64).Build.0 = Release|TwinCAT RT (x64)
		{680EB0FF-0E44-4D95-9D6A-B0DCA7744575}.Release|TwinCAT RT (x86).ActiveCfg = Release|TwinCAT RT (x86)
		{680EB0FF-0E44-4D95-9D6A-B0DCA7744575}.Release|TwinCAT RT (x86).Build.0 = Release|TwinCAT RT (x86)
		{BD18BFC9-AE29-4C26-92F9-10E74900D6D6}.Debug|TwinCAT CE7 (ARMV7).ActiveCfg = Debug|TwinCAT CE7 (ARMV7)
		{BD18BFC9-AE29-4C26-92F9-10E74900D6D6}.Debug|TwinCAT CE7 (ARMV7).Build.0 = Debug|TwinCAT CE7 (ARMV7)
		{BD18BFC9-AE29-4C26-92F9-10E74900D6D6}.Debug|TwinCAT OS (ARMT2).ActiveCfg = Debug|TwinCAT OS (ARMT2)
		{BD18BFC9-AE29-4C26-92F9-10E74900D6D6}.Debug|TwinCAT OS (ARMT2).Build.0 = Debug|TwinCAT OS (ARMT2)
		{BD18BFC9-AE29-4C26-92F9-10E74900D6D6}.Debug|TwinCAT RT (x64).ActiveCfg = Debug|TwinCAT RT (x64)
		{BD18BFC9-AE29-4C26-92F9-10E74900D6D6}.Debug|TwinCAT RT (x64).Build.0 = Debug|TwinCAT RT (x64)
		{BD18BFC9-AE29-4C26-92F9-10E74900D6D6}.Debug|TwinCAT RT (x86).ActiveCfg = Debug|TwinCAT RT (x86)
		{BD18BFC9-AE29-4C26-92F9-10E74900D6D6}.Debug|TwinCAT RT (x86).Build.0 = Debug|TwinCAT RT (x86)
		{BD18BFC9-AE29-4C26-92F9-10E74900D6D6}.Release|TwinCAT CE7 (ARMV7).ActiveCfg = Release|TwinCAT CE7 (ARMV7)
		{BD18BFC9-AE29-4C26-92F9-10E74900D6D6}.Release|TwinCAT CE7 (ARMV7).Build.0 = Release|TwinCAT CE7 (ARMV7)
		{BD18BFC9-AE29-4C26-92F9-10E74900D6D6}.Release|TwinCAT OS (ARMT2).ActiveCfg = Release|TwinCAT OS (ARMT2)
		{BD18BFC9-AE29-4C26-92F9-10E74900D6D6}.Release|TwinCAT OS (ARMT2).Build.0 = Release|TwinCAT OS (ARMT2)
		{BD18BFC9-AE29-4C26-92F9-10E74900D6D6}.Release|TwinCAT RT (x64).ActiveCfg = Release|TwinCAT RT (x64)
		{BD18BFC9-AE29-4C26-92F9-10E74900D6D6}.Release|TwinCAT RT (x64).Build.0 = Release|TwinCAT RT (x64)
		{BD18BFC9-AE29-4C26-92F9-10E74900D6D6}.Release|TwinCAT RT (x86).ActiveCfg = Release|TwinCAT RT (x86)
		{BD18BFC9-AE29-4C26-92F9-10E74900D6D6}.Release|TwinCAT RT (x86).Build.0 = Release|TwinCAT RT (x86)
		{3C7C842C-092A-4FFB-99C0-9236CC90B91D}.Debug|TwinCAT CE7 (ARMV7).ActiveCfg = Debug|TwinCAT CE7 (ARMV7)
		{3C7C842C-092A-4FFB-99C0-9236CC90B91D}.Debug|TwinCAT CE7 (ARMV7).Build.0 = Debug|TwinCAT CE7 (ARMV7)
		{3C7C842C-092A-4FFB-99C0-9236CC90B91D}.Debug|TwinCAT OS (ARMT2).ActiveCfg = Debug|TwinCAT OS (ARMT2)
		{3C7C842C-092A-4FFB-99C0-9236CC90B91D}.Debug|TwinCAT OS (ARMT2).Build.0 = Debug|TwinCAT OS (ARMT2)
		{3C7C842C-092A-4FFB-99C0-9236CC90B91D}.Debug|TwinCAT RT (x64).ActiveCfg = Debug|TwinCAT RT (x64)
		{3C7C842C-092A-4FFB-99C0-9236CC90B91D}.Debug|TwinCAT RT (x64).Build.0 = Debug|TwinCAT RT (x64)
		{3C7C842C-092A-4FFB-99C0-9236CC90B91D}.Debug|TwinCAT RT (x86).ActiveCfg = Debug|TwinCAT RT (x86)
		{3C7C842C-092A-4FFB-99C0-9236CC90B91D}.Debug|TwinCAT RT (x86).Build.0 = Debug|TwinCAT RT (x86)
		{3C7C842C-092A-4FFB-99C0-9236CC90B91D}.Release|TwinCAT CE7 (ARMV7).ActiveCfg = Release|TwinCAT CE7 (ARMV7)
		{3C7C842C-092A-4FFB-99C0-9236CC90B91D}.Release|TwinCAT CE7 (ARMV7).Build.0 = Release|TwinCAT CE7 (ARMV7)
		{3C7C842C-092A-4FFB-99C0-9236CC90B91D}.Release|TwinCAT OS (ARMT2).ActiveCfg = Release|TwinCAT OS (ARMT2)
		{3C7C842C-092A-4FFB-99C0-9236CC90B91D}.Release|TwinCAT OS (ARMT2).Build.0 = Release|TwinCAT OS (ARMT2)
		{3C7C842C-092A-4FFB-99C0-9236CC90B91D}.Release|TwinCAT RT (x64).ActiveCfg = Release|TwinCAT RT (x64)
		{3C7C842C-092A-4FFB-99C0-9236CC90B91D}.Release|TwinCAT RT (x64).Build.0 = Release|TwinCAT RT (x64)
		{3C7C842C-092A-4FFB-99C0-9236CC90B91D}.Release|TwinCAT RT (x86).ActiveCfg = Release|TwinCAT RT (x86)
		{3C7C842C-092A-4FFB-99C0-9236CC90B91D}.Release|TwinCAT RT (x86).Build.0 = Release|TwinCAT RT (x86)
		{22E5DE2A-9DCD-4E41-B2F3-69C3F46EDF37}.Debug|TwinCAT CE7 (ARMV7).ActiveCfg = Debug|TwinCAT CE7 (ARMV7)
		{22E5DE2A-9DCD-4E41-B2F3-69C3F46EDF37}.Debug|TwinCAT CE7 (ARMV7).Build.0 = Debug|TwinCAT CE7 (ARMV7)
		{22E5DE2A-9DCD-4E41-B2F3-69C3F46EDF37}.Debug|TwinCAT OS (ARMT2).ActiveCfg = Debug|TwinCAT OS (ARMT2)
		{22E5DE2A-9DCD-4E41-B2F3-69C3F46EDF37}.Debug|TwinCAT OS (ARMT2).Build.0 = Debug|TwinCAT OS (ARMT2)
		{22E5DE2A-9DCD-4E41-B2F3-69C3F46EDF37}.Debug|TwinCAT RT (x64).ActiveCfg = Debug|TwinCAT RT (x64)
		{22E5DE2A-9DCD-4E41-B2F3-69C3F46EDF37}.Debug|TwinCAT RT (x64).Build.0 = Debug|TwinCAT RT (x64)
		{22E5DE2A-9DCD-4E41-B2F3-69C3F46EDF37}.Debug|TwinCAT RT (x86).ActiveCfg = Debug|TwinCAT RT (x86)
		{22E5DE2A-9DCD-4E41-B2F3-69C3F46EDF37}.Debug|TwinCAT RT (x86).Build.0 = Debug|TwinCAT RT (x86)
		{22E5DE2A-9DCD-4E41-B2F3-69C3F46EDF37}.Release|TwinCAT CE7 (ARMV7).ActiveCfg = Release|TwinCAT CE7 (ARMV7)
		{22E5DE2A-9DCD-4E41-B2F3-69C3F46EDF37}.Release|TwinCAT CE7 (ARMV7).Build.0 = Release|TwinCAT CE7 (ARMV7)
		{22E5DE2A-9DCD-4E41-B2F3-69C3F46EDF37}.Release|TwinCAT OS (ARMT2).ActiveCfg = Release|TwinCAT OS (ARMT2)
		{22E5DE2A-9DCD-4E41-B2F3-69C3F46EDF37}.Release|TwinCAT OS (ARMT2).Build.0 = Release|TwinCAT OS (ARMT2)
		{22E5DE2A-9DCD-4E41-B2F3-69C3F46EDF37}.Release|TwinCAT RT (x64).ActiveCfg = Release|TwinCAT RT (x64)
		{22E5DE2A-9DCD-4E41-B2F3-69C3F46EDF37}.Release|TwinCAT RT (x64).Build.0 = Release|TwinCAT RT (x64)
		{22E5DE2A-9DCD-4E41-B2F3-69C3F46EDF37}.Release|TwinCAT RT (x86).ActiveCfg = Release|TwinCAT RT (x86)
		{22E5DE2A-9DCD-4E41-B2F3-69C3F46EDF37}.Release|TwinCAT RT (x86).Build.0 = Release|TwinCAT RT (x86)
		{F65AE06E-4C2C-4D49-AC00-2714E08D1D8F}.Debug|TwinCAT CE7 (ARMV7).ActiveCfg = Debug|TwinCAT CE7 (ARMV7)
		{F65AE06E-4C2C-4D49-AC00-2714E08D1D8F}.Debug|TwinCAT CE7 (ARMV7).Build.0 = Debug|TwinCAT CE7 (ARMV7)
		{F65AE06E-4C2C-4D49-AC00-2714E08D1D8F}.Debug|TwinCAT OS (ARMT2).ActiveCfg = Debug|TwinCAT OS (ARMT2)
		{F65AE06E-4C2C-4D49-AC00-2714E08D1D8F}.Debug|TwinCAT OS (ARMT2).Build.0 = Debug|TwinCAT OS (ARMT2)
		{F65AE06E-4C2C-4D49-AC00-2714E08D1D8F}.Debug|TwinCAT RT (x64).ActiveCfg = Debug|TwinCAT RT (x64)
		{F65AE06E-4C2C-4D49-AC00-2714E08D1D8F}.Debug|TwinCAT RT (x64).Build.0 = Debug|TwinCAT RT (x64)
		{F65AE06E-4C2C-4D49-AC00-2714E08D1D8F}.Debug|TwinCAT RT (x86).ActiveCfg = Debug|TwinCAT RT (x86)
		{F65AE06E-4C2C-4D49-AC00-2714E08D1D8F}.Debug|TwinCAT RT (x86).Build.0 = Debug|TwinCAT RT (x86)
		{F65AE06E-4C2C-4D49-AC00-2714E08D1D8F}.Release|TwinCAT CE7 (ARMV7).ActiveCfg = Release|TwinCAT CE7 (ARMV7)
		{F65AE06E-4C2C-4D49-AC00-2714E08D1D8F}.Release|TwinCAT CE7 (ARMV7).Build.0 = Release|TwinCAT CE7 (ARMV7)
		{F65AE06E-4C2C-4D49-AC00-2714E08D1D8F}.Release|TwinCAT OS (ARMT2).ActiveCfg = Release|TwinCAT OS (ARMT2)
		{F65AE06E-4C2C-4D49-AC00-2714E08D1D8F}.Release|TwinCAT OS (ARMT2).Build.0 = Release|TwinCAT OS (ARMT2)
		{F65AE06E-4C2C-4D49-AC00-2714E08D1D8F}.Release|TwinCAT RT (x64).ActiveCfg = Release|TwinCAT RT (x64)
		{F65AE06E-4C2C-4D49-AC00-2714E08D1D8F}.Release|TwinCAT RT (x64).Build.0 = Release|TwinCAT RT (x64)
		{F65AE06E-4C2C-4D49-AC00-2714E08D1D8F}.Release|TwinCAT RT (x86).ActiveCfg = Release|TwinCAT RT (x86)
		{F65AE06E-4C2C-4D49-AC00-2714E08D1D8F}.Release|TwinCAT RT (x86).Build.0 = Release|TwinCAT RT (x86)
		{314B3611-756D-4912-A7B6-9F1535BF7C01}.Debug|TwinCAT CE7 (ARMV7).ActiveCfg = Debug|TwinCAT CE7 (ARMV7)
		{314B3611-756D-4912-A7B6-9F1535BF7C01}.Debug|TwinCAT CE7 (ARMV7).Build.0 = Debug|TwinCAT CE7 (ARMV7)
		{314B3611-756D-4912-A7B6-9F1535BF7C01}.Debug|TwinCAT OS (ARMT2).ActiveCfg = Debug|TwinCAT OS (ARMT2)
		{314B3611-756D-4912-A7B6-9F1535BF7C01}.Debug|TwinCAT OS (ARMT2).Build.0 = Debug|TwinCAT OS (ARMT2)
		{314B3611-756D-4912-A7B6-9F1535BF7C01}.Debug|TwinCAT RT (x64).ActiveCfg = Debug|TwinCAT RT (x64)
		{314B3611-756D-4912-A7B6-9F1535BF7C01}.Debug|TwinCAT RT (x64).Build.0 = Debug|TwinCAT RT (x64)
		{314B3611-756D-4912-A7B6-9F1535BF7C01}.Debug|TwinCAT RT (x86).ActiveCfg = Debug|TwinCAT RT (x86)
		{314B3611-756D-4912-A7B6-9F1535BF7C01}.Debug|TwinCAT RT (x86).Build.0 = Debug|TwinCAT RT (x86)
		{314B3611-756D-4912-A7B6-9F1535BF7C01}.Release|TwinCAT CE7 (ARMV7).ActiveCfg = Release|TwinCAT CE7 (ARMV7)
		{314B3611-756D-4912-A7B6-9F1535BF7C01}.Release|TwinCAT CE7 (ARMV7).Build.0 = Release|TwinCAT CE7 (ARMV7)
		{314B3611-756D-4912-A7B6-9F1535BF7C01}.Release|TwinCAT OS (ARMT2).ActiveCfg = Release|TwinCAT OS (ARMT2)
		{314B3611-756D-4912-A7B6-9F1535BF7C01}.Release|TwinCAT OS (ARMT2).Build.0 = Release|TwinCAT OS (ARMT2)
		{314B3611-756D-4912-A7B6-9F1535BF7C01}.Release|TwinCAT RT (x64).ActiveCfg = Release|TwinCAT RT (x64)
		{314B3611-756D-4912-A7B6-9F1535BF7C01}.Release|TwinCAT RT (x64).Build.0 = Release|TwinCAT RT (x64)
		{314B3611-756D-4912-A7B6-9F1535BF7C01}.Release|TwinCAT RT (x86).ActiveCfg = Release|TwinCAT RT (x86)
		{314B3611-756D-4912-A7B6-9F1535BF7C01}.Release|TwinCAT RT (x86).Build.0 = Release|TwinCAT RT (x86)
		{046CFBC5-F450-43BE-B54E-7BDAC29ACA15}.Debug|TwinCAT CE7 (ARMV7).ActiveCfg = Debug|TwinCAT CE7 (ARMV7)
		{046CFBC5-F450-43BE-B54E-7BDAC29ACA15}.Debug|TwinCAT CE7 (ARMV7).Build.0 = Debug|TwinCAT CE7 (ARMV7)
		{046CFBC5-F450-43BE-B54E-7BDAC29ACA15}.Debug|TwinCAT OS (ARMT2).ActiveCfg = Debug|TwinCAT OS (ARMT2)
		{046CFBC5-F450-43BE-B54E-7BDAC29ACA15}.Debug|TwinCAT OS (ARMT2).Build.0 = Debug|TwinCAT OS (ARMT2)
		{046CFBC5-F450-43BE-B54E-7BDAC29ACA15}.Debug|TwinCAT RT (x64).ActiveCfg = Debug|TwinCAT RT (x64)
		{046CFBC5-F450-43BE-B54E-7BDAC29ACA15}.Debug|TwinCAT RT (x64).Build.0 = Debug|TwinCAT RT (x64)
		{046CFBC5-F450-43BE-B54E-7BDAC29ACA15}.Debug|TwinCAT RT (x86).ActiveCfg = Debug|TwinCAT RT (x86)
		{046CFBC5-F450-43BE-B54E-7BDAC29ACA15}.Debug|TwinCAT RT (x86).Build.0 = Debug|TwinCAT RT (x86)
		{046CFBC5-F450-43BE-B54E-7BDAC29ACA15}.Release|TwinCAT CE7 (ARMV7).ActiveCfg = Release|TwinCAT CE7 (ARMV7)
		{046CFBC5-F450-43BE-B54E-7BDAC29ACA15}.Release|TwinCAT CE7 (ARMV7).Build.0 = Release|TwinCAT CE7 (ARMV7)
		{046CFBC5-F450-43BE-B54E-7BDAC29ACA15}.Release|TwinCAT OS (ARMT2).ActiveCfg = Release|TwinCAT OS (ARMT2)
		{046CFBC5-F450-43BE-B54E-7BDAC29ACA15}.Release|TwinCAT OS (ARMT2).Build.0 = Release|TwinCAT OS (ARMT2)
		{046CFBC5-F450-43BE-B54E-7BDAC29ACA15}.Release|TwinCAT RT (x64).ActiveCfg = Release|TwinCAT RT (x64)
		{046CFBC5-F450-43BE-B54E-7BDAC29ACA15}.Release|TwinCAT RT (x64).Build.0 = Release|TwinCAT RT (x64)
		{046CFBC5-F450-43BE-B54E-7BDAC29ACA15}.Release|TwinCAT RT (x86).ActiveCfg = Release|TwinCAT RT (x86)
		{046CFBC5-F450-43BE-B54E-7BDAC29ACA15}.Release|TwinCAT RT (x86).Build.0 = Release|TwinCAT RT (x86)
		{FAB8A26D-7940-451C-9E88-B6E83B1B4B1D}.Debug|TwinCAT CE7 (ARMV7).ActiveCfg = Debug|TwinCAT CE7 (ARMV7)
		{FAB8A26D-7940-451C-9E88-B6E83B1B4B1D}.Debug|TwinCAT CE7 (ARMV7).Build.0 = Debug|TwinCAT CE7 (ARMV7)
		{FAB8A26D-7940-451C-9E88-B6E83B1B4B1D}.Debug|TwinCAT OS (ARMT2).ActiveCfg = Debug|TwinCAT OS (ARMT2)
		{FAB8A26D-7940-451C-9E88-B6E83B1B4B1D}.Debug|TwinCAT OS (ARMT2).Build.0 = Debug|TwinCAT OS (ARMT2)
		{FAB8A26D-7940-451C-9E88-B6E83B1B4B1D}.Debug|TwinCAT RT (x64).ActiveCfg = Debug|TwinCAT RT (x64)
		{FAB8A26D-7940-451C-9E88-B6E83B1B4B1D}.Debug|TwinCAT RT (x64).Build.0 = Debug|TwinCAT RT (x64)
		{FAB8A26D-7940-451C-9E88-B6E83B1B4B1D}.Debug|TwinCAT RT (x86).ActiveCfg = Debug|TwinCAT RT (x86)
		{FAB8A26D-7940-451C-9E88-B6E83B1B4B1D}.Debug|TwinCAT RT (x86).Build.0 = Debug|TwinCAT RT (x86)
		{FAB8A26D-7940-451C-9E88-B6E83B1B4B1D}.Release|TwinCAT CE7 (ARMV7).ActiveCfg = Release|TwinCAT CE7 (ARMV7)
		{FAB8A26D-7940-451C-9E88-B6E83B1B4B1D}.Release|TwinCAT CE7 (ARMV7).Build.0 = Release|TwinCAT CE7 (ARMV7)
		{FAB8A26D-7940-451C-9E88-B6E83B1B4B1D}.Release|TwinCAT OS (ARMT2).ActiveCfg = Release|TwinCAT OS (ARMT2)
		{FAB8A26D-7940-451C-9E88-B6E83B1B4B1D}.Release|TwinCAT OS (ARMT2).Build.0 = Release|TwinCAT OS (ARMT2)
		{FAB8A26D-7940-451C-9E88-B6E83B1B4B1D}.Release|TwinCAT RT (x64).ActiveCfg = Release|TwinCAT RT (x64)
		{FAB8A26D-7940-451C-9E88-B6E83B1B4B1D}.Release|TwinCAT RT (x64).Build.0 = Release|TwinCAT RT (x64)
		{FAB8A26D-7940-451C-9E88-B6E83B1B4B1D}.Release|TwinCAT RT (x86).ActiveCfg = Release|TwinCAT RT (x86)
		{FAB8A26D-7940-451C-9E88-B6E83B1B4B1D}.Release|TwinCAT RT (x86).Build.0 = Release|TwinCAT RT (x86)
		{994C6DE0-EB8F-49D8-8B95-7C6AC545C43E}.Debug|TwinCAT CE7 (ARMV7).ActiveCfg = Debug|TwinCAT CE7 (ARMV7)
		{994C6DE0-EB8F-49D8-8B95-7C6AC545C43E}.Debug|TwinCAT CE7 (ARMV7).Build.0 = Debug|TwinCAT CE7 (ARMV7)
		{994C6DE0-EB8F-49D8-8B95-7C6AC545C43E}.Debug|TwinCAT OS (ARMT2).ActiveCfg = Debug|TwinCAT OS (ARMT2)
		{994C6DE0-EB8F-49D8-8B95-7C6AC545C43E}.Debug|TwinCAT OS (ARMT2).Build.0 = Debug|TwinCAT OS (ARMT2)
		{994C6DE0-EB8F-49D8-8B95-7C6AC545C43E}.Debug|TwinCAT RT (x64).ActiveCfg = Debug|TwinCAT RT (x64)
		{994C6DE0-EB8F-49D8-8B95-7C6AC545C43E}.Debug|TwinCAT RT (x64).Build.0 = Debug|TwinCAT RT (x64)
		{994C6DE0-EB8F-49D8-8B95-7C6AC545C43E}.Debug|TwinCAT RT (x86).ActiveCfg = Debug|TwinCAT RT (x86)
		{994C6DE0-EB8F-49D8-8B95-7C6AC545C43E}.Debug|TwinCAT RT (x86).Build.0 = Debug|TwinCAT RT (x86)
		{994C6DE0-EB8F-49D8-8B95-7C6AC545C43E}.Release|TwinCAT CE7 (ARMV7).ActiveCfg = Release|TwinCAT CE7 (ARMV7)
		{994C6DE0-EB8F-49D8-8B95-7C6AC545C43E}.Release|TwinCAT CE7 (ARMV7).Build.0 = Release|TwinCAT CE7 (ARMV7)
		{994C6DE0-EB8F-49D8-8B95-7C6AC545C43E}.Release|TwinCAT OS (ARMT2).ActiveCfg = Release|TwinCAT OS (ARMT2)
		{994C6DE0-EB8F-49D8-8B95-7C6AC545C43E}.Release|TwinCAT OS (ARMT2).Build.0 = Release|TwinCAT OS (ARMT2)
		{994C6DE0-EB8F-49D8-8B95-7C6AC545C43E}.Release|TwinCAT RT (x64).ActiveCfg = Release|TwinCAT RT (x64)
		{994C6DE0-EB8F-49D8-8B95-7C6AC545C43E}.Release|TwinCAT RT (x64).Build.0 = Release|TwinCAT RT (x64)
		{994C6DE0-EB8F-49D8-8B95-7C6AC545C43E}.Release|TwinCAT RT (x86).ActiveCfg = Release|TwinCAT RT (x86)
		{994C6DE0-EB8F-49D8-8B95-7C6AC545C43E}.Release|TwinCAT RT (x86).Build.0 = Release|TwinCAT RT (x86)
		{870725D4-97C9-4A1B-AE28-0FDB7D2B8123}.Debug|TwinCAT CE7 (ARMV7).ActiveCfg = Debug|TwinCAT CE7 (ARMV7)
		{870725D4-97C9-4A1B-AE28-0FDB7D2B8123}.Debug|TwinCAT CE7 (ARMV7).Build.0 = Debug|TwinCAT CE7 (ARMV7)
		{870725D4-97C9-4A1B-AE28-0FDB7D2B8123}.Debug|TwinCAT OS (ARMT2).ActiveCfg = Debug|TwinCAT OS (ARMT2)
		{870725D4-97C9-4A1B-AE28-0FDB7D2B8123}.Debug|TwinCAT OS (ARMT2).Build.0 = Debug|TwinCAT OS (ARMT2)
		{870725D4-97C9-4A1B-AE28-0FDB7D2B8123}.Debug|TwinCAT RT (x64).ActiveCfg = Debug|TwinCAT RT (x64)
		{870725D4-97C9-4A1B-AE28-0FDB7D2B8123}.Debug|TwinCAT RT (x64).Build.0 = Debug|TwinCAT RT (x64)
		{870725D4-97C9-4A1B-AE28-0FDB7D2B8123}.Debug|TwinCAT RT (x86).ActiveCfg = Debug|TwinCAT RT (x86)
		{870725D4-97C9-4A1B-AE28-0FDB7D2B8123}.Debug|TwinCAT RT (x86).Build.0 = Debug|TwinCAT RT (x86)
		{870725D4-97C9-4A1B-AE28-0FDB7D2B8123}.Release|TwinCAT CE7 (ARMV7).ActiveCfg = Release|TwinCAT CE7 (ARMV7)
		{870725D4-97C9-4A1B-AE28-0FDB7D2B8123}.Release|TwinCAT CE7 (ARMV7).Build.0 = Release|TwinCAT CE7 (ARMV7)
		{870725D4-97C9-4A1B-AE28-0FDB7D2B8123}.Release|TwinCAT OS (ARMT2).ActiveCfg = Release|TwinCAT OS (ARMT2)
		{870725D4-97C9-4A1B-AE28-0FDB7D2B8123}.Release|TwinCAT OS (ARMT2).Build.0 = Release|TwinCAT OS (ARMT2)
		{870725D4-97C9-4A1B-AE28-0FDB7D2B8123}.Release|TwinCAT RT (x64).ActiveCfg = Release|TwinCAT RT (x64)
		{870725D4-97C9-4A1B-AE28-0FDB7D2B8123}.Release|TwinCAT RT (x64).Build.0 = Release|TwinCAT RT (x64)
		{870725D4-97C9-4A1B-AE28-0FDB7D2B8123}.Release|TwinCAT RT (x86).ActiveCfg = Release|TwinCAT RT (x86)
		{870725D4-97C9-4A1B-AE28-0FDB7D2B8123}.Release|TwinCAT RT (x86).Build.0 = Release|TwinCAT RT (x86)
		{71541F2D-335A-4ECB-B038-1A148FED8635}.Debug|TwinCAT CE7 (ARMV7).ActiveCfg = Debug|TwinCAT CE7 (ARMV7)
		{71541F2D-335A-4ECB-B038-1A148FED8635}.Debug|TwinCAT CE7 (ARMV7).Build.0 = Debug|TwinCAT CE7 (ARMV7)
		{71541F2D-335A-4ECB-B038-1A148FED8635}.Debug|TwinCAT OS (ARMT2).ActiveCfg = Debug|TwinCAT OS (ARMT2)
		{71541F2D-335A-4ECB-B038-1A148FED8635}.Debug|TwinCAT OS (ARMT2).Build.0 = Debug|TwinCAT OS (ARMT2)
		{71541F2D-335A-4ECB-B038-1A148FED8635}.Debug|TwinCAT RT (x64).ActiveCfg = Debug|TwinCAT RT (x64)
		{71541F2D-335A-4ECB-B038-1A148FED8635}.Debug|TwinCAT RT (x64).Build.0 = Debug|TwinCAT RT (x64)
		{71541F2D-335A-4ECB-B038-1A148FED8635}.Debug|TwinCAT RT (x86).ActiveCfg = Debug|TwinCAT RT (x86)
		{71541F2D-335A-4ECB-B038-1A148FED8635}.Debug|TwinCAT RT (x86).Build.0 = Debug|TwinCAT RT (x86)
		{71541F2D-335A-4ECB-B038-1A148FED8635}.Release|TwinCAT CE7 (ARMV7).ActiveCfg = Release|TwinCAT CE7 (ARMV7)
		{71541F2D-335A-4ECB-B038-1A148FED8635}.Release|TwinCAT CE7 (ARMV7).Build.0 = Release|TwinCAT CE7 (ARMV7)
		{71541F2D-335A-4ECB-B038-1A148FED8635}.Release|TwinCAT OS (ARMT2).ActiveCfg = Release|TwinCAT OS (ARMT2)
		{71541F2D-335A-4ECB-B038-1A148FED8635}.Release|TwinCAT OS (ARMT2).Build.0 = Release|TwinCAT OS (ARMT2)
		{71541F2D-335A-4ECB-B038-1A148FED8635}.Release|TwinCAT RT (x64).ActiveCfg = Release|TwinCAT RT (x64)
		{71541F2D-335A-4ECB-B038-1A148FED8635}.Release|TwinCAT RT (x64).Build.0 = Release|TwinCAT RT (x64)
		{71541F2D-335A-4ECB-B038-1A148FED8635}.Release|TwinCAT RT (x86).ActiveCfg = Release|TwinCAT RT (x86)
		{71541F2D-335A-4ECB-B038-1A148FED8635}.Release|TwinCAT RT (x86).Build.0 = Release|TwinCAT RT (x86)
		{471DAE33-58DA-4F1A-B632-36321A852FD3}.Debug|TwinCAT CE7 (ARMV7).ActiveCfg = Debug|TwinCAT CE7 (ARMV7)
		{471DAE33-58DA-4F1A-B632-36321A852FD3}.Debug|TwinCAT CE7 (ARMV7).Build.0 = Debug|TwinCAT CE7 (ARMV7)
		{471DAE33-58DA-4F1A-B632-36321A852FD3}.Debug|TwinCAT OS (ARMT2).ActiveCfg = Debug|TwinCAT OS (ARMT2)
		{471DAE33-58DA-4F1A-B632-36321A852FD3}.Debug|TwinCAT OS (ARMT2).Build.0 = Debug|TwinCAT OS (ARMT2)
		{471DAE33-58DA-4F1A-B632-36321A852FD3}.Debug|TwinCAT RT (x64).ActiveCfg = Debug|TwinCAT RT (x64)
		{471DAE33-58DA-4F1A-B632-36321A852FD3}.Debug|TwinCAT RT (x64).Build.0 = Debug|TwinCAT RT (x64)
		{471DAE33-58DA-4F1A-B632-36321A852FD3}.Debug|TwinCAT RT (x86).ActiveCfg = Debug|TwinCAT RT (x86)
		{471DAE33-58DA-4F1A-B632-36321A852FD3}.Debug|TwinCAT RT (x86).Build.0 = Debug|TwinCAT RT (x86)
		{471DAE33-58DA-4F1A-B632-36321A852FD3}.Release|TwinCAT CE7 (ARMV7).ActiveCfg = Release|TwinCAT CE7 (ARMV7)
		{471DAE33-58DA-4F1A-B632-36321A852FD3}.Release|TwinCAT CE7 (ARMV7).Build.0 = Release|TwinCAT CE7 (ARMV7)
		{471DAE33-58DA-4F1A-B632-36321A852FD3}.Release|TwinCAT OS (ARMT2).ActiveCfg = Release|TwinCAT OS (ARMT2)
		{471DAE33-58DA-4F1A-B632-36321A852FD3}.Release|TwinCAT OS (ARMT2).Build.0 = Release|TwinCAT OS (ARMT2)
		{471DAE33-58DA-4F1A-B632-36321A852FD3}.Release|TwinCAT RT (x64).ActiveCfg = Release|TwinCAT RT (x64)
		{471DAE33-58DA-4F1A-B632-36321A852FD3}.Release|TwinCAT RT (x64).Build.0 = Release|TwinCAT RT (x64)
		{471DAE33-58DA-4F1A-B632-36321A852FD3}.Release|TwinCAT RT (x86).ActiveCfg = Release|TwinCAT RT (x86)
		{471DAE33-58DA-4F1A-B632-36321A852FD3}.Release|TwinCAT RT (x86).Build.0 = Release|TwinCAT RT (x86)
		{09A50D1F-4D8D-4513-BED1-26FAA8E79E59}.Debug|TwinCAT CE7 (ARMV7).ActiveCfg = Debug|TwinCAT CE7 (ARMV7)
		{09A50D1F-4D8D-4513-BED1-26FAA8E79E59}.Debug|TwinCAT CE7 (ARMV7).Build.0 = Debug|TwinCAT CE7 (ARMV7)
		{09A50D1F-4D8D-4513-BED1-26FAA8E79E59}.Debug|TwinCAT OS (ARMT2).ActiveCfg = Debug|TwinCAT OS (ARMT2)
		{09A50D1F-4D8D-4513-BED1-26FAA8E79E59}.Debug|TwinCAT OS (ARMT2).Build.0 = Debug|TwinCAT OS (ARMT2)
		{09A50D1F-4D8D-4513-BED1-26FAA8E79E59}.Debug|TwinCAT RT (x64).ActiveCfg = Debug|TwinCAT RT (x64)
		{09A50D1F-4D8D-4513-BED1-26FAA8E79E59}.Debug|TwinCAT RT (x64).Build.0 = Debug|TwinCAT RT (x64)
		{09A50D1F-4D8D-4513-BED1-26FAA8E79E59}.Debug|TwinCAT RT (x86).ActiveCfg = Debug|TwinCAT RT (x86)
		{09A50D1F-4D8D-4513-BED1-26FAA8E79E59}.Debug|TwinCAT RT (x86).Build.0 = Debug|TwinCAT RT (x86)
		{09A50D1F-4D8D-4513-BED1-26FAA8E79E59}.Release|TwinCAT CE7 (ARMV7).ActiveCfg = Release|TwinCAT CE7 (ARMV7)
		{09A50D1F-4D8D-4513-BED1-26FAA8E79E59}.Release|TwinCAT CE7 (ARMV7).Build.0 = Release|TwinCAT CE7 (ARMV7)
		{09A50D1F-4D8D-4513-BED1-26FAA8E79E59}.Release|TwinCAT OS (ARMT2).ActiveCfg = Release|TwinCAT OS (ARMT2)
		{09A50D1F-4D8D-4513-BED1-26FAA8E79E59}.Release|TwinCAT OS (ARMT2).Build.0 = Release|TwinCAT OS (ARMT2)
		{09A50D1F-4D8D-4513-BED1-26FAA8E79E59}.Release|TwinCAT RT (x64).ActiveCfg = Release|TwinCAT RT (x64)
		{09A50D1F-4D8D-4513-BED1-26FAA8E79E59}.Release|TwinCAT RT (x64).Build.0 = Release|TwinCAT RT (x64)
		{09A50D1F-4D8D-4513-BED1-26FAA8E79E59}.Release|TwinCAT RT (x86).ActiveCfg = Release|TwinCAT RT (x86)
		{09A50D1F-4D8D-4513-BED1-26FAA8E79E59}.Release|TwinCAT RT (x86).Build.0 = Release|TwinCAT RT (x86)
		{CD36448F-169C-4C66-8DCA-293D7E4C80C5}.Debug|TwinCAT CE7 (ARMV7).ActiveCfg = Debug|TwinCAT CE7 (ARMV7)
		{CD36448F-169C-4C66-8DCA-293D7E4C80C5}.Debug|TwinCAT CE7 (ARMV7).Build.0 = Debug|TwinCAT CE7 (ARMV7)
		{CD36448F-169C-4C66-8DCA-293D7E4C80C5}.Debug|TwinCAT OS (ARMT2).ActiveCfg = Debug|TwinCAT OS (ARMT2)
		{CD36448F-169C-4C66-8DCA-293D7E4C80C5}.Debug|TwinCAT OS (ARMT2).Build.0 = Debug|TwinCAT OS (ARMT2)
		{CD36448F-169C-4C66-8DCA-293D7E4C80C5}.Debug|TwinCAT RT (x64).ActiveCfg = Debug|TwinCAT RT (x64)
		{CD36448F-169C-4C66-8DCA-293D7E4C80C5}.Debug|TwinCAT RT (x64).Build.0 = Debug|TwinCAT RT (x64)
		{CD36448F-169C-4C66-8DCA-293D7E4C80C5}.Debug|TwinCAT RT (x86).ActiveCfg = Debug|TwinCAT RT (x86)
		{CD36448F-169C-4C66-8DCA-293D7E4C80C5}.Debug|TwinCAT RT (x86).Build.0 = Debug|TwinCAT RT (x86)
		{CD36448F-169C-4C66-8DCA-293D7E4C80C5}.Release|TwinCAT CE7 (ARMV7).ActiveCfg = Release|TwinCAT CE7 (ARMV7)
		{CD36448F-169C-4C66-8DCA-293D7E4C80C5}.Release|TwinCAT CE7 (ARMV7).Build.0 = Release|TwinCAT CE7 (ARMV7)
		{CD36448F-169C-4C66-8DCA-293D7E4C80C5}.Release|TwinCAT OS (ARMT2).ActiveCfg = Release|TwinCAT OS (ARMT2)
		{CD36448F-169C-4C66-8DCA-293D7E4C80C5}.Release|TwinCAT OS (ARMT2).Build.0 = Release|TwinCAT OS (ARMT2)
		{CD36448F-169C-4C66-8DCA-293D7E4C80C5}.Release|TwinCAT RT (x64).ActiveCfg = Release|TwinCAT RT (x64)
		{CD36448F-169C-4C66-8DCA-293D7E4C80C5}.Release|TwinCAT RT (x64).Build.0 = Release|TwinCAT RT (x64)
		{CD36448F-169C-4C66-8DCA-293D7E4C80C5}.Release|TwinCAT RT (x86).ActiveCfg = Release|TwinCAT RT (x86)
		{CD36448F-169C-4C66-8DCA-293D7E4C80C5}.Release|TwinCAT RT (x86).Build.0 = Release|TwinCAT RT (x86)
		{A61D3708-9CBC-4B2B-8402-83588565270C}.Debug|TwinCAT CE7 (ARMV7).ActiveCfg = Debug|TwinCAT CE7 (ARMV7)
		{A61D3708-9CBC-4B2B-8402-83588565270C}.Debug|TwinCAT CE7 (ARMV7).Build.0 = Debug|TwinCAT CE7 (ARMV7)
		{A61D3708-9CBC-4B2B-8402-83588565270C}.Debug|TwinCAT OS (ARMT2).ActiveCfg = Debug|TwinCAT OS (ARMT2)
		{A61D3708-9CBC-4B2B-8402-83588565270C}.Debug|TwinCAT OS (ARMT2).Build.0 = Debug|TwinCAT OS (ARMT2)
		{A61D3708-9CBC-4B2B-8402-83588565270C}.Debug|TwinCAT RT (x64).ActiveCfg = Debug|TwinCAT RT (x64)
		{A61D3708-9CBC-4B2B-8402-83588565270C}.Debug|TwinCAT RT (x64).Build.0 = Debug|TwinCAT RT (x64)
		{A61D3708-9CBC-4B2B-8402-83588565270C}.Debug|TwinCAT RT (x86).ActiveCfg = Debug|TwinCAT RT (x86)
		{A61D3708-9CBC-4B2B-8402-83588565270C}.Debug|TwinCAT RT (x86).Build.0 = Debug|TwinCAT RT (x86)
		{A61D3708-9CBC-4B2B-8402-83588565270C}.Release|TwinCAT CE7 (ARMV7).ActiveCfg = Release|TwinCAT CE7 (ARMV7)
		{A61D3708-9CBC-4B2B-8402-83588565270C}.Release|TwinCAT CE7 (ARMV7).Build.0 = Release|TwinCAT CE7 (ARMV7)
		{A61D3708-9CBC-4B2B-8402-83588565270C}.Release|TwinCAT OS (ARMT2).ActiveCfg = Release|TwinCAT OS (ARMT2)
		{A61D3708-9CBC-4B2B-8402-83588565270C}.Release|TwinCAT OS (ARMT2).Build.0 = Release|TwinCAT OS (ARMT2)
		{A61D3708-9CBC-4B2B-8402-83588565270C}.Release|TwinCAT RT (x64).ActiveCfg = Release|TwinCAT RT (x64)
		{A61D3708-9CBC-4B2B-8402-83588565270C}.Release|TwinCAT RT (x64).Build.0 = Release|TwinCAT RT (x64)
		{A61D3708-9CBC-4B2B-8402-83588565270C}.Release|TwinCAT RT (x86).ActiveCfg = Release|TwinCAT RT (x86)
		{A61D3708-9CBC-4B2B-8402-83588565270C}.Release|TwinCAT RT (x86).Build.0 = Release|TwinCAT RT (x86)
		{295F4A75-4E61-4060-8593-4C841BA11938}.Debug|TwinCAT CE7 (ARMV7).ActiveCfg = Debug|TwinCAT CE7 (ARMV7)
		{295F4A75-4E61-4060-8593-4C841BA11938}.Debug|TwinCAT CE7 (ARMV7).Build.0 = Debug|TwinCAT CE7 (ARMV7)
		{295F4A75-4E61-4060-8593-4C841BA11938}.Debug|TwinCAT OS (ARMT2).ActiveCfg = Debug|TwinCAT OS (ARMT2)
		{295F4A75-4E61-4060-8593-4C841BA11938}.Debug|TwinCAT OS (ARMT2).Build.0 = Debug|TwinCAT OS (ARMT2)
		{295F4A75-4E61-4060-8593-4C841BA11938}.Debug|TwinCAT RT (x64).ActiveCfg = Debug|TwinCAT RT (x64)
		{295F4A75-4E61-4060-8593-4C841BA11938}.Debug|TwinCAT RT (x64).Build.0 = Debug|TwinCAT RT (x64)
		{295F4A75-4E61-4060-8593-4C841BA11938}.Debug|TwinCAT RT (x86).ActiveCfg = Debug|TwinCAT RT (x86)
		{295F4A75-4E61-4060-8593-4C841BA11938}.Debug|TwinCAT RT (x86).Build.0 = Debug|TwinCAT RT (x86)
		{295F4A75-4E61-4060-8593-4C841BA11938}.Release|TwinCAT CE7 (ARMV7).ActiveCfg = Release|TwinCAT CE7 (ARMV7)
		{295F4A75-4E61-4060-8593-4C841BA11938}.Release|TwinCAT CE7 (ARMV7).Build.0 = Release|TwinCAT CE7 (ARMV7)
		{295F4A75-4E61-4060-8593-4C841BA11938}.Release|TwinCAT OS (ARMT2).ActiveCfg = Release|TwinCAT OS (ARMT2)
		{295F4A75-4E61-4060-8593-4C841BA11938}.Release|TwinCAT OS (ARMT2).Build.0 = Release|TwinCAT OS (ARMT2)
		{295F4A75-4E61-4060-8593-4C841BA11938}.Release|TwinCAT RT (x64).ActiveCfg = Release|TwinCAT RT (x64)
		{295F4A75-4E61-4060-8593-4C841BA11938}.Release|TwinCAT RT (x64).Build.0 = Release|TwinCAT RT (x64)
		{295F4A75-4E61-4060-8593-4C841BA11938}.Release|TwinCAT RT (x86).ActiveCfg = Release|TwinCAT RT (x86)
		{295F4A75-4E61-4060-8593-4C841BA11938}.Release|TwinCAT RT (x86).Build.0 = Release|TwinCAT RT (x86)
		{DDB337A9-4DE4-4068-B724-170AF5C974E5}.Debug|TwinCAT CE7 (ARMV7).ActiveCfg = Debug|TwinCAT CE7 (ARMV7)
		{DDB337A9-4DE4-4068-B724-170AF5C974E5}.Debug|TwinCAT CE7 (ARMV7).Build.0 = Debug|TwinCAT CE7 (ARMV7)
		{DDB337A9-4DE4-4068-B724-170AF5C974E5}.Debug|TwinCAT OS (ARMT2).ActiveCfg = Debug|TwinCAT OS (ARMT2)
		{DDB337A9-4DE4-4068-B724-170AF5C974E5}.Debug|TwinCAT OS (ARMT2).Build.0 = Debug|TwinCAT OS (ARMT2)
		{DDB337A9-4DE4-4068-B724-170AF5C974E5}.Debug|TwinCAT RT (x64).ActiveCfg = Debug|TwinCAT RT (x64)
		{DDB337A9-4DE4-4068-B724-170AF5C974E5}.Debug|TwinCAT RT (x64).Build.0 = Debug|TwinCAT RT (x64)
		{DDB337A9-4DE4-4068-B724-170AF5C974E5}.Debug|TwinCAT RT (x86).ActiveCfg = Debug|TwinCAT RT (x86)
		{DDB337A9-4DE4-4068-B724-170AF5C974E5}.Debug|TwinCAT RT (x86).Build.0 = Debug|TwinCAT RT (x86)
		{DDB337A9-4DE4-4068-B724-170AF5C974E5}.Release|TwinCAT CE7 (ARMV7).ActiveCfg = Release|TwinCAT CE7 (ARMV7)
		{DDB337A9-4DE4-4068-B724-170AF5C974E5}.Release|TwinCAT CE7 (ARMV7).Build.0 = Release|TwinCAT CE7 (ARMV7)
		{DDB337A9-4DE4-4068-B724-170AF5C974E5}.Release|TwinCAT OS (ARMT2).ActiveCfg = Release|TwinCAT OS (ARMT2)
		{DDB337A9-4DE4-4068-B724-170AF5C974E5}.Release|TwinCAT OS (ARMT2).Build.0 = Release|TwinCAT OS (ARMT2)
		{DDB337A9-4DE4-4068-B724-170AF5C974E5}.Release|TwinCAT RT (x64).ActiveCfg = Release|TwinCAT RT (x64)
		{DDB337A9-4DE4-4068-B724-170AF5C974E5}.Release|TwinCAT RT (x64).Build.0 = Release|TwinCAT RT (x64)
		{DDB337A9-4DE4-4068-B724-170AF5C974E5}.Release|TwinCAT RT (x86).ActiveCfg = Release|TwinCAT RT (x86)
		{DDB337A9-4DE4-4068-B724-170AF5C974E5}.Release|TwinCAT RT (x86).Build.0 = Release|TwinCAT RT (x86)
		{83CDE4C3-A14A-4135-AE8C-9AAC66A7289C}.Debug|TwinCAT CE7 (ARMV7).ActiveCfg = Debug|TwinCAT CE7 (ARMV7)
		{83CDE4C3-A14A-4135-AE8C-9AAC66A7289C}.Debug|TwinCAT CE7 (ARMV7).Build.0 = Debug|TwinCAT CE7 (ARMV7)
		{83CDE4C3-A14A-4135-AE8C-9AAC66A7289C}.Debug|TwinCAT OS (ARMT2).ActiveCfg = Debug|TwinCAT OS (ARMT2)
		{83CDE4C3-A14A-4135-AE8C-9AAC66A7289C}.Debug|TwinCAT OS (ARMT2).Build.0 = Debug|TwinCAT OS (ARMT2)
		{83CDE4C3-A14A-4135-AE8C-9AAC66A7289C}.Debug|TwinCAT RT (x64).ActiveCfg = Debug|TwinCAT RT (x64)
		{83CDE4C3-A14A-4135-AE8C-9AAC66A7289C}.Debug|TwinCAT RT (x64).Build.0 = Debug|TwinCAT RT (x64)
		{83CDE4C3-A14A-4135-AE8C-9AAC66A7289C}.Debug|TwinCAT RT (x86).ActiveCfg = Debug|TwinCAT RT (x86)
		{83CDE4C3-A14A-4135-AE8C-9AAC66A7289C}.Debug|TwinCAT RT (x86).Build.0 = Debug|TwinCAT RT (x86)
		{83CDE4C3-A14A-4135-AE8C-9AAC66A7289C}.Release|TwinCAT CE7 (ARMV7).ActiveCfg = Release|TwinCAT CE7 (ARMV7)
		{83CDE4C3-A14A-4135-AE8C-9AAC66A7289C}.Release|TwinCAT CE7 (ARMV7).Build.0 = Release|TwinCAT CE7 (ARMV7)
		{83CDE4C3-A14A-4135-AE8C-9AAC66A7289C}.Release|TwinCAT OS (ARMT2).ActiveCfg = Release|TwinCAT OS (ARMT2)
		{83CDE4C3-A14A-4135-AE8C-9AAC66A7289C}.Release|TwinCAT OS (ARMT2).Build.0 = Release|TwinCAT OS (ARMT2)
		{83CDE4C3-A14A-4135-AE8C-9AAC66A7289C}.Release|TwinCAT RT (x64).ActiveCfg = Release|TwinCAT RT (x64)
		{83CDE4C3-A14A-4135-AE8C-9AAC66A7289C}.Release|TwinCAT RT (x64).Build.0 = Release|TwinCAT RT (x64)
		{83CDE4C3-A14A-4135-AE8C-9AAC66A7289C}.Release|TwinCAT RT (x86).ActiveCfg = Release|TwinCAT RT (x86)
		{83CDE4C3-A14A-4135-AE8C-9AAC66A7289C}.Release|TwinCAT RT (x86).Build.0 = Release|TwinCAT RT (x86)
		{D90381A9-7A80-4830-BA0D-961CC2953E3C}.Debug|TwinCAT CE7 (ARMV7).ActiveCfg = Debug|TwinCAT CE7 (ARMV7)
		{D90381A9-7A80-4830-BA0D-961CC2953E3C}.Debug|TwinCAT CE7 (ARMV7).Build.0 = Debug|TwinCAT CE7 (ARMV7)
		{D90381A9-7A80-4830-BA0D-961CC2953E3C}.Debug|TwinCAT OS (ARMT2).ActiveCfg = Debug|TwinCAT OS (ARMT2)
		{D90381A9-7A80-4830-BA0D-961CC2953E3C}.Debug|TwinCAT OS (ARMT2).Build.0 = Debug|TwinCAT OS (ARMT2)
		{D90381A9-7A80-4830-BA0D-961CC2953E3C}.Debug|TwinCAT RT (x64).ActiveCfg = Debug|TwinCAT RT (x64)
		{D90381A9-7A80-4830-BA0D-961CC2953E3C}.Debug|TwinCAT RT (x64).Build.0 = Debug|TwinCAT RT (x64)
		{D90381A9-7A80-4830-BA0D-961CC2953E3C}.Debug|TwinCAT RT (x86).ActiveCfg = Debug|TwinCAT RT (x86)
		{D90381A9-7A80-4830-BA0D-961CC2953E3C}.Debug|TwinCAT RT (x86).Build.0 = Debug|TwinCAT RT (x86)
		{D90381A9-7A80-4830-BA0D-961CC2953E3C}.Release|TwinCAT CE7 (ARMV7).ActiveCfg = Release|TwinCAT CE7 (ARMV7)
		{D90381A9-7A80-4830-BA0D-961CC2953E3C}.Release|TwinCAT CE7 (ARMV7).Build.0 = Release|TwinCAT CE7 (ARMV7)
		{D90381A9-7A80-4830-BA0D-961CC2953E3C}.Release|TwinCAT OS (ARMT2).ActiveCfg = Release|TwinCAT OS (ARMT2)
		{D90381A9-7A80-4830-BA0D-961CC2953E3C}.Release|TwinCAT OS (ARMT2).Build.0 = Release|TwinCAT OS (ARMT2)
		{D90381A9-7A80-4830-BA0D-961CC2953E3C}.Release|TwinCAT RT (x64).ActiveCfg = Release|TwinCAT RT (x64)
		{D90381A9-7A80-4830-BA0D-961CC2953E3C}.Release|TwinCAT RT (x64).Build.0 = Release|TwinCAT RT (x64)
		{D90381A9-7A80-4830-BA0D-961CC2953E3C}.Release|TwinCAT RT (x86).ActiveCfg = Release|TwinCAT RT (x86)
		{D90381A9-7A80-4830-BA0D-961CC2953E3C}.Release|TwinCAT RT (x86).Build.0 = Release|TwinCAT RT (x86)
		{15EC1DD1-1A16-404D-8AC3-FCB424D17F22}.Debug|TwinCAT CE7 (ARMV7).ActiveCfg = Debug|TwinCAT CE7 (ARMV7)
		{15EC1DD1-1A16-404D-8AC3-FCB424D17F22}.Debug|TwinCAT CE7 (ARMV7).Build.0 = Debug|TwinCAT CE7 (ARMV7)
		{15EC1DD1-1A16-404D-8AC3-FCB424D17F22}.Debug|TwinCAT OS (ARMT2).ActiveCfg = Debug|TwinCAT OS (ARMT2)
		{15EC1DD1-1A16-404D-8AC3-FCB424D17F22}.Debug|TwinCAT OS (ARMT2).Build.0 = Debug|TwinCAT OS (ARMT2)
		{15EC1DD1-1A16-404D-8AC3-FCB424D17F22}.Debug|TwinCAT RT (x64).ActiveCfg = Debug|TwinCAT RT (x64)
		{15EC1DD1-1A16-404D-8AC3-FCB424D17F22}.Debug|TwinCAT RT (x64).Build.0 = Debug|TwinCAT RT (x64)
		{15EC1DD1-1A16-404D-8AC3-FCB424D17F22}.Debug|TwinCAT RT (x86).ActiveCfg = Debug|TwinCAT RT (x86)
		{15EC1DD1-1A16-404D-8AC3-FCB424D17F22}.Debug|TwinCAT RT (x86).Build.0 = Debug|TwinCAT RT (x86)
		{15EC1DD1-1A16-404D-8AC3-FCB424D17F22}.Release|TwinCAT CE7 (ARMV7).ActiveCfg = Release|TwinCAT CE7 (ARMV7)
		{15EC1DD1-1A16-404D-8AC3-FCB424D17F22}.Release|TwinCAT CE7 (ARMV7).Build.0 = Release|TwinCAT CE7 (ARMV7)
		{15EC1DD1-1A16-404D-8AC3-FCB424D17F22}.Release|TwinCAT OS (ARMT2).ActiveCfg = Release|TwinCAT OS (ARMT2)
		{15EC1DD1-1A16-404D-8AC3-FCB424D17F22}.Release|TwinCAT OS (ARMT2).Build.0 = Release|TwinCAT OS (ARMT2)
		{15EC1DD1-1A16-404D-8AC3-FCB424D17F22}.Release|TwinCAT RT (x64).ActiveCfg = Release|TwinCAT RT (x64)
		{15EC1DD1-1A16-404D-8AC3-FCB424D17F22}.Release|TwinCAT RT (x64).Build.0 = Release|TwinCAT RT (x64)
		{15EC1DD1-1A16-404D-8AC3-FCB424D17F22}.Release|TwinCAT RT (x86).ActiveCfg = Release|TwinCAT RT (x86)
		{15EC1DD1-1A16-404D-8AC3-FCB424D17F22}.Release|TwinCAT RT (x86).Build.0 = Release|TwinCAT RT (x86)
		{951F6C6E-526F-4F62-BD77-08E95E5AF34C}.Debug|TwinCAT CE7 (ARMV7).ActiveCfg = Debug|TwinCAT CE7 (ARMV7)
		{951F6C6E-526F-4F62-BD77-08E95E5AF34C}.Debug|TwinCAT CE7 (ARMV7).Build.0 = Debug|TwinCAT CE7 (ARMV7)
		{951F6C6E-526F-4F62-BD77-08E95E5AF34C}.Debug|TwinCAT OS (ARMT2).ActiveCfg = Debug|TwinCAT OS (ARMT2)
		{951F6C6E-526F-4F62-BD77-08E95E5AF34C}.Debug|TwinCAT OS (ARMT2).Build.0 = Debug|TwinCAT OS (ARMT2)
		{951F6C6E-526F-4F62-BD77-08E95E5AF34C}.Debug|TwinCAT RT (x64).ActiveCfg = Debug|TwinCAT RT (x64)
		{951F6C6E-526F-4F62-BD77-08E95E5AF34C}.Debug|TwinCAT RT (x64).Build.0 = Debug|TwinCAT RT (x64)
		{951F6C6E-526F-4F62-BD77-08E95E5AF34C}.Debug|TwinCAT RT (x86).ActiveCfg = Debug|TwinCAT RT (x86)
		{951F6C6E-526F-4F62-BD77-08E95E5AF34C}.Debug|TwinCAT RT (x86).Build.0 = Debug|TwinCAT RT (x86)
		{951F6C6E-526F-4F62-BD77-08E95E5AF34C}.Release|TwinCAT CE7 (ARMV7).ActiveCfg = Release|TwinCAT CE7 (ARMV7)
		{951F6C6E-526F-4F62-BD77-08E95E5AF34C}.Release|TwinCAT CE7 (ARMV7).Build.0 = Release|TwinCAT CE7 (ARMV7)
		{951F6C6E-526F-4F62-BD77-08E95E5AF34C}.Release|TwinCAT OS (ARMT2).ActiveCfg = Release|TwinCAT OS (ARMT2)
		{951F6C6E-526F-4F62-BD77-08E95E5AF34C}.Release|TwinCAT OS (ARMT2).Build.0 = Release|TwinCAT OS (ARMT2)
		{951F6C6E-526F-4F62-BD77-08E95E5AF34C}.Release|TwinCAT RT (x64).ActiveCfg = Release|TwinCAT RT (x64)
		{951F6C6E-526F-4F62-BD77-08E95E5AF34C}.Release|TwinCAT RT (x64).Build.0 = Release|TwinCAT RT (x64)
		{951F6C6E-526F-4F62-BD77-08E95E5AF34C}.Release|TwinCAT RT (x86).ActiveCfg = Release|TwinCAT RT (x86)
		{951F6C6E-526F-4F62-BD77-08E95E5AF34C}.Release|TwinCAT RT (x86).Build.0 = Release|TwinCAT RT (x86)
		{57CE0072-D089-4677-90CC-E3676BE3969B}.Debug|TwinCAT CE7 (ARMV7).ActiveCfg = Debug|TwinCAT CE7 (ARMV7)
		{57CE0072-D089-4677-90CC-E3676BE3969B}.Debug|TwinCAT CE7 (ARMV7).Build.0 = Debug|TwinCAT CE7 (ARMV7)
		{57CE0072-D089-4677-90CC-E3676BE3969B}.Debug|TwinCAT OS (ARMT2).ActiveCfg = Debug|TwinCAT OS (ARMT2)
		{57CE0072-D089-4677-90CC-E3676BE3969B}.Debug|TwinCAT OS (ARMT2).Build.0 = Debug|TwinCAT OS (ARMT2)
		{57CE0072-D089-4677-90CC-E3676BE3969B}.Debug|TwinCAT RT (x64).ActiveCfg = Debug|TwinCAT RT (x64)
		{57CE0072-D089-4677-90CC-E3676BE3969B}.Debug|TwinCAT RT (x64).Build.0 = Debug|TwinCAT RT (x64)
		{57CE0072-D089-4677-90CC-E3676BE3969B}.Debug|TwinCAT RT (x86).ActiveCfg = Debug|TwinCAT RT (x86)
		{57CE0072-D089-4677-90CC-E3676BE3969B}.Debug|TwinCAT RT (x86).Build.0 = Debug|TwinCAT RT (x86)
		{57CE0072-D089-4677-90CC-E3676BE3969B}.Release|TwinCAT CE7 (ARMV7).ActiveCfg = Release|TwinCAT CE7 (ARMV7)
		{57CE0072-D089-4677-90CC-E3676BE3969B}.Release|TwinCAT CE7 (ARMV7).Build.0 = Release|TwinCAT CE7 (ARMV7)
		{57CE0072-D089-4677-90CC-E3676BE3969B}.Release|TwinCAT OS (ARMT2).ActiveCfg = Release|TwinCAT OS (ARMT2)
		{57CE0072-D089-4677-90CC-E3676BE3969B}.Release|TwinCAT OS (ARMT2).Build.0 = Release|TwinCAT OS (ARMT2)
		{57CE0072-D089-4677-90CC-E3676BE3969B}.Release|TwinCAT RT (x64).ActiveCfg = Release|TwinCAT RT (x64)
		{57CE0072-D089-4677-90CC-E3676BE3969B}.Release|TwinCAT RT (x64).Build.0 = Release|TwinCAT RT (x64)
		{57CE0072-D089-4677-90CC-E3676BE3969B}.Release|TwinCAT RT (x86).ActiveCfg = Release|TwinCAT RT (x86)
		{57CE0072-D089-4677-90CC-E3676BE3969B}.Release|TwinCAT RT (x86).Build.0 = Release|TwinCAT RT (x86)
		{3A8104D8-6F88-4FF6-B806-9DC3B3597784}.Debug|TwinCAT CE7 (ARMV7).ActiveCfg = Debug|TwinCAT CE7 (ARMV7)
		{3A8104D8-6F88-4FF6-B806-9DC3B3597784}.Debug|TwinCAT CE7 (ARMV7).Build.0 = Debug|TwinCAT CE7 (ARMV7)
		{3A8104D8-6F88-4FF6-B806-9DC3B3597784}.Debug|TwinCAT OS (ARMT2).ActiveCfg = Debug|TwinCAT OS (ARMT2)
		{3A8104D8-6F88-4FF6-B806-9DC3B3597784}.Debug|TwinCAT OS (ARMT2).Build.0 = Debug|TwinCAT OS (ARMT2)
		{3A8104D8-6F88-4FF6-B806-9DC3B3597784}.Debug|TwinCAT RT (x64).ActiveCfg = Debug|TwinCAT RT (x64)
		{3A8104D8-6F88-4FF6-B806-9DC3B3597784}.Debug|TwinCAT RT (x64).Build.0 = Debug|TwinCAT RT (x64)
		{3A8104D8-6F88-4FF6-B806-9DC3B3597784}.Debug|TwinCAT RT (x86).ActiveCfg = Debug|TwinCAT RT (x86)
		{3A8104D8-6F88-4FF6-B806-9DC3B3597784}.Debug|TwinCAT RT (x86).Build.0 = Debug|TwinCAT RT (x86)
		{3A8104D8-6F88-4FF6-B806-9DC3B3597784}.Release|TwinCAT CE7 (ARMV7).ActiveCfg = Release|TwinCAT CE7 (ARMV7)
		{3A8104D8-6F88-4FF6-B806-9DC3B3597784}.Release|TwinCAT CE7 (ARMV7).Build.0 = Release|TwinCAT CE7 (ARMV7)
		{3A8104D8-6F88-4FF6-B806-9DC3B3597784}.Release|TwinCAT OS (ARMT2).ActiveCfg = Release|TwinCAT OS (ARMT2)
		{3A8104D8-6F88-4FF6-B806-9DC3B3597784}.Release|TwinCAT OS (ARMT2).Build.0 = Release|TwinCAT OS (ARMT2)
		{3A8104D8-6F88-4FF6-B806-9DC3B3597784}.Release|TwinCAT RT (x64).ActiveCfg = Release|TwinCAT RT (x64)
		{3A8104D8-6F88-4FF6-B806-9DC3B3597784}.Release|TwinCAT RT (x64).Build.0 = Release|TwinCAT RT (x64)
		{3A8104D8-6F88-4FF6-B806-9DC3B3597784}.Release|TwinCAT RT (x86).ActiveCfg = Release|TwinCAT RT (x86)
		{3A8104D8-6F88-4FF6-B806-9DC3B3597784}.Release|TwinCAT RT (x86).Build.0 = Release|TwinCAT RT (x86)
		{DB1FC518-1A23-4942-BB4A-423F62893A78}.Debug|TwinCAT CE7 (ARMV7).ActiveCfg = Debug|TwinCAT CE7 (ARMV7)
		{DB1FC518-1A23-4942-BB4A-423F62893A78}.Debug|TwinCAT CE7 (ARMV7).Build.0 = Debug|TwinCAT CE7 (ARMV7)
		{DB1FC518-1A23-4942-BB4A-423F62893A78}.Debug|TwinCAT OS (ARMT2).ActiveCfg = Debug|TwinCAT OS (ARMT2)
		{DB1FC518-1A23-4942-BB4A-423F62893A78}.Debug|TwinCAT OS (ARMT2).Build.0 = Debug|TwinCAT OS (ARMT2)
		{DB1FC518-1A23-4942-BB4A-423F62893A78}.Debug|TwinCAT RT (x64).ActiveCfg = Debug|TwinCAT RT (x64)
		{DB1FC518-1A23-4942-BB4A-423F62893A78}.Debug|TwinCAT RT (x64).Build.0 = Debug|TwinCAT RT (x64)
		{DB1FC518-1A23-4942-BB4A-423F62893A78}.Debug|TwinCAT RT (x86).ActiveCfg = Debug|TwinCAT RT (x86)
		{DB1FC518-1A23-4942-BB4A-423F62893A78}.Debug|TwinCAT RT (x86).Build.0 = Debug|TwinCAT RT (x86)
		{DB1FC518-1A23-4942-BB4A-423F62893A78}.Release|TwinCAT CE7 (ARMV7).ActiveCfg = Release|TwinCAT CE7 (ARMV7)
		{DB1FC518-1A23-4942-BB4A-423F62893A78}.Release|TwinCAT CE7 (ARMV7).Build.0 = Release|TwinCAT CE7 (ARMV7)
		{DB1FC518-1A23-4942-BB4A-423F62893A78}.Release|TwinCAT OS (ARMT2).ActiveCfg = Release|TwinCAT OS (ARMT2)
		{DB1FC518-1A23-4942-BB4A-423F62893A78}.Release|TwinCAT OS (ARMT2).Build.0 = Release|TwinCAT OS (ARMT2)
		{DB1FC518-1A23-4942-BB4A-423F62893A78}.Release|TwinCAT RT (x64).ActiveCfg = Release|TwinCAT RT (x64)
		{DB1FC518-1A23-4942-BB4A-423F62893A78}.Release|TwinCAT RT (x64).Build.0 = Release|TwinCAT RT (x64)
		{DB1FC518-1A23-4942-BB4A-423F62893A78}.Release|TwinCAT RT (x86).ActiveCfg = Release|TwinCAT RT (x86)
		{DB1FC518-1A23-4942-BB4A-423F62893A78}.Release|TwinCAT RT (x86).Build.0 = Release|TwinCAT RT (x86)
		{5B1C7ADF-2C16-40FC-85F4-A3649259D7BB}.Debug|TwinCAT CE7 (ARMV7).ActiveCfg = Debug|TwinCAT CE7 (ARMV7)
		{5B1C7ADF-2C16-40FC-85F4-A3649259D7BB}.Debug|TwinCAT CE7 (ARMV7).Build.0 = Debug|TwinCAT CE7 (ARMV7)
		{5B1C7ADF-2C16-40FC-85F4-A3649259D7BB}.Debug|TwinCAT OS (ARMT2).ActiveCfg = Debug|TwinCAT OS (ARMT2)
		{5B1C7ADF-2C16-40FC-85F4-A3649259D7BB}.Debug|TwinCAT OS (ARMT2).Build.0 = Debug|TwinCAT OS (ARMT2)
		{5B1C7ADF-2C16-40FC-85F4-A3649259D7BB}.Debug|TwinCAT RT (x64).ActiveCfg = Debug|TwinCAT RT (x64)
		{5B1C7ADF-2C16-40FC-85F4-A3649259D7BB}.Debug|TwinCAT RT (x64).Build.0 = Debug|TwinCAT RT (x64)
		{5B1C7ADF-2C16-40FC-85F4-A3649259D7BB}.Debug|TwinCAT RT (x86).ActiveCfg = Debug|TwinCAT RT (x86)
		{5B1C7ADF-2C16-40FC-85F4-A3649259D7BB}.Debug|TwinCAT RT (x86).Build.0 = Debug|TwinCAT RT (x86)
		{5B1C7ADF-2C16-40FC-85F4-A3649259D7BB}.Release|TwinCAT CE7 (ARMV7).ActiveCfg = Release|TwinCAT CE7 (ARMV7)
		{5B1C7ADF-2C16-40FC-85F4-A3649259D7BB}.Release|TwinCAT CE7 (ARMV7).Build.0 = Release|TwinCAT CE7 (ARMV7)
		{5B1C7ADF-2C16-40FC-85F4-A3649259D7BB}.Release|TwinCAT OS (ARMT2).ActiveCfg = Release|TwinCAT OS (ARMT2)
		{5B1C7ADF-2C16-40FC-85F4-A3649259D7BB}.Release|TwinCAT OS (ARMT2).Build.0 = Release|TwinCAT OS (ARMT2)
		{5B1C7ADF-2C16-40FC-85F4-A3649259D7BB}.Release|TwinCAT RT (x64).ActiveCfg = Release|TwinCAT RT (x64)
		{5B1C7ADF-2C16-40FC-85F4-A3649259D7BB}.Release|TwinCAT RT (x64).Build.0 = Release|TwinCAT RT (x64)
		{5B1C7ADF-2C16-40FC-85F4-A3649259D7BB}.Release|TwinCAT RT (x86).ActiveCfg = Release|TwinCAT RT (x86)
		{5B1C7ADF-2C16-40FC-85F4-A3649259D7BB}.Release|TwinCAT RT (x86).Build.0 = Release|TwinCAT RT (x86)
		{F219639E-F973-49D9-A160-5CB1C3639D5D}.Debug|TwinCAT CE7 (ARMV7).ActiveCfg = Debug|TwinCAT CE7 (ARMV7)
		{F219639E-F973-49D9-A160-5CB1C3639D5D}.Debug|TwinCAT CE7 (ARMV7).Build.0 = Debug|TwinCAT CE7 (ARMV7)
		{F219639E-F973-49D9-A160-5CB1C3639D5D}.Debug|TwinCAT OS (ARMT2).ActiveCfg = Debug|TwinCAT OS (ARMT2)
		{F219639E-F973-49D9-A160-5CB1C3639D5D}.Debug|TwinCAT OS (ARMT2).Build.0 = Debug|TwinCAT OS (ARMT2)
		{F219639E-F973-49D9-A160-5CB1C3639D5D}.Debug|TwinCAT RT (x64).ActiveCfg = Debug|TwinCAT RT (x64)
		{F219639E-F973-49D9-A160-5CB1C3639D5D}.Debug|TwinCAT RT (x64).Build.0 = Debug|TwinCAT RT (x64)
		{F219639E-F973-49D9-A160-5CB1C3639D5D}.Debug|TwinCAT RT (x86).ActiveCfg = Debug|TwinCAT RT (x86)
		{F219639E-F973-49D9-A160-5CB1C3639D5D}.Debug|TwinCAT RT (x86).Build.0 = Debug|TwinCAT RT (x86)
		{F219639E-F973-49D9-A160-5CB1C3639D5D}.Release|TwinCAT CE7 (ARMV7).ActiveCfg = Release|TwinCAT CE7 (ARMV7)
		{F219639E-F973-49D9-A160-5CB1C3639D5D}.Release|TwinCAT CE7 (ARMV7).Build.0 = Release|TwinCAT CE7 (ARMV7)
		{F219639E-F973-49D9-A160-5CB1C3639D5D}.Release|TwinCAT OS (ARMT2).ActiveCfg = Release|TwinCAT OS (ARMT2)
		{F219639E-F973-49D9-A160-5CB1C3639D5D}.Release|TwinCAT OS (ARMT2).Build.0 = Release|TwinCAT OS (ARMT2)
		{F219639E-F973-49D9-A160-5CB1C3639D5D}.Release|TwinCAT RT (x64).ActiveCfg = Release|TwinCAT RT (x64)
		{F219639E-F973-49D9-A160-5CB1C3639D5D}.Release|TwinCAT RT (x64).Build.0 = Release|TwinCAT RT (x64)
		{F219639E-F973-49D9-A160-5CB1C3639D5D}.Release|TwinCAT RT (x86).ActiveCfg = Release|TwinCAT RT (x86)
		{F219639E-F973-49D9-A160-5CB1C3639D5D}.Release|TwinCAT RT (x86).Build.0 = Release|TwinCAT RT (x86)
		{7087A30B-BEA3-4F55-A86B-F335EF950D29}.Debug|TwinCAT CE7 (ARMV7).ActiveCfg = Debug|TwinCAT CE7 (ARMV7)
		{7087A30B-BEA3-4F55-A86B-F335EF950D29}.Debug|TwinCAT CE7 (ARMV7).Build.0 = Debug|TwinCAT CE7 (ARMV7)
		{7087A30B-BEA3-4F55-A86B-F335EF950D29}.Debug|TwinCAT OS (ARMT2).ActiveCfg = Debug|TwinCAT OS (ARMT2)
		{7087A30B-BEA3-4F55-A86B-F335EF950D29}.Debug|TwinCAT OS (ARMT2).Build.0 = Debug|TwinCAT OS (ARMT2)
		{7087A30B-BEA3-4F55-A86B-F335EF950D29}.Debug|TwinCAT RT (x64).ActiveCfg = Debug|TwinCAT RT (x64)
		{7087A30B-BEA3-4F55-A86B-F335EF950D29}.Debug|TwinCAT RT (x64).Build.0 = Debug|TwinCAT RT (x64)
		{7087A30B-BEA3-4F55-A86B-F335EF950D29}.Debug|TwinCAT RT (x86).ActiveCfg = Debug|TwinCAT RT (x86)
		{7087A30B-BEA3-4F55-A86B-F335EF950D29}.Debug|TwinCAT RT (x86).Build.0 = Debug|TwinCAT RT (x86)
		{7087A30B-BEA3-4F55-A86B-F335EF950D29}.Release|TwinCAT CE7 (ARMV7).ActiveCfg = Release|TwinCAT CE7 (ARMV7)
		{7087A30B-BEA3-4F55-A86B-F335EF950D29}.Release|TwinCAT CE7 (ARMV7).Build.0 = Release|TwinCAT CE7 (ARMV7)
		{7087A30B-BEA3-4F55-A86B-F335EF950D29}.Release|TwinCAT OS (ARMT2).ActiveCfg = Release|TwinCAT OS (ARMT2)
		{7087A30B-BEA3-4F55-A86B-F335EF950D29}.Release|TwinCAT OS (ARMT2).Build.0 = Release|TwinCAT OS (ARMT2)
		{7087A30B-BEA3-4F55-A86B-F335EF950D29}.Release|TwinCAT RT (x64).ActiveCfg = Release|TwinCAT RT (x64)
		{7087A30B-BEA3-4F55-A86B-F335EF950D29}.Release|TwinCAT RT (x64).Build.0 = Release|TwinCAT RT (x64)
		{7087A30B-BEA3-4F55-A86B-F335EF950D29}.Release|TwinCAT RT (x86).ActiveCfg = Release|TwinCAT RT (x86)
		{7087A30B-BEA3-4F55-A86B-F335EF950D29}.Release|TwinCAT RT (x86).Build.0 = Release|TwinCAT RT (x86)
	EndGlobalSection
	GlobalSection(SolutionProperties) = preSolution
		HideSolutionNode = FALSE
	EndGlobalSection
	GlobalSection(ExtensibilityGlobals) = postSolution
		SolutionGuid = {9FF5B618-1AFD-40AD-A87E-03B729854B81}
	EndGlobalSection
EndGlobal
