
Microsoft Visual Studio Solution File, Format Version 12.00
# Visual Studio 15
VisualStudioVersion = 15.0.28307.1062
MinimumVisualStudioVersion = 10.0.40219.1
Project("{B1E792BE-AA5F-4E3C-8C82-674BF9C0715B}") = "TSG Hamburg Amazon NSHV1_2", "TSG Hamburg Amazon NSHV1_2\TSG Hamburg Amazon NSHV1_2.tsproj", "{ED030319-8476-4B7D-A1C2-229EA4DCCE11}"
EndProject
Global
	GlobalSection(SolutionConfigurationPlatforms) = preSolution
		Debug|TwinCAT CE7 (ARMV7) = Debug|TwinCAT CE7 (ARMV7)
		Debug|TwinCAT OS (ARMT2) = Debug|TwinCAT OS (ARMT2)
		Debug|TwinCAT RT (x64) = Debug|TwinCAT RT (x64)
		Debug|TwinCAT RT (x86) = Debug|TwinCAT RT (x86)
		Release|TwinCAT CE7 (ARMV7) = Release|TwinCAT CE7 (ARMV7)
		Release|TwinCAT OS (ARMT2) = Release|TwinCAT OS (ARMT2)
		Release|TwinCAT RT (x64) = Release|TwinCAT RT (x64)
		Release|TwinCAT RT (x86) = Release|TwinCAT RT (x86)
	EndGlobalSection
	GlobalSection(ProjectConfigurationPlatforms) = postSolution
		{ED030319-8476-4B7D-A1C2-229EA4DCCE11}.Debug|TwinCAT CE7 (ARMV7).ActiveCfg = Debug|TwinCAT CE7 (ARMV7)
		{ED030319-8476-4B7D-A1C2-229EA4DCCE11}.Debug|TwinCAT CE7 (ARMV7).Build.0 = Debug|TwinCAT CE7 (ARMV7)
		{ED030319-8476-4B7D-A1C2-229EA4DCCE11}.Debug|TwinCAT OS (ARMT2).ActiveCfg = Debug|TwinCAT OS (ARMT2)
		{ED030319-8476-4B7D-A1C2-229EA4DCCE11}.Debug|TwinCAT OS (ARMT2).Build.0 = Debug|TwinCAT OS (ARMT2)
		{ED030319-8476-4B7D-A1C2-229EA4DCCE11}.Debug|TwinCAT RT (x64).ActiveCfg = Debug|TwinCAT RT (x64)
		{ED030319-8476-4B7D-A1C2-229EA4DCCE11}.Debug|TwinCAT RT (x64).Build.0 = Debug|TwinCAT RT (x64)
		{ED030319-8476-4B7D-A1C2-229EA4DCCE11}.Debug|TwinCAT RT (x86).ActiveCfg = Debug|TwinCAT RT (x86)
		{ED030319-8476-4B7D-A1C2-229EA4DCCE11}.Debug|TwinCAT RT (x86).Build.0 = Debug|TwinCAT RT (x86)
		{ED030319-8476-4B7D-A1C2-229EA4DCCE11}.Release|TwinCAT CE7 (ARMV7).ActiveCfg = Release|TwinCAT CE7 (ARMV7)
		{ED030319-8476-4B7D-A1C2-229EA4DCCE11}.Release|TwinCAT CE7 (ARMV7).Build.0 = Release|TwinCAT CE7 (ARMV7)
		{ED030319-8476-4B7D-A1C2-229EA4DCCE11}.Release|TwinCAT OS (ARMT2).ActiveCfg = Release|TwinCAT OS (ARMT2)
		{ED030319-8476-4B7D-A1C2-229EA4DCCE11}.Release|TwinCAT OS (ARMT2).Build.0 = Release|TwinCAT OS (ARMT2)
		{ED030319-8476-4B7D-A1C2-229EA4DCCE11}.Release|TwinCAT RT (x64).ActiveCfg = Release|TwinCAT RT (x64)
		{ED030319-8476-4B7D-A1C2-229EA4DCCE11}.Release|TwinCAT RT (x64).Build.0 = Release|TwinCAT RT (x64)
		{ED030319-8476-4B7D-A1C2-229EA4DCCE11}.Release|TwinCAT RT (x86).ActiveCfg = Release|TwinCAT RT (x86)
		{ED030319-8476-4B7D-A1C2-229EA4DCCE11}.Release|TwinCAT RT (x86).Build.0 = Release|TwinCAT RT (x86)
		{2078883B-E63D-4187-ADB1-835E1D53A6C9}.Debug|TwinCAT CE7 (ARMV7).ActiveCfg = Debug|TwinCAT CE7 (ARMV7)
		{2078883B-E63D-4187-ADB1-835E1D53A6C9}.Debug|TwinCAT CE7 (ARMV7).Build.0 = Debug|TwinCAT CE7 (ARMV7)
		{2078883B-E63D-4187-ADB1-835E1D53A6C9}.Debug|TwinCAT OS (ARMT2).ActiveCfg = Debug|TwinCAT OS (ARMT2)
		{2078883B-E63D-4187-ADB1-835E1D53A6C9}.Debug|TwinCAT OS (ARMT2).Build.0 = Debug|TwinCAT OS (ARMT2)
		{2078883B-E63D-4187-ADB1-835E1D53A6C9}.Debug|TwinCAT RT (x64).ActiveCfg = Debug|TwinCAT RT (x64)
		{2078883B-E63D-4187-ADB1-835E1D53A6C9}.Debug|TwinCAT RT (x64).Build.0 = Debug|TwinCAT RT (x64)
		{2078883B-E63D-4187-ADB1-835E1D53A6C9}.Debug|TwinCAT RT (x86).ActiveCfg = Debug|TwinCAT RT (x86)
		{2078883B-E63D-4187-ADB1-835E1D53A6C9}.Debug|TwinCAT RT (x86).Build.0 = Debug|TwinCAT RT (x86)
		{2078883B-E63D-4187-ADB1-835E1D53A6C9}.Release|TwinCAT CE7 (ARMV7).ActiveCfg = Release|TwinCAT CE7 (ARMV7)
		{2078883B-E63D-4187-ADB1-835E1D53A6C9}.Release|TwinCAT CE7 (ARMV7).Build.0 = Release|TwinCAT CE7 (ARMV7)
		{2078883B-E63D-4187-ADB1-835E1D53A6C9}.Release|TwinCAT OS (ARMT2).ActiveCfg = Release|TwinCAT OS (ARMT2)
		{2078883B-E63D-4187-ADB1-835E1D53A6C9}.Release|TwinCAT OS (ARMT2).Build.0 = Release|TwinCAT OS (ARMT2)
		{2078883B-E63D-4187-ADB1-835E1D53A6C9}.Release|TwinCAT RT (x64).ActiveCfg = Release|TwinCAT RT (x64)
		{2078883B-E63D-4187-ADB1-835E1D53A6C9}.Release|TwinCAT RT (x64).Build.0 = Release|TwinCAT RT (x64)
		{2078883B-E63D-4187-ADB1-835E1D53A6C9}.Release|TwinCAT RT (x86).ActiveCfg = Release|TwinCAT RT (x86)
		{2078883B-E63D-4187-ADB1-835E1D53A6C9}.Release|TwinCAT RT (x86).Build.0 = Release|TwinCAT RT (x86)
	EndGlobalSection
	GlobalSection(SolutionProperties) = preSolution
		HideSolutionNode = FALSE
	EndGlobalSection
	GlobalSection(ExtensibilityGlobals) = postSolution
		SolutionGuid = {2261E72D-1814-4199-B991-DA7958F59AAB}
	EndGlobalSection
EndGlobal
