
Microsoft Visual Studio Solution File, Format Version 12.00
# TcXaeShell Solution File, Format Version 11.00
VisualStudioVersion = 15.0.33403.129
MinimumVisualStudioVersion = 10.0.40219.1
Project("{B1E792BE-AA5F-4E3C-8C82-674BF9C0715B}") = "5100_1160_Rankgasse_EIOAN010001", "1160_Rankgasse\5100_1160_Rankgasse_EIOAN010001.tsproj", "{EA0668F6-EFC8-4476-925F-C79712BCDF2F}"
EndProject
Project("{DFBE7525-6864-4E62-8B2E-D530D69D9D96}") = "Felber_PLC", "Anker_v2_PLC\Felber_PLC.tspproj", "{49FBCD70-5D08-4FF9-9919-EE9E9CCE2C18}"
EndProject
Project("{B1E792BE-AA5F-4E3C-8C82-674BF9C0715B}") = "5043_1180_Simonygasse_Gentzgasse_EIOAN010004", "5043_1180_Simonygasse_Gentzgasse\5043_1180_Simonygasse_Gentzgasse_EIOAN010004.tsproj", "{5504F14B-03C3-4733-8DC8-E2D16B6B89AE}"
EndProject
Project("{B1E792BE-AA5F-4E3C-8C82-674BF9C0715B}") = "5533_1010_Lerchenfelderstrasse EIOAN010003", "5533_1010_Lerchenfelderstrasse\5533_1010_Lerchenfelderstrasse EIOAN010003.tsproj", "{1A350529-A424-474B-9DE0-B9E2B36BA134}"
EndProject
Project("{B1E792BE-AA5F-4E3C-8C82-674BF9C0715B}") = "5272_1010_Bellaria PassageU2 Volkstheat_EIOAN010002", "5272_1010_Bellaria PassageU2 Volkstheat\5272_1010_Bellaria PassageU2 Volkstheat_EIOAN010002.tsproj", "{13FEC184-8F24-485D-9D35-E35B5346B2B9}"
EndProject
Project("{B1E792BE-AA5F-4E3C-8C82-674BF9C0715B}") = "5083_1130_Elisabethallee_EIOAN010005", "5083_1130_Elisabethallee\5083_1130_Elisabethallee_EIOAN010005.tsproj", "{9252ECE8-CC79-4D54-A77B-9912C2125EA4}"
EndProject
Project("{B1E792BE-AA5F-4E3C-8C82-674BF9C0715B}") = "5507_1220_U2 Station Hardeggasse_EIOAN010025", "5507_1220_U2 Station Hardeggasse_EIOAN0100\5507_1220_U2 Station Hardeggasse_EIOAN010025.tsproj", "{F3465A5C-9E9D-4CC2-AE6A-4A10BAD77E61}"
EndProject
Project("{B1E792BE-AA5F-4E3C-8C82-674BF9C0715B}") = "5198_1140_Hütteldorf BHF_EIOAN010029", "5198_1140_Hütteldorf BHF_EIOAN0100\5198_1140_Hütteldorf BHF_EIOAN010029.tsproj", "{72365759-5E84-4BC7-B037-2F2CE945FD31}"
EndProject
Project("{B1E792BE-AA5F-4E3C-8C82-674BF9C0715B}") = "5371_1140_Hütteldorferstraße 106_EIOAN010034", "5371_1140_Hütteldorferstraße 106_EIOAN0100\5371_1140_Hütteldorferstraße 106_EIOAN010034.tsproj", "{ADAC5E6B-714B-42B7-A4B4-1C9D6F816795}"
EndProject
Project("{B1E792BE-AA5F-4E3C-8C82-674BF9C0715B}") = "5261_1120_Meidlinger Hauptstraße 77-79_EIOAN010009", "5261_1120_Meidlinger Hauptstraße 77-79_EIOAN0100\5261_1120_Meidlinger Hauptstraße 77-79_EIOAN010009.tsproj", "{6F6912A6-B725-4A3D-A90F-91D54670A720}"
EndProject
Project("{B1E792BE-AA5F-4E3C-8C82-674BF9C0715B}") = "5520_1100_Wienerbergstrasse_EIOAN010028", "5520_1100_Wienerbergstrasse_EIOAN0100\5520_1100_Wienerbergstrasse_EIOAN010028.tsproj", "{DBEEB246-B972-4903-ACA3-F1F8DFD36AA0}"
EndProject
Project("{B1E792BE-AA5F-4E3C-8C82-674BF9C0715B}") = "5263_1150_Lugner City_EIOAN010020", "5263_1150_Lugner City_EIOAN0100\5263_1150_Lugner City_EIOAN010020.tsproj", "{49DDB28E-764A-439E-AE9A-4BEB1E824168}"
EndProject
Project("{B1E792BE-AA5F-4E3C-8C82-674BF9C0715B}") = "5265_1150_Bahnhofcity Wien West_EIOAN010018", "5265_1150_Bahnhofcity Wien West_EIOAN0100\5265_1150_Bahnhofcity Wien West_EIOAN010018.tsproj", "{2EBD3A48-A6A2-4E80-987B-DB081E9FD7B2}"
EndProject
Project("{B1E792BE-AA5F-4E3C-8C82-674BF9C0715B}") = "5001_1010_Renngasse_EIOAN010019", "5001_1010_Renngasse_EIOAN0100\5001_1010_Renngasse_EIOAN010019.tsproj", "{33D93F3D-3427-45B5-8538-275060A1F130}"
EndProject
Project("{B1E792BE-AA5F-4E3C-8C82-674BF9C0715B}") = "5018_1060_Mariahilferstraße 91_EIOAN010033", "5018_1060_Mariahilferstraße 91_EIOAN0100\5018_1060_Mariahilferstraße 91_EIOAN010033.tsproj", "{8A60B2AE-B621-435B-9208-2CFE1468E103}"
EndProject
Project("{B1E792BE-AA5F-4E3C-8C82-674BF9C0715B}") = "5044_1090_Garnisongasse_EIOAN010006", "5044_1090_Garnisongasse_EIOAN0100\5044_1090_Garnisongasse_EIOAN010006.tsproj", "{AE40ACEB-A8A3-4155-900E-C542C6F09520}"
EndProject
Project("{B1E792BE-AA5F-4E3C-8C82-674BF9C0715B}") = "5054_1100_Absberggasse_EIOAN010030", "5054_1100_Absberggasse_EIOAN0100\5054_1100_Absberggasse_EIOAN010030.tsproj", "{4036CFAA-EDAA-4A2F-870B-DBBA501EFE2B}"
EndProject
Project("{B1E792BE-AA5F-4E3C-8C82-674BF9C0715B}") = "5057_1100_Keplerplatz_EIOAN010011", "5057_1100_Keplerplatz_EIOAN0100\5057_1100_Keplerplatz_EIOAN010011.tsproj", "{F8C064DD-7AF9-4445-9208-A304B509A41E}"
EndProject
Project("{B1E792BE-AA5F-4E3C-8C82-674BF9C0715B}") = "5128_1210_Jedleseerstraße_EIOAN010022", "5128_1210_Jedleseerstraße_EIOAN0100\5128_1210_Jedleseerstraße_EIOAN010022.tsproj", "{5481BCBD-ED5C-4A49-9C21-6C84199CD837}"
EndProject
Project("{B1E792BE-AA5F-4E3C-8C82-674BF9C0715B}") = "5167_1140_Hütteldorferstraße 160_EIOAN0100", "5167_1140_Hütteldorferstraße 160_EIOAN0100\5167_1140_Hütteldorferstraße 160_EIOAN0100.tsproj", "{17EEB606-2C76-4FCD-A02D-D17D3684D445}"
EndProject
Project("{B1E792BE-AA5F-4E3C-8C82-674BF9C0715B}") = "5177_1200_Handelskai ÖBB_EIOAN010032", "5177_1200_Handelskai ÖBB_EIOAN0100\5177_1200_Handelskai ÖBB_EIOAN010032.tsproj", "{67C80283-9CB9-4D2C-9441-6FB9CC519FBC}"
EndProject
Project("{B1E792BE-AA5F-4E3C-8C82-674BF9C0715B}") = "5182_1010_Wollzeile_EIOAN010024", "5182_1010_Wollzeile_EIOAN0100\5182_1010_Wollzeile_EIOAN010024.tsproj", "{9BB75FDE-65CD-4FC3-AD8B-87F53A5CB074}"
EndProject
Project("{B1E792BE-AA5F-4E3C-8C82-674BF9C0715B}") = "5185_1030_Rochusmarkt_EIOAN010007", "5185_1030_Rochusmarkt_EIOAN0100\5185_1030_Rochusmarkt_EIOAN010007.tsproj", "{670C055C-B3B0-4A25-BF74-427FBD047CC9}"
EndProject
Project("{B1E792BE-AA5F-4E3C-8C82-674BF9C0715B}") = "5201_1060_Mariahilferstraße 1_EIOAN010015", "5201_1060_Mariahilferstraße 1_EIOAN0100\5201_1060_Mariahilferstraße 1_EIOAN010015.tsproj", "{938DA973-926C-4FA6-9B23-DF0767EEDEA3}"
EndProject
Project("{B1E792BE-AA5F-4E3C-8C82-674BF9C0715B}") = "5227_1200_Traisengasse ÖBB_EIOAN010010", "5227_1200_Traisengasse ÖBB_EIOAN0100\5227_1200_Traisengasse ÖBB_EIOAN010010.tsproj", "{2FFE99D2-BC99-42D5-843B-B1BA9FB28899}"
EndProject
Project("{B1E792BE-AA5F-4E3C-8C82-674BF9C0715B}") = "5264_1100_Am Hauptbahnhof_EIOAN0100", "5264_1100_Am Hauptbahnhof_EIOAN0100\5264_1100_Am Hauptbahnhof_EIOAN0100.tsproj", "{1C66C61D-9CA2-4E95-99E7-AB7B5BCAA7ED}"
EndProject
Project("{B1E792BE-AA5F-4E3C-8C82-674BF9C0715B}") = "5268_1160_Wilhelminen-Spital_EIOAN010021", "5268_1160_Wilhelminen-Spital_EIOAN0100\5268_1160_Wilhelminen-Spital_EIOAN010021.tsproj", "{4DAA121E-5F85-4CCD-9C25-29F61E9446E2}"
EndProject
Project("{B1E792BE-AA5F-4E3C-8C82-674BF9C0715B}") = "5274_1090_Währinger Gürtel AKH_EIOAN010014", "5274_1090_Währinger Gürtel AKH_EIOAN0100\5274_1090_Währinger Gürtel AKH_EIOAN010014.tsproj", "{01E0FD0C-A55D-4A8A-BDB4-C6672104EF4E}"
EndProject
Project("{B1E792BE-AA5F-4E3C-8C82-674BF9C0715B}") = "5315_1210_Floridsdorf BHF_EIOAN010027", "5315_1210_Floridsdorf BHF_EIOAN0100\5315_1210_Floridsdorf BHF_EIOAN010027.tsproj", "{0038E6CC-B1F5-43FD-82AB-0D8074D82937}"
EndProject
Project("{B1E792BE-AA5F-4E3C-8C82-674BF9C0715B}") = "5502_1030_Erdbergstraße_EIOAN010023", "5502_1030_Erdbergstraße_EIOAN0100\5502_1030_Erdbergstraße_EIOAN010023.tsproj", "{149478A7-8081-46A5-8D4A-3BE00872899D}"
EndProject
Project("{B1E792BE-AA5F-4E3C-8C82-674BF9C0715B}") = "5505_1020_WehlistraßeDonaumarina_EIOAN010031", "5505_1020_Wehlistraße_EIOAN0100\5505_1020_WehlistraßeDonaumarina_EIOAN010031.tsproj", "{704E28BA-CB82-4F03-8461-DCA264D2393B}"
EndProject
Project("{B1E792BE-AA5F-4E3C-8C82-674BF9C0715B}") = "5523_1190_Heiligenstadt BHF_EIOAN010008", "5523_1190_Heiligenstadt BHF_EIOAN0100\5523_1190_Heiligenstadt BHF_EIOAN010008.tsproj", "{DA386F90-FBD9-4869-A900-44A769439CB9}"
EndProject
Project("{B1E792BE-AA5F-4E3C-8C82-674BF9C0715B}") = "5525_1030_Landstraßer Hauptstraße 146_EIOAN010012", "5525_1030_Landstraßer Hauptstraße 146_EIOAN0100\5525_1030_Landstraßer Hauptstraße 146_EIOAN010012.tsproj", "{38581805-55D0-4ABD-B7BE-489F402654BB}"
EndProject
Project("{B1E792BE-AA5F-4E3C-8C82-674BF9C0715B}") = "5528_1030_Würtzlerstraße_EIOAN010035", "5528_1030_Würtzlerstraße_EIOAN0100\5528_1030_Würtzlerstraße_EIOAN010035.tsproj", "{A35D4FA3-30C1-4166-AC20-CD271F1DB17C}"
EndProject
Project("{B1E792BE-AA5F-4E3C-8C82-674BF9C0715B}") = "5531_1020_Praterstern Bahnhof_EIOAN010017", "5531_1020_Praterstern Bahnhof_EIOAN0100\5531_1020_Praterstern Bahnhof_EIOAN010017.tsproj", "{571E5207-2233-49F2-AA92-10703C076C29}"
EndProject
Project("{B1E792BE-AA5F-4E3C-8C82-674BF9C0715B}") = "5537_1020_Olympiaplatz_EIOAN010016", "5537_1020_Olympiaplatz_EIOAN0100\5537_1020_Olympiaplatz_EIOAN010016.tsproj", "{69812633-BD50-47DF-AA33-51EE4EECB100}"
EndProject
Project("{B1E792BE-AA5F-4E3C-8C82-674BF9C0715B}") = "1040_Margaretenstraße_Felber0001_Marg", "5605_1110_Guglgasse_Gasometer_EIOAN010026\1040_Margaretenstraße_Felber0001_Marg.tsproj", "{12D724F6-F2DF-4EB1-A335-BEE087257490}"
EndProject
Project("{B1E792BE-AA5F-4E3C-8C82-674BF9C0715B}") = "5005_1010_Schwedenplatz_EIOAN010013", "5531_1010_Schwedenplatz_EIOAN010013\5005_1010_Schwedenplatz_EIOAN010013.tsproj", "{638A7240-4458-4086-ACC9-D7E79D492F0B}"
EndProject
Global
	GlobalSection(SolutionConfigurationPlatforms) = preSolution
		Debug|TwinCAT CE7 (ARMV7) = Debug|TwinCAT CE7 (ARMV7)
		Debug|TwinCAT OS (ARMT2) = Debug|TwinCAT OS (ARMT2)
		Debug|TwinCAT RT (x64) = Debug|TwinCAT RT (x64)
		Debug|TwinCAT RT (x86) = Debug|TwinCAT RT (x86)
		Release|TwinCAT CE7 (ARMV7) = Release|TwinCAT CE7 (ARMV7)
		Release|TwinCAT OS (ARMT2) = Release|TwinCAT OS (ARMT2)
		Release|TwinCAT RT (x64) = Release|TwinCAT RT (x64)
		Release|TwinCAT RT (x86) = Release|TwinCAT RT (x86)
	EndGlobalSection
	GlobalSection(ProjectConfigurationPlatforms) = postSolution
		{EA0668F6-EFC8-4476-925F-C79712BCDF2F}.Debug|TwinCAT CE7 (ARMV7).ActiveCfg = Debug|TwinCAT CE7 (ARMV7)
		{EA0668F6-EFC8-4476-925F-C79712BCDF2F}.Debug|TwinCAT CE7 (ARMV7).Build.0 = Debug|TwinCAT CE7 (ARMV7)
		{EA0668F6-EFC8-4476-925F-C79712BCDF2F}.Debug|TwinCAT OS (ARMT2).ActiveCfg = Debug|TwinCAT OS (ARMT2)
		{EA0668F6-EFC8-4476-925F-C79712BCDF2F}.Debug|TwinCAT OS (ARMT2).Build.0 = Debug|TwinCAT OS (ARMT2)
		{EA0668F6-EFC8-4476-925F-C79712BCDF2F}.Debug|TwinCAT RT (x64).ActiveCfg = Debug|TwinCAT RT (x64)
		{EA0668F6-EFC8-4476-925F-C79712BCDF2F}.Debug|TwinCAT RT (x64).Build.0 = Debug|TwinCAT RT (x64)
		{EA0668F6-EFC8-4476-925F-C79712BCDF2F}.Debug|TwinCAT RT (x86).ActiveCfg = Debug|TwinCAT RT (x86)
		{EA0668F6-EFC8-4476-925F-C79712BCDF2F}.Debug|TwinCAT RT (x86).Build.0 = Debug|TwinCAT RT (x86)
		{EA0668F6-EFC8-4476-925F-C79712BCDF2F}.Release|TwinCAT CE7 (ARMV7).ActiveCfg = Release|TwinCAT CE7 (ARMV7)
		{EA0668F6-EFC8-4476-925F-C79712BCDF2F}.Release|TwinCAT CE7 (ARMV7).Build.0 = Release|TwinCAT CE7 (ARMV7)
		{EA0668F6-EFC8-4476-925F-C79712BCDF2F}.Release|TwinCAT OS (ARMT2).ActiveCfg = Release|TwinCAT OS (ARMT2)
		{EA0668F6-EFC8-4476-925F-C79712BCDF2F}.Release|TwinCAT OS (ARMT2).Build.0 = Release|TwinCAT OS (ARMT2)
		{EA0668F6-EFC8-4476-925F-C79712BCDF2F}.Release|TwinCAT RT (x64).ActiveCfg = Release|TwinCAT RT (x64)
		{EA0668F6-EFC8-4476-925F-C79712BCDF2F}.Release|TwinCAT RT (x64).Build.0 = Release|TwinCAT RT (x64)
		{EA0668F6-EFC8-4476-925F-C79712BCDF2F}.Release|TwinCAT RT (x86).ActiveCfg = Release|TwinCAT RT (x86)
		{EA0668F6-EFC8-4476-925F-C79712BCDF2F}.Release|TwinCAT RT (x86).Build.0 = Release|TwinCAT RT (x86)
		{49FBCD70-5D08-4FF9-9919-EE9E9CCE2C18}.Debug|TwinCAT CE7 (ARMV7).ActiveCfg = Debug|TwinCAT CE7 (ARMV7)
		{49FBCD70-5D08-4FF9-9919-EE9E9CCE2C18}.Debug|TwinCAT CE7 (ARMV7).Build.0 = Debug|TwinCAT CE7 (ARMV7)
		{49FBCD70-5D08-4FF9-9919-EE9E9CCE2C18}.Debug|TwinCAT OS (ARMT2).ActiveCfg = Debug|TwinCAT OS (ARMT2)
		{49FBCD70-5D08-4FF9-9919-EE9E9CCE2C18}.Debug|TwinCAT OS (ARMT2).Build.0 = Debug|TwinCAT OS (ARMT2)
		{49FBCD70-5D08-4FF9-9919-EE9E9CCE2C18}.Debug|TwinCAT RT (x64).ActiveCfg = Debug|TwinCAT RT (x64)
		{49FBCD70-5D08-4FF9-9919-EE9E9CCE2C18}.Debug|TwinCAT RT (x64).Build.0 = Debug|TwinCAT RT (x64)
		{49FBCD70-5D08-4FF9-9919-EE9E9CCE2C18}.Debug|TwinCAT RT (x86).ActiveCfg = Debug|TwinCAT RT (x86)
		{49FBCD70-5D08-4FF9-9919-EE9E9CCE2C18}.Debug|TwinCAT RT (x86).Build.0 = Debug|TwinCAT RT (x86)
		{49FBCD70-5D08-4FF9-9919-EE9E9CCE2C18}.Release|TwinCAT CE7 (ARMV7).ActiveCfg = Release|TwinCAT CE7 (ARMV7)
		{49FBCD70-5D08-4FF9-9919-EE9E9CCE2C18}.Release|TwinCAT CE7 (ARMV7).Build.0 = Release|TwinCAT CE7 (ARMV7)
		{49FBCD70-5D08-4FF9-9919-EE9E9CCE2C18}.Release|TwinCAT OS (ARMT2).ActiveCfg = Release|TwinCAT OS (ARMT2)
		{49FBCD70-5D08-4FF9-9919-EE9E9CCE2C18}.Release|TwinCAT OS (ARMT2).Build.0 = Release|TwinCAT OS (ARMT2)
		{49FBCD70-5D08-4FF9-9919-EE9E9CCE2C18}.Release|TwinCAT RT (x64).ActiveCfg = Release|TwinCAT RT (x64)
		{49FBCD70-5D08-4FF9-9919-EE9E9CCE2C18}.Release|TwinCAT RT (x64).Build.0 = Release|TwinCAT RT (x64)
		{49FBCD70-5D08-4FF9-9919-EE9E9CCE2C18}.Release|TwinCAT RT (x86).ActiveCfg = Release|TwinCAT RT (x86)
		{49FBCD70-5D08-4FF9-9919-EE9E9CCE2C18}.Release|TwinCAT RT (x86).Build.0 = Release|TwinCAT RT (x86)
		{5504F14B-03C3-4733-8DC8-E2D16B6B89AE}.Debug|TwinCAT CE7 (ARMV7).ActiveCfg = Debug|TwinCAT CE7 (ARMV7)
		{5504F14B-03C3-4733-8DC8-E2D16B6B89AE}.Debug|TwinCAT CE7 (ARMV7).Build.0 = Debug|TwinCAT CE7 (ARMV7)
		{5504F14B-03C3-4733-8DC8-E2D16B6B89AE}.Debug|TwinCAT OS (ARMT2).ActiveCfg = Debug|TwinCAT OS (ARMT2)
		{5504F14B-03C3-4733-8DC8-E2D16B6B89AE}.Debug|TwinCAT OS (ARMT2).Build.0 = Debug|TwinCAT OS (ARMT2)
		{5504F14B-03C3-4733-8DC8-E2D16B6B89AE}.Debug|TwinCAT RT (x64).ActiveCfg = Debug|TwinCAT RT (x64)
		{5504F14B-03C3-4733-8DC8-E2D16B6B89AE}.Debug|TwinCAT RT (x64).Build.0 = Debug|TwinCAT RT (x64)
		{5504F14B-03C3-4733-8DC8-E2D16B6B89AE}.Debug|TwinCAT RT (x86).ActiveCfg = Debug|TwinCAT RT (x86)
		{5504F14B-03C3-4733-8DC8-E2D16B6B89AE}.Debug|TwinCAT RT (x86).Build.0 = Debug|TwinCAT RT (x86)
		{5504F14B-03C3-4733-8DC8-E2D16B6B89AE}.Release|TwinCAT CE7 (ARMV7).ActiveCfg = Release|TwinCAT CE7 (ARMV7)
		{5504F14B-03C3-4733-8DC8-E2D16B6B89AE}.Release|TwinCAT CE7 (ARMV7).Build.0 = Release|TwinCAT CE7 (ARMV7)
		{5504F14B-03C3-4733-8DC8-E2D16B6B89AE}.Release|TwinCAT OS (ARMT2).ActiveCfg = Release|TwinCAT OS (ARMT2)
		{5504F14B-03C3-4733-8DC8-E2D16B6B89AE}.Release|TwinCAT OS (ARMT2).Build.0 = Release|TwinCAT OS (ARMT2)
		{5504F14B-03C3-4733-8DC8-E2D16B6B89AE}.Release|TwinCAT RT (x64).ActiveCfg = Release|TwinCAT RT (x64)
		{5504F14B-03C3-4733-8DC8-E2D16B6B89AE}.Release|TwinCAT RT (x64).Build.0 = Release|TwinCAT RT (x64)
		{5504F14B-03C3-4733-8DC8-E2D16B6B89AE}.Release|TwinCAT RT (x86).ActiveCfg = Release|TwinCAT RT (x86)
		{5504F14B-03C3-4733-8DC8-E2D16B6B89AE}.Release|TwinCAT RT (x86).Build.0 = Release|TwinCAT RT (x86)
		{1A350529-A424-474B-9DE0-B9E2B36BA134}.Debug|TwinCAT CE7 (ARMV7).ActiveCfg = Debug|TwinCAT CE7 (ARMV7)
		{1A350529-A424-474B-9DE0-B9E2B36BA134}.Debug|TwinCAT CE7 (ARMV7).Build.0 = Debug|TwinCAT CE7 (ARMV7)
		{1A350529-A424-474B-9DE0-B9E2B36BA134}.Debug|TwinCAT OS (ARMT2).ActiveCfg = Debug|TwinCAT OS (ARMT2)
		{1A350529-A424-474B-9DE0-B9E2B36BA134}.Debug|TwinCAT OS (ARMT2).Build.0 = Debug|TwinCAT OS (ARMT2)
		{1A350529-A424-474B-9DE0-B9E2B36BA134}.Debug|TwinCAT RT (x64).ActiveCfg = Debug|TwinCAT RT (x64)
		{1A350529-A424-474B-9DE0-B9E2B36BA134}.Debug|TwinCAT RT (x64).Build.0 = Debug|TwinCAT RT (x64)
		{1A350529-A424-474B-9DE0-B9E2B36BA134}.Debug|TwinCAT RT (x86).ActiveCfg = Debug|TwinCAT RT (x86)
		{1A350529-A424-474B-9DE0-B9E2B36BA134}.Debug|TwinCAT RT (x86).Build.0 = Debug|TwinCAT RT (x86)
		{1A350529-A424-474B-9DE0-B9E2B36BA134}.Release|TwinCAT CE7 (ARMV7).ActiveCfg = Release|TwinCAT CE7 (ARMV7)
		{1A350529-A424-474B-9DE0-B9E2B36BA134}.Release|TwinCAT CE7 (ARMV7).Build.0 = Release|TwinCAT CE7 (ARMV7)
		{1A350529-A424-474B-9DE0-B9E2B36BA134}.Release|TwinCAT OS (ARMT2).ActiveCfg = Release|TwinCAT OS (ARMT2)
		{1A350529-A424-474B-9DE0-B9E2B36BA134}.Release|TwinCAT OS (ARMT2).Build.0 = Release|TwinCAT OS (ARMT2)
		{1A350529-A424-474B-9DE0-B9E2B36BA134}.Release|TwinCAT RT (x64).ActiveCfg = Release|TwinCAT RT (x64)
		{1A350529-A424-474B-9DE0-B9E2B36BA134}.Release|TwinCAT RT (x64).Build.0 = Release|TwinCAT RT (x64)
		{1A350529-A424-474B-9DE0-B9E2B36BA134}.Release|TwinCAT RT (x86).ActiveCfg = Release|TwinCAT RT (x86)
		{1A350529-A424-474B-9DE0-B9E2B36BA134}.Release|TwinCAT RT (x86).Build.0 = Release|TwinCAT RT (x86)
		{13FEC184-8F24-485D-9D35-E35B5346B2B9}.Debug|TwinCAT CE7 (ARMV7).ActiveCfg = Debug|TwinCAT CE7 (ARMV7)
		{13FEC184-8F24-485D-9D35-E35B5346B2B9}.Debug|TwinCAT CE7 (ARMV7).Build.0 = Debug|TwinCAT CE7 (ARMV7)
		{13FEC184-8F24-485D-9D35-E35B5346B2B9}.Debug|TwinCAT OS (ARMT2).ActiveCfg = Debug|TwinCAT OS (ARMT2)
		{13FEC184-8F24-485D-9D35-E35B5346B2B9}.Debug|TwinCAT OS (ARMT2).Build.0 = Debug|TwinCAT OS (ARMT2)
		{13FEC184-8F24-485D-9D35-E35B5346B2B9}.Debug|TwinCAT RT (x64).ActiveCfg = Debug|TwinCAT RT (x64)
		{13FEC184-8F24-485D-9D35-E35B5346B2B9}.Debug|TwinCAT RT (x64).Build.0 = Debug|TwinCAT RT (x64)
		{13FEC184-8F24-485D-9D35-E35B5346B2B9}.Debug|TwinCAT RT (x86).ActiveCfg = Debug|TwinCAT RT (x86)
		{13FEC184-8F24-485D-9D35-E35B5346B2B9}.Debug|TwinCAT RT (x86).Build.0 = Debug|TwinCAT RT (x86)
		{13FEC184-8F24-485D-9D35-E35B5346B2B9}.Release|TwinCAT CE7 (ARMV7).ActiveCfg = Release|TwinCAT CE7 (ARMV7)
		{13FEC184-8F24-485D-9D35-E35B5346B2B9}.Release|TwinCAT CE7 (ARMV7).Build.0 = Release|TwinCAT CE7 (ARMV7)
		{13FEC184-8F24-485D-9D35-E35B5346B2B9}.Release|TwinCAT OS (ARMT2).ActiveCfg = Release|TwinCAT OS (ARMT2)
		{13FEC184-8F24-485D-9D35-E35B5346B2B9}.Release|TwinCAT OS (ARMT2).Build.0 = Release|TwinCAT OS (ARMT2)
		{13FEC184-8F24-485D-9D35-E35B5346B2B9}.Release|TwinCAT RT (x64).ActiveCfg = Release|TwinCAT RT (x64)
		{13FEC184-8F24-485D-9D35-E35B5346B2B9}.Release|TwinCAT RT (x64).Build.0 = Release|TwinCAT RT (x64)
		{13FEC184-8F24-485D-9D35-E35B5346B2B9}.Release|TwinCAT RT (x86).ActiveCfg = Release|TwinCAT RT (x86)
		{13FEC184-8F24-485D-9D35-E35B5346B2B9}.Release|TwinCAT RT (x86).Build.0 = Release|TwinCAT RT (x86)
		{9252ECE8-CC79-4D54-A77B-9912C2125EA4}.Debug|TwinCAT CE7 (ARMV7).ActiveCfg = Debug|TwinCAT CE7 (ARMV7)
		{9252ECE8-CC79-4D54-A77B-9912C2125EA4}.Debug|TwinCAT CE7 (ARMV7).Build.0 = Debug|TwinCAT CE7 (ARMV7)
		{9252ECE8-CC79-4D54-A77B-9912C2125EA4}.Debug|TwinCAT OS (ARMT2).ActiveCfg = Debug|TwinCAT OS (ARMT2)
		{9252ECE8-CC79-4D54-A77B-9912C2125EA4}.Debug|TwinCAT OS (ARMT2).Build.0 = Debug|TwinCAT OS (ARMT2)
		{9252ECE8-CC79-4D54-A77B-9912C2125EA4}.Debug|TwinCAT RT (x64).ActiveCfg = Debug|TwinCAT RT (x64)
		{9252ECE8-CC79-4D54-A77B-9912C2125EA4}.Debug|TwinCAT RT (x64).Build.0 = Debug|TwinCAT RT (x64)
		{9252ECE8-CC79-4D54-A77B-9912C2125EA4}.Debug|TwinCAT RT (x86).ActiveCfg = Debug|TwinCAT RT (x86)
		{9252ECE8-CC79-4D54-A77B-9912C2125EA4}.Debug|TwinCAT RT (x86).Build.0 = Debug|TwinCAT RT (x86)
		{9252ECE8-CC79-4D54-A77B-9912C2125EA4}.Release|TwinCAT CE7 (ARMV7).ActiveCfg = Release|TwinCAT CE7 (ARMV7)
		{9252ECE8-CC79-4D54-A77B-9912C2125EA4}.Release|TwinCAT CE7 (ARMV7).Build.0 = Release|TwinCAT CE7 (ARMV7)
		{9252ECE8-CC79-4D54-A77B-9912C2125EA4}.Release|TwinCAT OS (ARMT2).ActiveCfg = Release|TwinCAT OS (ARMT2)
		{9252ECE8-CC79-4D54-A77B-9912C2125EA4}.Release|TwinCAT OS (ARMT2).Build.0 = Release|TwinCAT OS (ARMT2)
		{9252ECE8-CC79-4D54-A77B-9912C2125EA4}.Release|TwinCAT RT (x64).ActiveCfg = Release|TwinCAT RT (x64)
		{9252ECE8-CC79-4D54-A77B-9912C2125EA4}.Release|TwinCAT RT (x64).Build.0 = Release|TwinCAT RT (x64)
		{9252ECE8-CC79-4D54-A77B-9912C2125EA4}.Release|TwinCAT RT (x86).ActiveCfg = Release|TwinCAT RT (x86)
		{9252ECE8-CC79-4D54-A77B-9912C2125EA4}.Release|TwinCAT RT (x86).Build.0 = Release|TwinCAT RT (x86)
		{F3465A5C-9E9D-4CC2-AE6A-4A10BAD77E61}.Debug|TwinCAT CE7 (ARMV7).ActiveCfg = Debug|TwinCAT CE7 (ARMV7)
		{F3465A5C-9E9D-4CC2-AE6A-4A10BAD77E61}.Debug|TwinCAT CE7 (ARMV7).Build.0 = Debug|TwinCAT CE7 (ARMV7)
		{F3465A5C-9E9D-4CC2-AE6A-4A10BAD77E61}.Debug|TwinCAT OS (ARMT2).ActiveCfg = Debug|TwinCAT OS (ARMT2)
		{F3465A5C-9E9D-4CC2-AE6A-4A10BAD77E61}.Debug|TwinCAT OS (ARMT2).Build.0 = Debug|TwinCAT OS (ARMT2)
		{F3465A5C-9E9D-4CC2-AE6A-4A10BAD77E61}.Debug|TwinCAT RT (x64).ActiveCfg = Debug|TwinCAT RT (x64)
		{F3465A5C-9E9D-4CC2-AE6A-4A10BAD77E61}.Debug|TwinCAT RT (x64).Build.0 = Debug|TwinCAT RT (x64)
		{F3465A5C-9E9D-4CC2-AE6A-4A10BAD77E61}.Debug|TwinCAT RT (x86).ActiveCfg = Debug|TwinCAT RT (x86)
		{F3465A5C-9E9D-4CC2-AE6A-4A10BAD77E61}.Debug|TwinCAT RT (x86).Build.0 = Debug|TwinCAT RT (x86)
		{F3465A5C-9E9D-4CC2-AE6A-4A10BAD77E61}.Release|TwinCAT CE7 (ARMV7).ActiveCfg = Release|TwinCAT CE7 (ARMV7)
		{F3465A5C-9E9D-4CC2-AE6A-4A10BAD77E61}.Release|TwinCAT CE7 (ARMV7).Build.0 = Release|TwinCAT CE7 (ARMV7)
		{F3465A5C-9E9D-4CC2-AE6A-4A10BAD77E61}.Release|TwinCAT OS (ARMT2).ActiveCfg = Release|TwinCAT OS (ARMT2)
		{F3465A5C-9E9D-4CC2-AE6A-4A10BAD77E61}.Release|TwinCAT OS (ARMT2).Build.0 = Release|TwinCAT OS (ARMT2)
		{F3465A5C-9E9D-4CC2-AE6A-4A10BAD77E61}.Release|TwinCAT RT (x64).ActiveCfg = Release|TwinCAT RT (x64)
		{F3465A5C-9E9D-4CC2-AE6A-4A10BAD77E61}.Release|TwinCAT RT (x64).Build.0 = Release|TwinCAT RT (x64)
		{F3465A5C-9E9D-4CC2-AE6A-4A10BAD77E61}.Release|TwinCAT RT (x86).ActiveCfg = Release|TwinCAT RT (x86)
		{F3465A5C-9E9D-4CC2-AE6A-4A10BAD77E61}.Release|TwinCAT RT (x86).Build.0 = Release|TwinCAT RT (x86)
		{72365759-5E84-4BC7-B037-2F2CE945FD31}.Debug|TwinCAT CE7 (ARMV7).ActiveCfg = Debug|TwinCAT CE7 (ARMV7)
		{72365759-5E84-4BC7-B037-2F2CE945FD31}.Debug|TwinCAT CE7 (ARMV7).Build.0 = Debug|TwinCAT CE7 (ARMV7)
		{72365759-5E84-4BC7-B037-2F2CE945FD31}.Debug|TwinCAT OS (ARMT2).ActiveCfg = Debug|TwinCAT OS (ARMT2)
		{72365759-5E84-4BC7-B037-2F2CE945FD31}.Debug|TwinCAT OS (ARMT2).Build.0 = Debug|TwinCAT OS (ARMT2)
		{72365759-5E84-4BC7-B037-2F2CE945FD31}.Debug|TwinCAT RT (x64).ActiveCfg = Debug|TwinCAT RT (x64)
		{72365759-5E84-4BC7-B037-2F2CE945FD31}.Debug|TwinCAT RT (x64).Build.0 = Debug|TwinCAT RT (x64)
		{72365759-5E84-4BC7-B037-2F2CE945FD31}.Debug|TwinCAT RT (x86).ActiveCfg = Debug|TwinCAT RT (x86)
		{72365759-5E84-4BC7-B037-2F2CE945FD31}.Debug|TwinCAT RT (x86).Build.0 = Debug|TwinCAT RT (x86)
		{72365759-5E84-4BC7-B037-2F2CE945FD31}.Release|TwinCAT CE7 (ARMV7).ActiveCfg = Release|TwinCAT CE7 (ARMV7)
		{72365759-5E84-4BC7-B037-2F2CE945FD31}.Release|TwinCAT CE7 (ARMV7).Build.0 = Release|TwinCAT CE7 (ARMV7)
		{72365759-5E84-4BC7-B037-2F2CE945FD31}.Release|TwinCAT OS (ARMT2).ActiveCfg = Release|TwinCAT OS (ARMT2)
		{72365759-5E84-4BC7-B037-2F2CE945FD31}.Release|TwinCAT OS (ARMT2).Build.0 = Release|TwinCAT OS (ARMT2)
		{72365759-5E84-4BC7-B037-2F2CE945FD31}.Release|TwinCAT RT (x64).ActiveCfg = Release|TwinCAT RT (x64)
		{72365759-5E84-4BC7-B037-2F2CE945FD31}.Release|TwinCAT RT (x64).Build.0 = Release|TwinCAT RT (x64)
		{72365759-5E84-4BC7-B037-2F2CE945FD31}.Release|TwinCAT RT (x86).ActiveCfg = Release|TwinCAT RT (x86)
		{72365759-5E84-4BC7-B037-2F2CE945FD31}.Release|TwinCAT RT (x86).Build.0 = Release|TwinCAT RT (x86)
		{ADAC5E6B-714B-42B7-A4B4-1C9D6F816795}.Debug|TwinCAT CE7 (ARMV7).ActiveCfg = Debug|TwinCAT CE7 (ARMV7)
		{ADAC5E6B-714B-42B7-A4B4-1C9D6F816795}.Debug|TwinCAT CE7 (ARMV7).Build.0 = Debug|TwinCAT CE7 (ARMV7)
		{ADAC5E6B-714B-42B7-A4B4-1C9D6F816795}.Debug|TwinCAT OS (ARMT2).ActiveCfg = Debug|TwinCAT OS (ARMT2)
		{ADAC5E6B-714B-42B7-A4B4-1C9D6F816795}.Debug|TwinCAT OS (ARMT2).Build.0 = Debug|TwinCAT OS (ARMT2)
		{ADAC5E6B-714B-42B7-A4B4-1C9D6F816795}.Debug|TwinCAT RT (x64).ActiveCfg = Debug|TwinCAT RT (x64)
		{ADAC5E6B-714B-42B7-A4B4-1C9D6F816795}.Debug|TwinCAT RT (x64).Build.0 = Debug|TwinCAT RT (x64)
		{ADAC5E6B-714B-42B7-A4B4-1C9D6F816795}.Debug|TwinCAT RT (x86).ActiveCfg = Debug|TwinCAT RT (x86)
		{ADAC5E6B-714B-42B7-A4B4-1C9D6F816795}.Debug|TwinCAT RT (x86).Build.0 = Debug|TwinCAT RT (x86)
		{ADAC5E6B-714B-42B7-A4B4-1C9D6F816795}.Release|TwinCAT CE7 (ARMV7).ActiveCfg = Release|TwinCAT CE7 (ARMV7)
		{ADAC5E6B-714B-42B7-A4B4-1C9D6F816795}.Release|TwinCAT CE7 (ARMV7).Build.0 = Release|TwinCAT CE7 (ARMV7)
		{ADAC5E6B-714B-42B7-A4B4-1C9D6F816795}.Release|TwinCAT OS (ARMT2).ActiveCfg = Release|TwinCAT OS (ARMT2)
		{ADAC5E6B-714B-42B7-A4B4-1C9D6F816795}.Release|TwinCAT OS (ARMT2).Build.0 = Release|TwinCAT OS (ARMT2)
		{ADAC5E6B-714B-42B7-A4B4-1C9D6F816795}.Release|TwinCAT RT (x64).ActiveCfg = Release|TwinCAT RT (x64)
		{ADAC5E6B-714B-42B7-A4B4-1C9D6F816795}.Release|TwinCAT RT (x64).Build.0 = Release|TwinCAT RT (x64)
		{ADAC5E6B-714B-42B7-A4B4-1C9D6F816795}.Release|TwinCAT RT (x86).ActiveCfg = Release|TwinCAT RT (x86)
		{ADAC5E6B-714B-42B7-A4B4-1C9D6F816795}.Release|TwinCAT RT (x86).Build.0 = Release|TwinCAT RT (x86)
		{6F6912A6-B725-4A3D-A90F-91D54670A720}.Debug|TwinCAT CE7 (ARMV7).ActiveCfg = Debug|TwinCAT CE7 (ARMV7)
		{6F6912A6-B725-4A3D-A90F-91D54670A720}.Debug|TwinCAT CE7 (ARMV7).Build.0 = Debug|TwinCAT CE7 (ARMV7)
		{6F6912A6-B725-4A3D-A90F-91D54670A720}.Debug|TwinCAT OS (ARMT2).ActiveCfg = Debug|TwinCAT OS (ARMT2)
		{6F6912A6-B725-4A3D-A90F-91D54670A720}.Debug|TwinCAT OS (ARMT2).Build.0 = Debug|TwinCAT OS (ARMT2)
		{6F6912A6-B725-4A3D-A90F-91D54670A720}.Debug|TwinCAT RT (x64).ActiveCfg = Debug|TwinCAT RT (x64)
		{6F6912A6-B725-4A3D-A90F-91D54670A720}.Debug|TwinCAT RT (x64).Build.0 = Debug|TwinCAT RT (x64)
		{6F6912A6-B725-4A3D-A90F-91D54670A720}.Debug|TwinCAT RT (x86).ActiveCfg = Debug|TwinCAT RT (x86)
		{6F6912A6-B725-4A3D-A90F-91D54670A720}.Debug|TwinCAT RT (x86).Build.0 = Debug|TwinCAT RT (x86)
		{6F6912A6-B725-4A3D-A90F-91D54670A720}.Release|TwinCAT CE7 (ARMV7).ActiveCfg = Release|TwinCAT CE7 (ARMV7)
		{6F6912A6-B725-4A3D-A90F-91D54670A720}.Release|TwinCAT CE7 (ARMV7).Build.0 = Release|TwinCAT CE7 (ARMV7)
		{6F6912A6-B725-4A3D-A90F-91D54670A720}.Release|TwinCAT OS (ARMT2).ActiveCfg = Release|TwinCAT OS (ARMT2)
		{6F6912A6-B725-4A3D-A90F-91D54670A720}.Release|TwinCAT OS (ARMT2).Build.0 = Release|TwinCAT OS (ARMT2)
		{6F6912A6-B725-4A3D-A90F-91D54670A720}.Release|TwinCAT RT (x64).ActiveCfg = Release|TwinCAT RT (x64)
		{6F6912A6-B725-4A3D-A90F-91D54670A720}.Release|TwinCAT RT (x64).Build.0 = Release|TwinCAT RT (x64)
		{6F6912A6-B725-4A3D-A90F-91D54670A720}.Release|TwinCAT RT (x86).ActiveCfg = Release|TwinCAT RT (x86)
		{6F6912A6-B725-4A3D-A90F-91D54670A720}.Release|TwinCAT RT (x86).Build.0 = Release|TwinCAT RT (x86)
		{DBEEB246-B972-4903-ACA3-F1F8DFD36AA0}.Debug|TwinCAT CE7 (ARMV7).ActiveCfg = Debug|TwinCAT CE7 (ARMV7)
		{DBEEB246-B972-4903-ACA3-F1F8DFD36AA0}.Debug|TwinCAT CE7 (ARMV7).Build.0 = Debug|TwinCAT CE7 (ARMV7)
		{DBEEB246-B972-4903-ACA3-F1F8DFD36AA0}.Debug|TwinCAT OS (ARMT2).ActiveCfg = Debug|TwinCAT OS (ARMT2)
		{DBEEB246-B972-4903-ACA3-F1F8DFD36AA0}.Debug|TwinCAT OS (ARMT2).Build.0 = Debug|TwinCAT OS (ARMT2)
		{DBEEB246-B972-4903-ACA3-F1F8DFD36AA0}.Debug|TwinCAT RT (x64).ActiveCfg = Debug|TwinCAT RT (x64)
		{DBEEB246-B972-4903-ACA3-F1F8DFD36AA0}.Debug|TwinCAT RT (x64).Build.0 = Debug|TwinCAT RT (x64)
		{DBEEB246-B972-4903-ACA3-F1F8DFD36AA0}.Debug|TwinCAT RT (x86).ActiveCfg = Debug|TwinCAT RT (x86)
		{DBEEB246-B972-4903-ACA3-F1F8DFD36AA0}.Debug|TwinCAT RT (x86).Build.0 = Debug|TwinCAT RT (x86)
		{DBEEB246-B972-4903-ACA3-F1F8DFD36AA0}.Release|TwinCAT CE7 (ARMV7).ActiveCfg = Release|TwinCAT CE7 (ARMV7)
		{DBEEB246-B972-4903-ACA3-F1F8DFD36AA0}.Release|TwinCAT CE7 (ARMV7).Build.0 = Release|TwinCAT CE7 (ARMV7)
		{DBEEB246-B972-4903-ACA3-F1F8DFD36AA0}.Release|TwinCAT OS (ARMT2).ActiveCfg = Release|TwinCAT OS (ARMT2)
		{DBEEB246-B972-4903-ACA3-F1F8DFD36AA0}.Release|TwinCAT OS (ARMT2).Build.0 = Release|TwinCAT OS (ARMT2)
		{DBEEB246-B972-4903-ACA3-F1F8DFD36AA0}.Release|TwinCAT RT (x64).ActiveCfg = Release|TwinCAT RT (x64)
		{DBEEB246-B972-4903-ACA3-F1F8DFD36AA0}.Release|TwinCAT RT (x64).Build.0 = Release|TwinCAT RT (x64)
		{DBEEB246-B972-4903-ACA3-F1F8DFD36AA0}.Release|TwinCAT RT (x86).ActiveCfg = Release|TwinCAT RT (x86)
		{DBEEB246-B972-4903-ACA3-F1F8DFD36AA0}.Release|TwinCAT RT (x86).Build.0 = Release|TwinCAT RT (x86)
		{49DDB28E-764A-439E-AE9A-4BEB1E824168}.Debug|TwinCAT CE7 (ARMV7).ActiveCfg = Debug|TwinCAT CE7 (ARMV7)
		{49DDB28E-764A-439E-AE9A-4BEB1E824168}.Debug|TwinCAT CE7 (ARMV7).Build.0 = Debug|TwinCAT CE7 (ARMV7)
		{49DDB28E-764A-439E-AE9A-4BEB1E824168}.Debug|TwinCAT OS (ARMT2).ActiveCfg = Debug|TwinCAT OS (ARMT2)
		{49DDB28E-764A-439E-AE9A-4BEB1E824168}.Debug|TwinCAT OS (ARMT2).Build.0 = Debug|TwinCAT OS (ARMT2)
		{49DDB28E-764A-439E-AE9A-4BEB1E824168}.Debug|TwinCAT RT (x64).ActiveCfg = Debug|TwinCAT RT (x64)
		{49DDB28E-764A-439E-AE9A-4BEB1E824168}.Debug|TwinCAT RT (x64).Build.0 = Debug|TwinCAT RT (x64)
		{49DDB28E-764A-439E-AE9A-4BEB1E824168}.Debug|TwinCAT RT (x86).ActiveCfg = Debug|TwinCAT RT (x86)
		{49DDB28E-764A-439E-AE9A-4BEB1E824168}.Debug|TwinCAT RT (x86).Build.0 = Debug|TwinCAT RT (x86)
		{49DDB28E-764A-439E-AE9A-4BEB1E824168}.Release|TwinCAT CE7 (ARMV7).ActiveCfg = Release|TwinCAT CE7 (ARMV7)
		{49DDB28E-764A-439E-AE9A-4BEB1E824168}.Release|TwinCAT CE7 (ARMV7).Build.0 = Release|TwinCAT CE7 (ARMV7)
		{49DDB28E-764A-439E-AE9A-4BEB1E824168}.Release|TwinCAT OS (ARMT2).ActiveCfg = Release|TwinCAT OS (ARMT2)
		{49DDB28E-764A-439E-AE9A-4BEB1E824168}.Release|TwinCAT OS (ARMT2).Build.0 = Release|TwinCAT OS (ARMT2)
		{49DDB28E-764A-439E-AE9A-4BEB1E824168}.Release|TwinCAT RT (x64).ActiveCfg = Release|TwinCAT RT (x64)
		{49DDB28E-764A-439E-AE9A-4BEB1E824168}.Release|TwinCAT RT (x64).Build.0 = Release|TwinCAT RT (x64)
		{49DDB28E-764A-439E-AE9A-4BEB1E824168}.Release|TwinCAT RT (x86).ActiveCfg = Release|TwinCAT RT (x86)
		{49DDB28E-764A-439E-AE9A-4BEB1E824168}.Release|TwinCAT RT (x86).Build.0 = Release|TwinCAT RT (x86)
		{2EBD3A48-A6A2-4E80-987B-DB081E9FD7B2}.Debug|TwinCAT CE7 (ARMV7).ActiveCfg = Debug|TwinCAT CE7 (ARMV7)
		{2EBD3A48-A6A2-4E80-987B-DB081E9FD7B2}.Debug|TwinCAT CE7 (ARMV7).Build.0 = Debug|TwinCAT CE7 (ARMV7)
		{2EBD3A48-A6A2-4E80-987B-DB081E9FD7B2}.Debug|TwinCAT OS (ARMT2).ActiveCfg = Debug|TwinCAT OS (ARMT2)
		{2EBD3A48-A6A2-4E80-987B-DB081E9FD7B2}.Debug|TwinCAT OS (ARMT2).Build.0 = Debug|TwinCAT OS (ARMT2)
		{2EBD3A48-A6A2-4E80-987B-DB081E9FD7B2}.Debug|TwinCAT RT (x64).ActiveCfg = Debug|TwinCAT RT (x64)
		{2EBD3A48-A6A2-4E80-987B-DB081E9FD7B2}.Debug|TwinCAT RT (x64).Build.0 = Debug|TwinCAT RT (x64)
		{2EBD3A48-A6A2-4E80-987B-DB081E9FD7B2}.Debug|TwinCAT RT (x86).ActiveCfg = Debug|TwinCAT RT (x86)
		{2EBD3A48-A6A2-4E80-987B-DB081E9FD7B2}.Debug|TwinCAT RT (x86).Build.0 = Debug|TwinCAT RT (x86)
		{2EBD3A48-A6A2-4E80-987B-DB081E9FD7B2}.Release|TwinCAT CE7 (ARMV7).ActiveCfg = Release|TwinCAT CE7 (ARMV7)
		{2EBD3A48-A6A2-4E80-987B-DB081E9FD7B2}.Release|TwinCAT CE7 (ARMV7).Build.0 = Release|TwinCAT CE7 (ARMV7)
		{2EBD3A48-A6A2-4E80-987B-DB081E9FD7B2}.Release|TwinCAT OS (ARMT2).ActiveCfg = Release|TwinCAT OS (ARMT2)
		{2EBD3A48-A6A2-4E80-987B-DB081E9FD7B2}.Release|TwinCAT OS (ARMT2).Build.0 = Release|TwinCAT OS (ARMT2)
		{2EBD3A48-A6A2-4E80-987B-DB081E9FD7B2}.Release|TwinCAT RT (x64).ActiveCfg = Release|TwinCAT RT (x64)
		{2EBD3A48-A6A2-4E80-987B-DB081E9FD7B2}.Release|TwinCAT RT (x64).Build.0 = Release|TwinCAT RT (x64)
		{2EBD3A48-A6A2-4E80-987B-DB081E9FD7B2}.Release|TwinCAT RT (x86).ActiveCfg = Release|TwinCAT RT (x86)
		{2EBD3A48-A6A2-4E80-987B-DB081E9FD7B2}.Release|TwinCAT RT (x86).Build.0 = Release|TwinCAT RT (x86)
		{33D93F3D-3427-45B5-8538-275060A1F130}.Debug|TwinCAT CE7 (ARMV7).ActiveCfg = Debug|TwinCAT CE7 (ARMV7)
		{33D93F3D-3427-45B5-8538-275060A1F130}.Debug|TwinCAT CE7 (ARMV7).Build.0 = Debug|TwinCAT CE7 (ARMV7)
		{33D93F3D-3427-45B5-8538-275060A1F130}.Debug|TwinCAT OS (ARMT2).ActiveCfg = Debug|TwinCAT OS (ARMT2)
		{33D93F3D-3427-45B5-8538-275060A1F130}.Debug|TwinCAT OS (ARMT2).Build.0 = Debug|TwinCAT OS (ARMT2)
		{33D93F3D-3427-45B5-8538-275060A1F130}.Debug|TwinCAT RT (x64).ActiveCfg = Debug|TwinCAT RT (x64)
		{33D93F3D-3427-45B5-8538-275060A1F130}.Debug|TwinCAT RT (x64).Build.0 = Debug|TwinCAT RT (x64)
		{33D93F3D-3427-45B5-8538-275060A1F130}.Debug|TwinCAT RT (x86).ActiveCfg = Debug|TwinCAT RT (x86)
		{33D93F3D-3427-45B5-8538-275060A1F130}.Debug|TwinCAT RT (x86).Build.0 = Debug|TwinCAT RT (x86)
		{33D93F3D-3427-45B5-8538-275060A1F130}.Release|TwinCAT CE7 (ARMV7).ActiveCfg = Release|TwinCAT CE7 (ARMV7)
		{33D93F3D-3427-45B5-8538-275060A1F130}.Release|TwinCAT CE7 (ARMV7).Build.0 = Release|TwinCAT CE7 (ARMV7)
		{33D93F3D-3427-45B5-8538-275060A1F130}.Release|TwinCAT OS (ARMT2).ActiveCfg = Release|TwinCAT OS (ARMT2)
		{33D93F3D-3427-45B5-8538-275060A1F130}.Release|TwinCAT OS (ARMT2).Build.0 = Release|TwinCAT OS (ARMT2)
		{33D93F3D-3427-45B5-8538-275060A1F130}.Release|TwinCAT RT (x64).ActiveCfg = Release|TwinCAT RT (x64)
		{33D93F3D-3427-45B5-8538-275060A1F130}.Release|TwinCAT RT (x64).Build.0 = Release|TwinCAT RT (x64)
		{33D93F3D-3427-45B5-8538-275060A1F130}.Release|TwinCAT RT (x86).ActiveCfg = Release|TwinCAT RT (x86)
		{33D93F3D-3427-45B5-8538-275060A1F130}.Release|TwinCAT RT (x86).Build.0 = Release|TwinCAT RT (x86)
		{8A60B2AE-B621-435B-9208-2CFE1468E103}.Debug|TwinCAT CE7 (ARMV7).ActiveCfg = Debug|TwinCAT CE7 (ARMV7)
		{8A60B2AE-B621-435B-9208-2CFE1468E103}.Debug|TwinCAT CE7 (ARMV7).Build.0 = Debug|TwinCAT CE7 (ARMV7)
		{8A60B2AE-B621-435B-9208-2CFE1468E103}.Debug|TwinCAT OS (ARMT2).ActiveCfg = Debug|TwinCAT OS (ARMT2)
		{8A60B2AE-B621-435B-9208-2CFE1468E103}.Debug|TwinCAT OS (ARMT2).Build.0 = Debug|TwinCAT OS (ARMT2)
		{8A60B2AE-B621-435B-9208-2CFE1468E103}.Debug|TwinCAT RT (x64).ActiveCfg = Debug|TwinCAT RT (x64)
		{8A60B2AE-B621-435B-9208-2CFE1468E103}.Debug|TwinCAT RT (x64).Build.0 = Debug|TwinCAT RT (x64)
		{8A60B2AE-B621-435B-9208-2CFE1468E103}.Debug|TwinCAT RT (x86).ActiveCfg = Debug|TwinCAT RT (x86)
		{8A60B2AE-B621-435B-9208-2CFE1468E103}.Debug|TwinCAT RT (x86).Build.0 = Debug|TwinCAT RT (x86)
		{8A60B2AE-B621-435B-9208-2CFE1468E103}.Release|TwinCAT CE7 (ARMV7).ActiveCfg = Release|TwinCAT CE7 (ARMV7)
		{8A60B2AE-B621-435B-9208-2CFE1468E103}.Release|TwinCAT CE7 (ARMV7).Build.0 = Release|TwinCAT CE7 (ARMV7)
		{8A60B2AE-B621-435B-9208-2CFE1468E103}.Release|TwinCAT OS (ARMT2).ActiveCfg = Release|TwinCAT OS (ARMT2)
		{8A60B2AE-B621-435B-9208-2CFE1468E103}.Release|TwinCAT OS (ARMT2).Build.0 = Release|TwinCAT OS (ARMT2)
		{8A60B2AE-B621-435B-9208-2CFE1468E103}.Release|TwinCAT RT (x64).ActiveCfg = Release|TwinCAT RT (x64)
		{8A60B2AE-B621-435B-9208-2CFE1468E103}.Release|TwinCAT RT (x64).Build.0 = Release|TwinCAT RT (x64)
		{8A60B2AE-B621-435B-9208-2CFE1468E103}.Release|TwinCAT RT (x86).ActiveCfg = Release|TwinCAT RT (x86)
		{8A60B2AE-B621-435B-9208-2CFE1468E103}.Release|TwinCAT RT (x86).Build.0 = Release|TwinCAT RT (x86)
		{AE40ACEB-A8A3-4155-900E-C542C6F09520}.Debug|TwinCAT CE7 (ARMV7).ActiveCfg = Debug|TwinCAT CE7 (ARMV7)
		{AE40ACEB-A8A3-4155-900E-C542C6F09520}.Debug|TwinCAT CE7 (ARMV7).Build.0 = Debug|TwinCAT CE7 (ARMV7)
		{AE40ACEB-A8A3-4155-900E-C542C6F09520}.Debug|TwinCAT OS (ARMT2).ActiveCfg = Debug|TwinCAT OS (ARMT2)
		{AE40ACEB-A8A3-4155-900E-C542C6F09520}.Debug|TwinCAT OS (ARMT2).Build.0 = Debug|TwinCAT OS (ARMT2)
		{AE40ACEB-A8A3-4155-900E-C542C6F09520}.Debug|TwinCAT RT (x64).ActiveCfg = Debug|TwinCAT RT (x64)
		{AE40ACEB-A8A3-4155-900E-C542C6F09520}.Debug|TwinCAT RT (x64).Build.0 = Debug|TwinCAT RT (x64)
		{AE40ACEB-A8A3-4155-900E-C542C6F09520}.Debug|TwinCAT RT (x86).ActiveCfg = Debug|TwinCAT RT (x86)
		{AE40ACEB-A8A3-4155-900E-C542C6F09520}.Debug|TwinCAT RT (x86).Build.0 = Debug|TwinCAT RT (x86)
		{AE40ACEB-A8A3-4155-900E-C542C6F09520}.Release|TwinCAT CE7 (ARMV7).ActiveCfg = Release|TwinCAT CE7 (ARMV7)
		{AE40ACEB-A8A3-4155-900E-C542C6F09520}.Release|TwinCAT CE7 (ARMV7).Build.0 = Release|TwinCAT CE7 (ARMV7)
		{AE40ACEB-A8A3-4155-900E-C542C6F09520}.Release|TwinCAT OS (ARMT2).ActiveCfg = Release|TwinCAT OS (ARMT2)
		{AE40ACEB-A8A3-4155-900E-C542C6F09520}.Release|TwinCAT OS (ARMT2).Build.0 = Release|TwinCAT OS (ARMT2)
		{AE40ACEB-A8A3-4155-900E-C542C6F09520}.Release|TwinCAT RT (x64).ActiveCfg = Release|TwinCAT RT (x64)
		{AE40ACEB-A8A3-4155-900E-C542C6F09520}.Release|TwinCAT RT (x64).Build.0 = Release|TwinCAT RT (x64)
		{AE40ACEB-A8A3-4155-900E-C542C6F09520}.Release|TwinCAT RT (x86).ActiveCfg = Release|TwinCAT RT (x86)
		{AE40ACEB-A8A3-4155-900E-C542C6F09520}.Release|TwinCAT RT (x86).Build.0 = Release|TwinCAT RT (x86)
		{4036CFAA-EDAA-4A2F-870B-DBBA501EFE2B}.Debug|TwinCAT CE7 (ARMV7).ActiveCfg = Debug|TwinCAT CE7 (ARMV7)
		{4036CFAA-EDAA-4A2F-870B-DBBA501EFE2B}.Debug|TwinCAT CE7 (ARMV7).Build.0 = Debug|TwinCAT CE7 (ARMV7)
		{4036CFAA-EDAA-4A2F-870B-DBBA501EFE2B}.Debug|TwinCAT OS (ARMT2).ActiveCfg = Debug|TwinCAT OS (ARMT2)
		{4036CFAA-EDAA-4A2F-870B-DBBA501EFE2B}.Debug|TwinCAT OS (ARMT2).Build.0 = Debug|TwinCAT OS (ARMT2)
		{4036CFAA-EDAA-4A2F-870B-DBBA501EFE2B}.Debug|TwinCAT RT (x64).ActiveCfg = Debug|TwinCAT RT (x64)
		{4036CFAA-EDAA-4A2F-870B-DBBA501EFE2B}.Debug|TwinCAT RT (x64).Build.0 = Debug|TwinCAT RT (x64)
		{4036CFAA-EDAA-4A2F-870B-DBBA501EFE2B}.Debug|TwinCAT RT (x86).ActiveCfg = Debug|TwinCAT RT (x86)
		{4036CFAA-EDAA-4A2F-870B-DBBA501EFE2B}.Debug|TwinCAT RT (x86).Build.0 = Debug|TwinCAT RT (x86)
		{4036CFAA-EDAA-4A2F-870B-DBBA501EFE2B}.Release|TwinCAT CE7 (ARMV7).ActiveCfg = Release|TwinCAT CE7 (ARMV7)
		{4036CFAA-EDAA-4A2F-870B-DBBA501EFE2B}.Release|TwinCAT CE7 (ARMV7).Build.0 = Release|TwinCAT CE7 (ARMV7)
		{4036CFAA-EDAA-4A2F-870B-DBBA501EFE2B}.Release|TwinCAT OS (ARMT2).ActiveCfg = Release|TwinCAT OS (ARMT2)
		{4036CFAA-EDAA-4A2F-870B-DBBA501EFE2B}.Release|TwinCAT OS (ARMT2).Build.0 = Release|TwinCAT OS (ARMT2)
		{4036CFAA-EDAA-4A2F-870B-DBBA501EFE2B}.Release|TwinCAT RT (x64).ActiveCfg = Release|TwinCAT RT (x64)
		{4036CFAA-EDAA-4A2F-870B-DBBA501EFE2B}.Release|TwinCAT RT (x64).Build.0 = Release|TwinCAT RT (x64)
		{4036CFAA-EDAA-4A2F-870B-DBBA501EFE2B}.Release|TwinCAT RT (x86).ActiveCfg = Release|TwinCAT RT (x86)
		{4036CFAA-EDAA-4A2F-870B-DBBA501EFE2B}.Release|TwinCAT RT (x86).Build.0 = Release|TwinCAT RT (x86)
		{F8C064DD-7AF9-4445-9208-A304B509A41E}.Debug|TwinCAT CE7 (ARMV7).ActiveCfg = Debug|TwinCAT CE7 (ARMV7)
		{F8C064DD-7AF9-4445-9208-A304B509A41E}.Debug|TwinCAT CE7 (ARMV7).Build.0 = Debug|TwinCAT CE7 (ARMV7)
		{F8C064DD-7AF9-4445-9208-A304B509A41E}.Debug|TwinCAT OS (ARMT2).ActiveCfg = Debug|TwinCAT OS (ARMT2)
		{F8C064DD-7AF9-4445-9208-A304B509A41E}.Debug|TwinCAT OS (ARMT2).Build.0 = Debug|TwinCAT OS (ARMT2)
		{F8C064DD-7AF9-4445-9208-A304B509A41E}.Debug|TwinCAT RT (x64).ActiveCfg = Debug|TwinCAT RT (x64)
		{F8C064DD-7AF9-4445-9208-A304B509A41E}.Debug|TwinCAT RT (x64).Build.0 = Debug|TwinCAT RT (x64)
		{F8C064DD-7AF9-4445-9208-A304B509A41E}.Debug|TwinCAT RT (x86).ActiveCfg = Debug|TwinCAT RT (x86)
		{F8C064DD-7AF9-4445-9208-A304B509A41E}.Debug|TwinCAT RT (x86).Build.0 = Debug|TwinCAT RT (x86)
		{F8C064DD-7AF9-4445-9208-A304B509A41E}.Release|TwinCAT CE7 (ARMV7).ActiveCfg = Release|TwinCAT CE7 (ARMV7)
		{F8C064DD-7AF9-4445-9208-A304B509A41E}.Release|TwinCAT CE7 (ARMV7).Build.0 = Release|TwinCAT CE7 (ARMV7)
		{F8C064DD-7AF9-4445-9208-A304B509A41E}.Release|TwinCAT OS (ARMT2).ActiveCfg = Release|TwinCAT OS (ARMT2)
		{F8C064DD-7AF9-4445-9208-A304B509A41E}.Release|TwinCAT OS (ARMT2).Build.0 = Release|TwinCAT OS (ARMT2)
		{F8C064DD-7AF9-4445-9208-A304B509A41E}.Release|TwinCAT RT (x64).ActiveCfg = Release|TwinCAT RT (x64)
		{F8C064DD-7AF9-4445-9208-A304B509A41E}.Release|TwinCAT RT (x64).Build.0 = Release|TwinCAT RT (x64)
		{F8C064DD-7AF9-4445-9208-A304B509A41E}.Release|TwinCAT RT (x86).ActiveCfg = Release|TwinCAT RT (x86)
		{F8C064DD-7AF9-4445-9208-A304B509A41E}.Release|TwinCAT RT (x86).Build.0 = Release|TwinCAT RT (x86)
		{5481BCBD-ED5C-4A49-9C21-6C84199CD837}.Debug|TwinCAT CE7 (ARMV7).ActiveCfg = Debug|TwinCAT CE7 (ARMV7)
		{5481BCBD-ED5C-4A49-9C21-6C84199CD837}.Debug|TwinCAT CE7 (ARMV7).Build.0 = Debug|TwinCAT CE7 (ARMV7)
		{5481BCBD-ED5C-4A49-9C21-6C84199CD837}.Debug|TwinCAT OS (ARMT2).ActiveCfg = Debug|TwinCAT OS (ARMT2)
		{5481BCBD-ED5C-4A49-9C21-6C84199CD837}.Debug|TwinCAT OS (ARMT2).Build.0 = Debug|TwinCAT OS (ARMT2)
		{5481BCBD-ED5C-4A49-9C21-6C84199CD837}.Debug|TwinCAT RT (x64).ActiveCfg = Debug|TwinCAT RT (x64)
		{5481BCBD-ED5C-4A49-9C21-6C84199CD837}.Debug|TwinCAT RT (x64).Build.0 = Debug|TwinCAT RT (x64)
		{5481BCBD-ED5C-4A49-9C21-6C84199CD837}.Debug|TwinCAT RT (x86).ActiveCfg = Debug|TwinCAT RT (x86)
		{5481BCBD-ED5C-4A49-9C21-6C84199CD837}.Debug|TwinCAT RT (x86).Build.0 = Debug|TwinCAT RT (x86)
		{5481BCBD-ED5C-4A49-9C21-6C84199CD837}.Release|TwinCAT CE7 (ARMV7).ActiveCfg = Release|TwinCAT CE7 (ARMV7)
		{5481BCBD-ED5C-4A49-9C21-6C84199CD837}.Release|TwinCAT CE7 (ARMV7).Build.0 = Release|TwinCAT CE7 (ARMV7)
		{5481BCBD-ED5C-4A49-9C21-6C84199CD837}.Release|TwinCAT OS (ARMT2).ActiveCfg = Release|TwinCAT OS (ARMT2)
		{5481BCBD-ED5C-4A49-9C21-6C84199CD837}.Release|TwinCAT OS (ARMT2).Build.0 = Release|TwinCAT OS (ARMT2)
		{5481BCBD-ED5C-4A49-9C21-6C84199CD837}.Release|TwinCAT RT (x64).ActiveCfg = Release|TwinCAT RT (x64)
		{5481BCBD-ED5C-4A49-9C21-6C84199CD837}.Release|TwinCAT RT (x64).Build.0 = Release|TwinCAT RT (x64)
		{5481BCBD-ED5C-4A49-9C21-6C84199CD837}.Release|TwinCAT RT (x86).ActiveCfg = Release|TwinCAT RT (x86)
		{5481BCBD-ED5C-4A49-9C21-6C84199CD837}.Release|TwinCAT RT (x86).Build.0 = Release|TwinCAT RT (x86)
		{17EEB606-2C76-4FCD-A02D-D17D3684D445}.Debug|TwinCAT CE7 (ARMV7).ActiveCfg = Debug|TwinCAT CE7 (ARMV7)
		{17EEB606-2C76-4FCD-A02D-D17D3684D445}.Debug|TwinCAT CE7 (ARMV7).Build.0 = Debug|TwinCAT CE7 (ARMV7)
		{17EEB606-2C76-4FCD-A02D-D17D3684D445}.Debug|TwinCAT OS (ARMT2).ActiveCfg = Debug|TwinCAT OS (ARMT2)
		{17EEB606-2C76-4FCD-A02D-D17D3684D445}.Debug|TwinCAT OS (ARMT2).Build.0 = Debug|TwinCAT OS (ARMT2)
		{17EEB606-2C76-4FCD-A02D-D17D3684D445}.Debug|TwinCAT RT (x64).ActiveCfg = Debug|TwinCAT RT (x64)
		{17EEB606-2C76-4FCD-A02D-D17D3684D445}.Debug|TwinCAT RT (x64).Build.0 = Debug|TwinCAT RT (x64)
		{17EEB606-2C76-4FCD-A02D-D17D3684D445}.Debug|TwinCAT RT (x86).ActiveCfg = Debug|TwinCAT RT (x86)
		{17EEB606-2C76-4FCD-A02D-D17D3684D445}.Debug|TwinCAT RT (x86).Build.0 = Debug|TwinCAT RT (x86)
		{17EEB606-2C76-4FCD-A02D-D17D3684D445}.Release|TwinCAT CE7 (ARMV7).ActiveCfg = Release|TwinCAT CE7 (ARMV7)
		{17EEB606-2C76-4FCD-A02D-D17D3684D445}.Release|TwinCAT CE7 (ARMV7).Build.0 = Release|TwinCAT CE7 (ARMV7)
		{17EEB606-2C76-4FCD-A02D-D17D3684D445}.Release|TwinCAT OS (ARMT2).ActiveCfg = Release|TwinCAT OS (ARMT2)
		{17EEB606-2C76-4FCD-A02D-D17D3684D445}.Release|TwinCAT OS (ARMT2).Build.0 = Release|TwinCAT OS (ARMT2)
		{17EEB606-2C76-4FCD-A02D-D17D3684D445}.Release|TwinCAT RT (x64).ActiveCfg = Release|TwinCAT RT (x64)
		{17EEB606-2C76-4FCD-A02D-D17D3684D445}.Release|TwinCAT RT (x64).Build.0 = Release|TwinCAT RT (x64)
		{17EEB606-2C76-4FCD-A02D-D17D3684D445}.Release|TwinCAT RT (x86).ActiveCfg = Release|TwinCAT RT (x86)
		{17EEB606-2C76-4FCD-A02D-D17D3684D445}.Release|TwinCAT RT (x86).Build.0 = Release|TwinCAT RT (x86)
		{67C80283-9CB9-4D2C-9441-6FB9CC519FBC}.Debug|TwinCAT CE7 (ARMV7).ActiveCfg = Debug|TwinCAT CE7 (ARMV7)
		{67C80283-9CB9-4D2C-9441-6FB9CC519FBC}.Debug|TwinCAT CE7 (ARMV7).Build.0 = Debug|TwinCAT CE7 (ARMV7)
		{67C80283-9CB9-4D2C-9441-6FB9CC519FBC}.Debug|TwinCAT OS (ARMT2).ActiveCfg = Debug|TwinCAT OS (ARMT2)
		{67C80283-9CB9-4D2C-9441-6FB9CC519FBC}.Debug|TwinCAT OS (ARMT2).Build.0 = Debug|TwinCAT OS (ARMT2)
		{67C80283-9CB9-4D2C-9441-6FB9CC519FBC}.Debug|TwinCAT RT (x64).ActiveCfg = Debug|TwinCAT RT (x64)
		{67C80283-9CB9-4D2C-9441-6FB9CC519FBC}.Debug|TwinCAT RT (x64).Build.0 = Debug|TwinCAT RT (x64)
		{67C80283-9CB9-4D2C-9441-6FB9CC519FBC}.Debug|TwinCAT RT (x86).ActiveCfg = Debug|TwinCAT RT (x86)
		{67C80283-9CB9-4D2C-9441-6FB9CC519FBC}.Debug|TwinCAT RT (x86).Build.0 = Debug|TwinCAT RT (x86)
		{67C80283-9CB9-4D2C-9441-6FB9CC519FBC}.Release|TwinCAT CE7 (ARMV7).ActiveCfg = Release|TwinCAT CE7 (ARMV7)
		{67C80283-9CB9-4D2C-9441-6FB9CC519FBC}.Release|TwinCAT CE7 (ARMV7).Build.0 = Release|TwinCAT CE7 (ARMV7)
		{67C80283-9CB9-4D2C-9441-6FB9CC519FBC}.Release|TwinCAT OS (ARMT2).ActiveCfg = Release|TwinCAT OS (ARMT2)
		{67C80283-9CB9-4D2C-9441-6FB9CC519FBC}.Release|TwinCAT OS (ARMT2).Build.0 = Release|TwinCAT OS (ARMT2)
		{67C80283-9CB9-4D2C-9441-6FB9CC519FBC}.Release|TwinCAT RT (x64).ActiveCfg = Release|TwinCAT RT (x64)
		{67C80283-9CB9-4D2C-9441-6FB9CC519FBC}.Release|TwinCAT RT (x64).Build.0 = Release|TwinCAT RT (x64)
		{67C80283-9CB9-4D2C-9441-6FB9CC519FBC}.Release|TwinCAT RT (x86).ActiveCfg = Release|TwinCAT RT (x86)
		{67C80283-9CB9-4D2C-9441-6FB9CC519FBC}.Release|TwinCAT RT (x86).Build.0 = Release|TwinCAT RT (x86)
		{9BB75FDE-65CD-4FC3-AD8B-87F53A5CB074}.Debug|TwinCAT CE7 (ARMV7).ActiveCfg = Debug|TwinCAT CE7 (ARMV7)
		{9BB75FDE-65CD-4FC3-AD8B-87F53A5CB074}.Debug|TwinCAT CE7 (ARMV7).Build.0 = Debug|TwinCAT CE7 (ARMV7)
		{9BB75FDE-65CD-4FC3-AD8B-87F53A5CB074}.Debug|TwinCAT OS (ARMT2).ActiveCfg = Debug|TwinCAT OS (ARMT2)
		{9BB75FDE-65CD-4FC3-AD8B-87F53A5CB074}.Debug|TwinCAT OS (ARMT2).Build.0 = Debug|TwinCAT OS (ARMT2)
		{9BB75FDE-65CD-4FC3-AD8B-87F53A5CB074}.Debug|TwinCAT RT (x64).ActiveCfg = Debug|TwinCAT RT (x64)
		{9BB75FDE-65CD-4FC3-AD8B-87F53A5CB074}.Debug|TwinCAT RT (x64).Build.0 = Debug|TwinCAT RT (x64)
		{9BB75FDE-65CD-4FC3-AD8B-87F53A5CB074}.Debug|TwinCAT RT (x86).ActiveCfg = Debug|TwinCAT RT (x86)
		{9BB75FDE-65CD-4FC3-AD8B-87F53A5CB074}.Debug|TwinCAT RT (x86).Build.0 = Debug|TwinCAT RT (x86)
		{9BB75FDE-65CD-4FC3-AD8B-87F53A5CB074}.Release|TwinCAT CE7 (ARMV7).ActiveCfg = Release|TwinCAT CE7 (ARMV7)
		{9BB75FDE-65CD-4FC3-AD8B-87F53A5CB074}.Release|TwinCAT CE7 (ARMV7).Build.0 = Release|TwinCAT CE7 (ARMV7)
		{9BB75FDE-65CD-4FC3-AD8B-87F53A5CB074}.Release|TwinCAT OS (ARMT2).ActiveCfg = Release|TwinCAT OS (ARMT2)
		{9BB75FDE-65CD-4FC3-AD8B-87F53A5CB074}.Release|TwinCAT OS (ARMT2).Build.0 = Release|TwinCAT OS (ARMT2)
		{9BB75FDE-65CD-4FC3-AD8B-87F53A5CB074}.Release|TwinCAT RT (x64).ActiveCfg = Release|TwinCAT RT (x64)
		{9BB75FDE-65CD-4FC3-AD8B-87F53A5CB074}.Release|TwinCAT RT (x64).Build.0 = Release|TwinCAT RT (x64)
		{9BB75FDE-65CD-4FC3-AD8B-87F53A5CB074}.Release|TwinCAT RT (x86).ActiveCfg = Release|TwinCAT RT (x86)
		{9BB75FDE-65CD-4FC3-AD8B-87F53A5CB074}.Release|TwinCAT RT (x86).Build.0 = Release|TwinCAT RT (x86)
		{670C055C-B3B0-4A25-BF74-427FBD047CC9}.Debug|TwinCAT CE7 (ARMV7).ActiveCfg = Debug|TwinCAT CE7 (ARMV7)
		{670C055C-B3B0-4A25-BF74-427FBD047CC9}.Debug|TwinCAT CE7 (ARMV7).Build.0 = Debug|TwinCAT CE7 (ARMV7)
		{670C055C-B3B0-4A25-BF74-427FBD047CC9}.Debug|TwinCAT OS (ARMT2).ActiveCfg = Debug|TwinCAT OS (ARMT2)
		{670C055C-B3B0-4A25-BF74-427FBD047CC9}.Debug|TwinCAT OS (ARMT2).Build.0 = Debug|TwinCAT OS (ARMT2)
		{670C055C-B3B0-4A25-BF74-427FBD047CC9}.Debug|TwinCAT RT (x64).ActiveCfg = Debug|TwinCAT RT (x64)
		{670C055C-B3B0-4A25-BF74-427FBD047CC9}.Debug|TwinCAT RT (x64).Build.0 = Debug|TwinCAT RT (x64)
		{670C055C-B3B0-4A25-BF74-427FBD047CC9}.Debug|TwinCAT RT (x86).ActiveCfg = Debug|TwinCAT RT (x86)
		{670C055C-B3B0-4A25-BF74-427FBD047CC9}.Debug|TwinCAT RT (x86).Build.0 = Debug|TwinCAT RT (x86)
		{670C055C-B3B0-4A25-BF74-427FBD047CC9}.Release|TwinCAT CE7 (ARMV7).ActiveCfg = Release|TwinCAT CE7 (ARMV7)
		{670C055C-B3B0-4A25-BF74-427FBD047CC9}.Release|TwinCAT CE7 (ARMV7).Build.0 = Release|TwinCAT CE7 (ARMV7)
		{670C055C-B3B0-4A25-BF74-427FBD047CC9}.Release|TwinCAT OS (ARMT2).ActiveCfg = Release|TwinCAT OS (ARMT2)
		{670C055C-B3B0-4A25-BF74-427FBD047CC9}.Release|TwinCAT OS (ARMT2).Build.0 = Release|TwinCAT OS (ARMT2)
		{670C055C-B3B0-4A25-BF74-427FBD047CC9}.Release|TwinCAT RT (x64).ActiveCfg = Release|TwinCAT RT (x64)
		{670C055C-B3B0-4A25-BF74-427FBD047CC9}.Release|TwinCAT RT (x64).Build.0 = Release|TwinCAT RT (x64)
		{670C055C-B3B0-4A25-BF74-427FBD047CC9}.Release|TwinCAT RT (x86).ActiveCfg = Release|TwinCAT RT (x86)
		{670C055C-B3B0-4A25-BF74-427FBD047CC9}.Release|TwinCAT RT (x86).Build.0 = Release|TwinCAT RT (x86)
		{938DA973-926C-4FA6-9B23-DF0767EEDEA3}.Debug|TwinCAT CE7 (ARMV7).ActiveCfg = Debug|TwinCAT CE7 (ARMV7)
		{938DA973-926C-4FA6-9B23-DF0767EEDEA3}.Debug|TwinCAT CE7 (ARMV7).Build.0 = Debug|TwinCAT CE7 (ARMV7)
		{938DA973-926C-4FA6-9B23-DF0767EEDEA3}.Debug|TwinCAT OS (ARMT2).ActiveCfg = Debug|TwinCAT OS (ARMT2)
		{938DA973-926C-4FA6-9B23-DF0767EEDEA3}.Debug|TwinCAT OS (ARMT2).Build.0 = Debug|TwinCAT OS (ARMT2)
		{938DA973-926C-4FA6-9B23-DF0767EEDEA3}.Debug|TwinCAT RT (x64).ActiveCfg = Debug|TwinCAT RT (x64)
		{938DA973-926C-4FA6-9B23-DF0767EEDEA3}.Debug|TwinCAT RT (x64).Build.0 = Debug|TwinCAT RT (x64)
		{938DA973-926C-4FA6-9B23-DF0767EEDEA3}.Debug|TwinCAT RT (x86).ActiveCfg = Debug|TwinCAT RT (x86)
		{938DA973-926C-4FA6-9B23-DF0767EEDEA3}.Debug|TwinCAT RT (x86).Build.0 = Debug|TwinCAT RT (x86)
		{938DA973-926C-4FA6-9B23-DF0767EEDEA3}.Release|TwinCAT CE7 (ARMV7).ActiveCfg = Release|TwinCAT CE7 (ARMV7)
		{938DA973-926C-4FA6-9B23-DF0767EEDEA3}.Release|TwinCAT CE7 (ARMV7).Build.0 = Release|TwinCAT CE7 (ARMV7)
		{938DA973-926C-4FA6-9B23-DF0767EEDEA3}.Release|TwinCAT OS (ARMT2).ActiveCfg = Release|TwinCAT OS (ARMT2)
		{938DA973-926C-4FA6-9B23-DF0767EEDEA3}.Release|TwinCAT OS (ARMT2).Build.0 = Release|TwinCAT OS (ARMT2)
		{938DA973-926C-4FA6-9B23-DF0767EEDEA3}.Release|TwinCAT RT (x64).ActiveCfg = Release|TwinCAT RT (x64)
		{938DA973-926C-4FA6-9B23-DF0767EEDEA3}.Release|TwinCAT RT (x64).Build.0 = Release|TwinCAT RT (x64)
		{938DA973-926C-4FA6-9B23-DF0767EEDEA3}.Release|TwinCAT RT (x86).ActiveCfg = Release|TwinCAT RT (x86)
		{938DA973-926C-4FA6-9B23-DF0767EEDEA3}.Release|TwinCAT RT (x86).Build.0 = Release|TwinCAT RT (x86)
		{2FFE99D2-BC99-42D5-843B-B1BA9FB28899}.Debug|TwinCAT CE7 (ARMV7).ActiveCfg = Debug|TwinCAT CE7 (ARMV7)
		{2FFE99D2-BC99-42D5-843B-B1BA9FB28899}.Debug|TwinCAT CE7 (ARMV7).Build.0 = Debug|TwinCAT CE7 (ARMV7)
		{2FFE99D2-BC99-42D5-843B-B1BA9FB28899}.Debug|TwinCAT OS (ARMT2).ActiveCfg = Debug|TwinCAT OS (ARMT2)
		{2FFE99D2-BC99-42D5-843B-B1BA9FB28899}.Debug|TwinCAT OS (ARMT2).Build.0 = Debug|TwinCAT OS (ARMT2)
		{2FFE99D2-BC99-42D5-843B-B1BA9FB28899}.Debug|TwinCAT RT (x64).ActiveCfg = Debug|TwinCAT RT (x64)
		{2FFE99D2-BC99-42D5-843B-B1BA9FB28899}.Debug|TwinCAT RT (x64).Build.0 = Debug|TwinCAT RT (x64)
		{2FFE99D2-BC99-42D5-843B-B1BA9FB28899}.Debug|TwinCAT RT (x86).ActiveCfg = Debug|TwinCAT RT (x86)
		{2FFE99D2-BC99-42D5-843B-B1BA9FB28899}.Debug|TwinCAT RT (x86).Build.0 = Debug|TwinCAT RT (x86)
		{2FFE99D2-BC99-42D5-843B-B1BA9FB28899}.Release|TwinCAT CE7 (ARMV7).ActiveCfg = Release|TwinCAT CE7 (ARMV7)
		{2FFE99D2-BC99-42D5-843B-B1BA9FB28899}.Release|TwinCAT CE7 (ARMV7).Build.0 = Release|TwinCAT CE7 (ARMV7)
		{2FFE99D2-BC99-42D5-843B-B1BA9FB28899}.Release|TwinCAT OS (ARMT2).ActiveCfg = Release|TwinCAT OS (ARMT2)
		{2FFE99D2-BC99-42D5-843B-B1BA9FB28899}.Release|TwinCAT OS (ARMT2).Build.0 = Release|TwinCAT OS (ARMT2)
		{2FFE99D2-BC99-42D5-843B-B1BA9FB28899}.Release|TwinCAT RT (x64).ActiveCfg = Release|TwinCAT RT (x64)
		{2FFE99D2-BC99-42D5-843B-B1BA9FB28899}.Release|TwinCAT RT (x64).Build.0 = Release|TwinCAT RT (x64)
		{2FFE99D2-BC99-42D5-843B-B1BA9FB28899}.Release|TwinCAT RT (x86).ActiveCfg = Release|TwinCAT RT (x86)
		{2FFE99D2-BC99-42D5-843B-B1BA9FB28899}.Release|TwinCAT RT (x86).Build.0 = Release|TwinCAT RT (x86)
		{1C66C61D-9CA2-4E95-99E7-AB7B5BCAA7ED}.Debug|TwinCAT CE7 (ARMV7).ActiveCfg = Debug|TwinCAT CE7 (ARMV7)
		{1C66C61D-9CA2-4E95-99E7-AB7B5BCAA7ED}.Debug|TwinCAT CE7 (ARMV7).Build.0 = Debug|TwinCAT CE7 (ARMV7)
		{1C66C61D-9CA2-4E95-99E7-AB7B5BCAA7ED}.Debug|TwinCAT OS (ARMT2).ActiveCfg = Debug|TwinCAT OS (ARMT2)
		{1C66C61D-9CA2-4E95-99E7-AB7B5BCAA7ED}.Debug|TwinCAT OS (ARMT2).Build.0 = Debug|TwinCAT OS (ARMT2)
		{1C66C61D-9CA2-4E95-99E7-AB7B5BCAA7ED}.Debug|TwinCAT RT (x64).ActiveCfg = Debug|TwinCAT RT (x64)
		{1C66C61D-9CA2-4E95-99E7-AB7B5BCAA7ED}.Debug|TwinCAT RT (x64).Build.0 = Debug|TwinCAT RT (x64)
		{1C66C61D-9CA2-4E95-99E7-AB7B5BCAA7ED}.Debug|TwinCAT RT (x86).ActiveCfg = Debug|TwinCAT RT (x86)
		{1C66C61D-9CA2-4E95-99E7-AB7B5BCAA7ED}.Debug|TwinCAT RT (x86).Build.0 = Debug|TwinCAT RT (x86)
		{1C66C61D-9CA2-4E95-99E7-AB7B5BCAA7ED}.Release|TwinCAT CE7 (ARMV7).ActiveCfg = Release|TwinCAT CE7 (ARMV7)
		{1C66C61D-9CA2-4E95-99E7-AB7B5BCAA7ED}.Release|TwinCAT CE7 (ARMV7).Build.0 = Release|TwinCAT CE7 (ARMV7)
		{1C66C61D-9CA2-4E95-99E7-AB7B5BCAA7ED}.Release|TwinCAT OS (ARMT2).ActiveCfg = Release|TwinCAT OS (ARMT2)
		{1C66C61D-9CA2-4E95-99E7-AB7B5BCAA7ED}.Release|TwinCAT OS (ARMT2).Build.0 = Release|TwinCAT OS (ARMT2)
		{1C66C61D-9CA2-4E95-99E7-AB7B5BCAA7ED}.Release|TwinCAT RT (x64).ActiveCfg = Release|TwinCAT RT (x64)
		{1C66C61D-9CA2-4E95-99E7-AB7B5BCAA7ED}.Release|TwinCAT RT (x64).Build.0 = Release|TwinCAT RT (x64)
		{1C66C61D-9CA2-4E95-99E7-AB7B5BCAA7ED}.Release|TwinCAT RT (x86).ActiveCfg = Release|TwinCAT RT (x86)
		{1C66C61D-9CA2-4E95-99E7-AB7B5BCAA7ED}.Release|TwinCAT RT (x86).Build.0 = Release|TwinCAT RT (x86)
		{4DAA121E-5F85-4CCD-9C25-29F61E9446E2}.Debug|TwinCAT CE7 (ARMV7).ActiveCfg = Debug|TwinCAT CE7 (ARMV7)
		{4DAA121E-5F85-4CCD-9C25-29F61E9446E2}.Debug|TwinCAT CE7 (ARMV7).Build.0 = Debug|TwinCAT CE7 (ARMV7)
		{4DAA121E-5F85-4CCD-9C25-29F61E9446E2}.Debug|TwinCAT OS (ARMT2).ActiveCfg = Debug|TwinCAT OS (ARMT2)
		{4DAA121E-5F85-4CCD-9C25-29F61E9446E2}.Debug|TwinCAT OS (ARMT2).Build.0 = Debug|TwinCAT OS (ARMT2)
		{4DAA121E-5F85-4CCD-9C25-29F61E9446E2}.Debug|TwinCAT RT (x64).ActiveCfg = Debug|TwinCAT RT (x64)
		{4DAA121E-5F85-4CCD-9C25-29F61E9446E2}.Debug|TwinCAT RT (x64).Build.0 = Debug|TwinCAT RT (x64)
		{4DAA121E-5F85-4CCD-9C25-29F61E9446E2}.Debug|TwinCAT RT (x86).ActiveCfg = Debug|TwinCAT RT (x86)
		{4DAA121E-5F85-4CCD-9C25-29F61E9446E2}.Debug|TwinCAT RT (x86).Build.0 = Debug|TwinCAT RT (x86)
		{4DAA121E-5F85-4CCD-9C25-29F61E9446E2}.Release|TwinCAT CE7 (ARMV7).ActiveCfg = Release|TwinCAT CE7 (ARMV7)
		{4DAA121E-5F85-4CCD-9C25-29F61E9446E2}.Release|TwinCAT CE7 (ARMV7).Build.0 = Release|TwinCAT CE7 (ARMV7)
		{4DAA121E-5F85-4CCD-9C25-29F61E9446E2}.Release|TwinCAT OS (ARMT2).ActiveCfg = Release|TwinCAT OS (ARMT2)
		{4DAA121E-5F85-4CCD-9C25-29F61E9446E2}.Release|TwinCAT OS (ARMT2).Build.0 = Release|TwinCAT OS (ARMT2)
		{4DAA121E-5F85-4CCD-9C25-29F61E9446E2}.Release|TwinCAT RT (x64).ActiveCfg = Release|TwinCAT RT (x64)
		{4DAA121E-5F85-4CCD-9C25-29F61E9446E2}.Release|TwinCAT RT (x64).Build.0 = Release|TwinCAT RT (x64)
		{4DAA121E-5F85-4CCD-9C25-29F61E9446E2}.Release|TwinCAT RT (x86).ActiveCfg = Release|TwinCAT RT (x86)
		{4DAA121E-5F85-4CCD-9C25-29F61E9446E2}.Release|TwinCAT RT (x86).Build.0 = Release|TwinCAT RT (x86)
		{01E0FD0C-A55D-4A8A-BDB4-C6672104EF4E}.Debug|TwinCAT CE7 (ARMV7).ActiveCfg = Debug|TwinCAT CE7 (ARMV7)
		{01E0FD0C-A55D-4A8A-BDB4-C6672104EF4E}.Debug|TwinCAT CE7 (ARMV7).Build.0 = Debug|TwinCAT CE7 (ARMV7)
		{01E0FD0C-A55D-4A8A-BDB4-C6672104EF4E}.Debug|TwinCAT OS (ARMT2).ActiveCfg = Debug|TwinCAT OS (ARMT2)
		{01E0FD0C-A55D-4A8A-BDB4-C6672104EF4E}.Debug|TwinCAT OS (ARMT2).Build.0 = Debug|TwinCAT OS (ARMT2)
		{01E0FD0C-A55D-4A8A-BDB4-C6672104EF4E}.Debug|TwinCAT RT (x64).ActiveCfg = Debug|TwinCAT RT (x64)
		{01E0FD0C-A55D-4A8A-BDB4-C6672104EF4E}.Debug|TwinCAT RT (x64).Build.0 = Debug|TwinCAT RT (x64)
		{01E0FD0C-A55D-4A8A-BDB4-C6672104EF4E}.Debug|TwinCAT RT (x86).ActiveCfg = Debug|TwinCAT RT (x86)
		{01E0FD0C-A55D-4A8A-BDB4-C6672104EF4E}.Debug|TwinCAT RT (x86).Build.0 = Debug|TwinCAT RT (x86)
		{01E0FD0C-A55D-4A8A-BDB4-C6672104EF4E}.Release|TwinCAT CE7 (ARMV7).ActiveCfg = Release|TwinCAT CE7 (ARMV7)
		{01E0FD0C-A55D-4A8A-BDB4-C6672104EF4E}.Release|TwinCAT CE7 (ARMV7).Build.0 = Release|TwinCAT CE7 (ARMV7)
		{01E0FD0C-A55D-4A8A-BDB4-C6672104EF4E}.Release|TwinCAT OS (ARMT2).ActiveCfg = Release|TwinCAT OS (ARMT2)
		{01E0FD0C-A55D-4A8A-BDB4-C6672104EF4E}.Release|TwinCAT OS (ARMT2).Build.0 = Release|TwinCAT OS (ARMT2)
		{01E0FD0C-A55D-4A8A-BDB4-C6672104EF4E}.Release|TwinCAT RT (x64).ActiveCfg = Release|TwinCAT RT (x64)
		{01E0FD0C-A55D-4A8A-BDB4-C6672104EF4E}.Release|TwinCAT RT (x64).Build.0 = Release|TwinCAT RT (x64)
		{01E0FD0C-A55D-4A8A-BDB4-C6672104EF4E}.Release|TwinCAT RT (x86).ActiveCfg = Release|TwinCAT RT (x86)
		{01E0FD0C-A55D-4A8A-BDB4-C6672104EF4E}.Release|TwinCAT RT (x86).Build.0 = Release|TwinCAT RT (x86)
		{0038E6CC-B1F5-43FD-82AB-0D8074D82937}.Debug|TwinCAT CE7 (ARMV7).ActiveCfg = Debug|TwinCAT CE7 (ARMV7)
		{0038E6CC-B1F5-43FD-82AB-0D8074D82937}.Debug|TwinCAT CE7 (ARMV7).Build.0 = Debug|TwinCAT CE7 (ARMV7)
		{0038E6CC-B1F5-43FD-82AB-0D8074D82937}.Debug|TwinCAT OS (ARMT2).ActiveCfg = Debug|TwinCAT OS (ARMT2)
		{0038E6CC-B1F5-43FD-82AB-0D8074D82937}.Debug|TwinCAT OS (ARMT2).Build.0 = Debug|TwinCAT OS (ARMT2)
		{0038E6CC-B1F5-43FD-82AB-0D8074D82937}.Debug|TwinCAT RT (x64).ActiveCfg = Debug|TwinCAT RT (x64)
		{0038E6CC-B1F5-43FD-82AB-0D8074D82937}.Debug|TwinCAT RT (x64).Build.0 = Debug|TwinCAT RT (x64)
		{0038E6CC-B1F5-43FD-82AB-0D8074D82937}.Debug|TwinCAT RT (x86).ActiveCfg = Debug|TwinCAT RT (x86)
		{0038E6CC-B1F5-43FD-82AB-0D8074D82937}.Debug|TwinCAT RT (x86).Build.0 = Debug|TwinCAT RT (x86)
		{0038E6CC-B1F5-43FD-82AB-0D8074D82937}.Release|TwinCAT CE7 (ARMV7).ActiveCfg = Release|TwinCAT CE7 (ARMV7)
		{0038E6CC-B1F5-43FD-82AB-0D8074D82937}.Release|TwinCAT CE7 (ARMV7).Build.0 = Release|TwinCAT CE7 (ARMV7)
		{0038E6CC-B1F5-43FD-82AB-0D8074D82937}.Release|TwinCAT OS (ARMT2).ActiveCfg = Release|TwinCAT OS (ARMT2)
		{0038E6CC-B1F5-43FD-82AB-0D8074D82937}.Release|TwinCAT OS (ARMT2).Build.0 = Release|TwinCAT OS (ARMT2)
		{0038E6CC-B1F5-43FD-82AB-0D8074D82937}.Release|TwinCAT RT (x64).ActiveCfg = Release|TwinCAT RT (x64)
		{0038E6CC-B1F5-43FD-82AB-0D8074D82937}.Release|TwinCAT RT (x64).Build.0 = Release|TwinCAT RT (x64)
		{0038E6CC-B1F5-43FD-82AB-0D8074D82937}.Release|TwinCAT RT (x86).ActiveCfg = Release|TwinCAT RT (x86)
		{0038E6CC-B1F5-43FD-82AB-0D8074D82937}.Release|TwinCAT RT (x86).Build.0 = Release|TwinCAT RT (x86)
		{149478A7-8081-46A5-8D4A-3BE00872899D}.Debug|TwinCAT CE7 (ARMV7).ActiveCfg = Debug|TwinCAT CE7 (ARMV7)
		{149478A7-8081-46A5-8D4A-3BE00872899D}.Debug|TwinCAT CE7 (ARMV7).Build.0 = Debug|TwinCAT CE7 (ARMV7)
		{149478A7-8081-46A5-8D4A-3BE00872899D}.Debug|TwinCAT OS (ARMT2).ActiveCfg = Debug|TwinCAT OS (ARMT2)
		{149478A7-8081-46A5-8D4A-3BE00872899D}.Debug|TwinCAT OS (ARMT2).Build.0 = Debug|TwinCAT OS (ARMT2)
		{149478A7-8081-46A5-8D4A-3BE00872899D}.Debug|TwinCAT RT (x64).ActiveCfg = Debug|TwinCAT RT (x64)
		{149478A7-8081-46A5-8D4A-3BE00872899D}.Debug|TwinCAT RT (x64).Build.0 = Debug|TwinCAT RT (x64)
		{149478A7-8081-46A5-8D4A-3BE00872899D}.Debug|TwinCAT RT (x86).ActiveCfg = Debug|TwinCAT RT (x86)
		{149478A7-8081-46A5-8D4A-3BE00872899D}.Debug|TwinCAT RT (x86).Build.0 = Debug|TwinCAT RT (x86)
		{149478A7-8081-46A5-8D4A-3BE00872899D}.Release|TwinCAT CE7 (ARMV7).ActiveCfg = Release|TwinCAT CE7 (ARMV7)
		{149478A7-8081-46A5-8D4A-3BE00872899D}.Release|TwinCAT CE7 (ARMV7).Build.0 = Release|TwinCAT CE7 (ARMV7)
		{149478A7-8081-46A5-8D4A-3BE00872899D}.Release|TwinCAT OS (ARMT2).ActiveCfg = Release|TwinCAT OS (ARMT2)
		{149478A7-8081-46A5-8D4A-3BE00872899D}.Release|TwinCAT OS (ARMT2).Build.0 = Release|TwinCAT OS (ARMT2)
		{149478A7-8081-46A5-8D4A-3BE00872899D}.Release|TwinCAT RT (x64).ActiveCfg = Release|TwinCAT RT (x64)
		{149478A7-8081-46A5-8D4A-3BE00872899D}.Release|TwinCAT RT (x64).Build.0 = Release|TwinCAT RT (x64)
		{149478A7-8081-46A5-8D4A-3BE00872899D}.Release|TwinCAT RT (x86).ActiveCfg = Release|TwinCAT RT (x86)
		{149478A7-8081-46A5-8D4A-3BE00872899D}.Release|TwinCAT RT (x86).Build.0 = Release|TwinCAT RT (x86)
		{704E28BA-CB82-4F03-8461-DCA264D2393B}.Debug|TwinCAT CE7 (ARMV7).ActiveCfg = Debug|TwinCAT CE7 (ARMV7)
		{704E28BA-CB82-4F03-8461-DCA264D2393B}.Debug|TwinCAT CE7 (ARMV7).Build.0 = Debug|TwinCAT CE7 (ARMV7)
		{704E28BA-CB82-4F03-8461-DCA264D2393B}.Debug|TwinCAT OS (ARMT2).ActiveCfg = Debug|TwinCAT OS (ARMT2)
		{704E28BA-CB82-4F03-8461-DCA264D2393B}.Debug|TwinCAT OS (ARMT2).Build.0 = Debug|TwinCAT OS (ARMT2)
		{704E28BA-CB82-4F03-8461-DCA264D2393B}.Debug|TwinCAT RT (x64).ActiveCfg = Debug|TwinCAT RT (x64)
		{704E28BA-CB82-4F03-8461-DCA264D2393B}.Debug|TwinCAT RT (x64).Build.0 = Debug|TwinCAT RT (x64)
		{704E28BA-CB82-4F03-8461-DCA264D2393B}.Debug|TwinCAT RT (x86).ActiveCfg = Debug|TwinCAT RT (x86)
		{704E28BA-CB82-4F03-8461-DCA264D2393B}.Debug|TwinCAT RT (x86).Build.0 = Debug|TwinCAT RT (x86)
		{704E28BA-CB82-4F03-8461-DCA264D2393B}.Release|TwinCAT CE7 (ARMV7).ActiveCfg = Release|TwinCAT CE7 (ARMV7)
		{704E28BA-CB82-4F03-8461-DCA264D2393B}.Release|TwinCAT CE7 (ARMV7).Build.0 = Release|TwinCAT CE7 (ARMV7)
		{704E28BA-CB82-4F03-8461-DCA264D2393B}.Release|TwinCAT OS (ARMT2).ActiveCfg = Release|TwinCAT OS (ARMT2)
		{704E28BA-CB82-4F03-8461-DCA264D2393B}.Release|TwinCAT OS (ARMT2).Build.0 = Release|TwinCAT OS (ARMT2)
		{704E28BA-CB82-4F03-8461-DCA264D2393B}.Release|TwinCAT RT (x64).ActiveCfg = Release|TwinCAT RT (x64)
		{704E28BA-CB82-4F03-8461-DCA264D2393B}.Release|TwinCAT RT (x64).Build.0 = Release|TwinCAT RT (x64)
		{704E28BA-CB82-4F03-8461-DCA264D2393B}.Release|TwinCAT RT (x86).ActiveCfg = Release|TwinCAT RT (x86)
		{704E28BA-CB82-4F03-8461-DCA264D2393B}.Release|TwinCAT RT (x86).Build.0 = Release|TwinCAT RT (x86)
		{DA386F90-FBD9-4869-A900-44A769439CB9}.Debug|TwinCAT CE7 (ARMV7).ActiveCfg = Debug|TwinCAT CE7 (ARMV7)
		{DA386F90-FBD9-4869-A900-44A769439CB9}.Debug|TwinCAT CE7 (ARMV7).Build.0 = Debug|TwinCAT CE7 (ARMV7)
		{DA386F90-FBD9-4869-A900-44A769439CB9}.Debug|TwinCAT OS (ARMT2).ActiveCfg = Debug|TwinCAT OS (ARMT2)
		{DA386F90-FBD9-4869-A900-44A769439CB9}.Debug|TwinCAT OS (ARMT2).Build.0 = Debug|TwinCAT OS (ARMT2)
		{DA386F90-FBD9-4869-A900-44A769439CB9}.Debug|TwinCAT RT (x64).ActiveCfg = Debug|TwinCAT RT (x64)
		{DA386F90-FBD9-4869-A900-44A769439CB9}.Debug|TwinCAT RT (x64).Build.0 = Debug|TwinCAT RT (x64)
		{DA386F90-FBD9-4869-A900-44A769439CB9}.Debug|TwinCAT RT (x86).ActiveCfg = Debug|TwinCAT RT (x86)
		{DA386F90-FBD9-4869-A900-44A769439CB9}.Debug|TwinCAT RT (x86).Build.0 = Debug|TwinCAT RT (x86)
		{DA386F90-FBD9-4869-A900-44A769439CB9}.Release|TwinCAT CE7 (ARMV7).ActiveCfg = Release|TwinCAT CE7 (ARMV7)
		{DA386F90-FBD9-4869-A900-44A769439CB9}.Release|TwinCAT CE7 (ARMV7).Build.0 = Release|TwinCAT CE7 (ARMV7)
		{DA386F90-FBD9-4869-A900-44A769439CB9}.Release|TwinCAT OS (ARMT2).ActiveCfg = Release|TwinCAT OS (ARMT2)
		{DA386F90-FBD9-4869-A900-44A769439CB9}.Release|TwinCAT OS (ARMT2).Build.0 = Release|TwinCAT OS (ARMT2)
		{DA386F90-FBD9-4869-A900-44A769439CB9}.Release|TwinCAT RT (x64).ActiveCfg = Release|TwinCAT RT (x64)
		{DA386F90-FBD9-4869-A900-44A769439CB9}.Release|TwinCAT RT (x64).Build.0 = Release|TwinCAT RT (x64)
		{DA386F90-FBD9-4869-A900-44A769439CB9}.Release|TwinCAT RT (x86).ActiveCfg = Release|TwinCAT RT (x86)
		{DA386F90-FBD9-4869-A900-44A769439CB9}.Release|TwinCAT RT (x86).Build.0 = Release|TwinCAT RT (x86)
		{38581805-55D0-4ABD-B7BE-489F402654BB}.Debug|TwinCAT CE7 (ARMV7).ActiveCfg = Debug|TwinCAT CE7 (ARMV7)
		{38581805-55D0-4ABD-B7BE-489F402654BB}.Debug|TwinCAT CE7 (ARMV7).Build.0 = Debug|TwinCAT CE7 (ARMV7)
		{38581805-55D0-4ABD-B7BE-489F402654BB}.Debug|TwinCAT OS (ARMT2).ActiveCfg = Debug|TwinCAT OS (ARMT2)
		{38581805-55D0-4ABD-B7BE-489F402654BB}.Debug|TwinCAT OS (ARMT2).Build.0 = Debug|TwinCAT OS (ARMT2)
		{38581805-55D0-4ABD-B7BE-489F402654BB}.Debug|TwinCAT RT (x64).ActiveCfg = Debug|TwinCAT RT (x64)
		{38581805-55D0-4ABD-B7BE-489F402654BB}.Debug|TwinCAT RT (x64).Build.0 = Debug|TwinCAT RT (x64)
		{38581805-55D0-4ABD-B7BE-489F402654BB}.Debug|TwinCAT RT (x86).ActiveCfg = Debug|TwinCAT RT (x86)
		{38581805-55D0-4ABD-B7BE-489F402654BB}.Debug|TwinCAT RT (x86).Build.0 = Debug|TwinCAT RT (x86)
		{38581805-55D0-4ABD-B7BE-489F402654BB}.Release|TwinCAT CE7 (ARMV7).ActiveCfg = Release|TwinCAT CE7 (ARMV7)
		{38581805-55D0-4ABD-B7BE-489F402654BB}.Release|TwinCAT CE7 (ARMV7).Build.0 = Release|TwinCAT CE7 (ARMV7)
		{38581805-55D0-4ABD-B7BE-489F402654BB}.Release|TwinCAT OS (ARMT2).ActiveCfg = Release|TwinCAT OS (ARMT2)
		{38581805-55D0-4ABD-B7BE-489F402654BB}.Release|TwinCAT OS (ARMT2).Build.0 = Release|TwinCAT OS (ARMT2)
		{38581805-55D0-4ABD-B7BE-489F402654BB}.Release|TwinCAT RT (x64).ActiveCfg = Release|TwinCAT RT (x64)
		{38581805-55D0-4ABD-B7BE-489F402654BB}.Release|TwinCAT RT (x64).Build.0 = Release|TwinCAT RT (x64)
		{38581805-55D0-4ABD-B7BE-489F402654BB}.Release|TwinCAT RT (x86).ActiveCfg = Release|TwinCAT RT (x86)
		{38581805-55D0-4ABD-B7BE-489F402654BB}.Release|TwinCAT RT (x86).Build.0 = Release|TwinCAT RT (x86)
		{A35D4FA3-30C1-4166-AC20-CD271F1DB17C}.Debug|TwinCAT CE7 (ARMV7).ActiveCfg = Debug|TwinCAT CE7 (ARMV7)
		{A35D4FA3-30C1-4166-AC20-CD271F1DB17C}.Debug|TwinCAT CE7 (ARMV7).Build.0 = Debug|TwinCAT CE7 (ARMV7)
		{A35D4FA3-30C1-4166-AC20-CD271F1DB17C}.Debug|TwinCAT OS (ARMT2).ActiveCfg = Debug|TwinCAT OS (ARMT2)
		{A35D4FA3-30C1-4166-AC20-CD271F1DB17C}.Debug|TwinCAT OS (ARMT2).Build.0 = Debug|TwinCAT OS (ARMT2)
		{A35D4FA3-30C1-4166-AC20-CD271F1DB17C}.Debug|TwinCAT RT (x64).ActiveCfg = Debug|TwinCAT RT (x64)
		{A35D4FA3-30C1-4166-AC20-CD271F1DB17C}.Debug|TwinCAT RT (x64).Build.0 = Debug|TwinCAT RT (x64)
		{A35D4FA3-30C1-4166-AC20-CD271F1DB17C}.Debug|TwinCAT RT (x86).ActiveCfg = Debug|TwinCAT RT (x86)
		{A35D4FA3-30C1-4166-AC20-CD271F1DB17C}.Debug|TwinCAT RT (x86).Build.0 = Debug|TwinCAT RT (x86)
		{A35D4FA3-30C1-4166-AC20-CD271F1DB17C}.Release|TwinCAT CE7 (ARMV7).ActiveCfg = Release|TwinCAT CE7 (ARMV7)
		{A35D4FA3-30C1-4166-AC20-CD271F1DB17C}.Release|TwinCAT CE7 (ARMV7).Build.0 = Release|TwinCAT CE7 (ARMV7)
		{A35D4FA3-30C1-4166-AC20-CD271F1DB17C}.Release|TwinCAT OS (ARMT2).ActiveCfg = Release|TwinCAT OS (ARMT2)
		{A35D4FA3-30C1-4166-AC20-CD271F1DB17C}.Release|TwinCAT OS (ARMT2).Build.0 = Release|TwinCAT OS (ARMT2)
		{A35D4FA3-30C1-4166-AC20-CD271F1DB17C}.Release|TwinCAT RT (x64).ActiveCfg = Release|TwinCAT RT (x64)
		{A35D4FA3-30C1-4166-AC20-CD271F1DB17C}.Release|TwinCAT RT (x64).Build.0 = Release|TwinCAT RT (x64)
		{A35D4FA3-30C1-4166-AC20-CD271F1DB17C}.Release|TwinCAT RT (x86).ActiveCfg = Release|TwinCAT RT (x86)
		{A35D4FA3-30C1-4166-AC20-CD271F1DB17C}.Release|TwinCAT RT (x86).Build.0 = Release|TwinCAT RT (x86)
		{571E5207-2233-49F2-AA92-10703C076C29}.Debug|TwinCAT CE7 (ARMV7).ActiveCfg = Debug|TwinCAT CE7 (ARMV7)
		{571E5207-2233-49F2-AA92-10703C076C29}.Debug|TwinCAT CE7 (ARMV7).Build.0 = Debug|TwinCAT CE7 (ARMV7)
		{571E5207-2233-49F2-AA92-10703C076C29}.Debug|TwinCAT OS (ARMT2).ActiveCfg = Debug|TwinCAT OS (ARMT2)
		{571E5207-2233-49F2-AA92-10703C076C29}.Debug|TwinCAT OS (ARMT2).Build.0 = Debug|TwinCAT OS (ARMT2)
		{571E5207-2233-49F2-AA92-10703C076C29}.Debug|TwinCAT RT (x64).ActiveCfg = Debug|TwinCAT RT (x64)
		{571E5207-2233-49F2-AA92-10703C076C29}.Debug|TwinCAT RT (x64).Build.0 = Debug|TwinCAT RT (x64)
		{571E5207-2233-49F2-AA92-10703C076C29}.Debug|TwinCAT RT (x86).ActiveCfg = Debug|TwinCAT RT (x86)
		{571E5207-2233-49F2-AA92-10703C076C29}.Debug|TwinCAT RT (x86).Build.0 = Debug|TwinCAT RT (x86)
		{571E5207-2233-49F2-AA92-10703C076C29}.Release|TwinCAT CE7 (ARMV7).ActiveCfg = Release|TwinCAT CE7 (ARMV7)
		{571E5207-2233-49F2-AA92-10703C076C29}.Release|TwinCAT CE7 (ARMV7).Build.0 = Release|TwinCAT CE7 (ARMV7)
		{571E5207-2233-49F2-AA92-10703C076C29}.Release|TwinCAT OS (ARMT2).ActiveCfg = Release|TwinCAT OS (ARMT2)
		{571E5207-2233-49F2-AA92-10703C076C29}.Release|TwinCAT OS (ARMT2).Build.0 = Release|TwinCAT OS (ARMT2)
		{571E5207-2233-49F2-AA92-10703C076C29}.Release|TwinCAT RT (x64).ActiveCfg = Release|TwinCAT RT (x64)
		{571E5207-2233-49F2-AA92-10703C076C29}.Release|TwinCAT RT (x64).Build.0 = Release|TwinCAT RT (x64)
		{571E5207-2233-49F2-AA92-10703C076C29}.Release|TwinCAT RT (x86).ActiveCfg = Release|TwinCAT RT (x86)
		{571E5207-2233-49F2-AA92-10703C076C29}.Release|TwinCAT RT (x86).Build.0 = Release|TwinCAT RT (x86)
		{69812633-BD50-47DF-AA33-51EE4EECB100}.Debug|TwinCAT CE7 (ARMV7).ActiveCfg = Debug|TwinCAT CE7 (ARMV7)
		{69812633-BD50-47DF-AA33-51EE4EECB100}.Debug|TwinCAT CE7 (ARMV7).Build.0 = Debug|TwinCAT CE7 (ARMV7)
		{69812633-BD50-47DF-AA33-51EE4EECB100}.Debug|TwinCAT OS (ARMT2).ActiveCfg = Debug|TwinCAT OS (ARMT2)
		{69812633-BD50-47DF-AA33-51EE4EECB100}.Debug|TwinCAT OS (ARMT2).Build.0 = Debug|TwinCAT OS (ARMT2)
		{69812633-BD50-47DF-AA33-51EE4EECB100}.Debug|TwinCAT RT (x64).ActiveCfg = Debug|TwinCAT RT (x64)
		{69812633-BD50-47DF-AA33-51EE4EECB100}.Debug|TwinCAT RT (x64).Build.0 = Debug|TwinCAT RT (x64)
		{69812633-BD50-47DF-AA33-51EE4EECB100}.Debug|TwinCAT RT (x86).ActiveCfg = Debug|TwinCAT RT (x86)
		{69812633-BD50-47DF-AA33-51EE4EECB100}.Debug|TwinCAT RT (x86).Build.0 = Debug|TwinCAT RT (x86)
		{69812633-BD50-47DF-AA33-51EE4EECB100}.Release|TwinCAT CE7 (ARMV7).ActiveCfg = Release|TwinCAT CE7 (ARMV7)
		{69812633-BD50-47DF-AA33-51EE4EECB100}.Release|TwinCAT CE7 (ARMV7).Build.0 = Release|TwinCAT CE7 (ARMV7)
		{69812633-BD50-47DF-AA33-51EE4EECB100}.Release|TwinCAT OS (ARMT2).ActiveCfg = Release|TwinCAT OS (ARMT2)
		{69812633-BD50-47DF-AA33-51EE4EECB100}.Release|TwinCAT OS (ARMT2).Build.0 = Release|TwinCAT OS (ARMT2)
		{69812633-BD50-47DF-AA33-51EE4EECB100}.Release|TwinCAT RT (x64).ActiveCfg = Release|TwinCAT RT (x64)
		{69812633-BD50-47DF-AA33-51EE4EECB100}.Release|TwinCAT RT (x64).Build.0 = Release|TwinCAT RT (x64)
		{69812633-BD50-47DF-AA33-51EE4EECB100}.Release|TwinCAT RT (x86).ActiveCfg = Release|TwinCAT RT (x86)
		{69812633-BD50-47DF-AA33-51EE4EECB100}.Release|TwinCAT RT (x86).Build.0 = Release|TwinCAT RT (x86)
		{12D724F6-F2DF-4EB1-A335-BEE087257490}.Debug|TwinCAT CE7 (ARMV7).ActiveCfg = Debug|TwinCAT CE7 (ARMV7)
		{12D724F6-F2DF-4EB1-A335-BEE087257490}.Debug|TwinCAT CE7 (ARMV7).Build.0 = Debug|TwinCAT CE7 (ARMV7)
		{12D724F6-F2DF-4EB1-A335-BEE087257490}.Debug|TwinCAT OS (ARMT2).ActiveCfg = Debug|TwinCAT OS (ARMT2)
		{12D724F6-F2DF-4EB1-A335-BEE087257490}.Debug|TwinCAT OS (ARMT2).Build.0 = Debug|TwinCAT OS (ARMT2)
		{12D724F6-F2DF-4EB1-A335-BEE087257490}.Debug|TwinCAT RT (x64).ActiveCfg = Debug|TwinCAT RT (x64)
		{12D724F6-F2DF-4EB1-A335-BEE087257490}.Debug|TwinCAT RT (x64).Build.0 = Debug|TwinCAT RT (x64)
		{12D724F6-F2DF-4EB1-A335-BEE087257490}.Debug|TwinCAT RT (x86).ActiveCfg = Debug|TwinCAT RT (x86)
		{12D724F6-F2DF-4EB1-A335-BEE087257490}.Debug|TwinCAT RT (x86).Build.0 = Debug|TwinCAT RT (x86)
		{12D724F6-F2DF-4EB1-A335-BEE087257490}.Release|TwinCAT CE7 (ARMV7).ActiveCfg = Release|TwinCAT CE7 (ARMV7)
		{12D724F6-F2DF-4EB1-A335-BEE087257490}.Release|TwinCAT CE7 (ARMV7).Build.0 = Release|TwinCAT CE7 (ARMV7)
		{12D724F6-F2DF-4EB1-A335-BEE087257490}.Release|TwinCAT OS (ARMT2).ActiveCfg = Release|TwinCAT OS (ARMT2)
		{12D724F6-F2DF-4EB1-A335-BEE087257490}.Release|TwinCAT OS (ARMT2).Build.0 = Release|TwinCAT OS (ARMT2)
		{12D724F6-F2DF-4EB1-A335-BEE087257490}.Release|TwinCAT RT (x64).ActiveCfg = Release|TwinCAT RT (x64)
		{12D724F6-F2DF-4EB1-A335-BEE087257490}.Release|TwinCAT RT (x64).Build.0 = Release|TwinCAT RT (x64)
		{12D724F6-F2DF-4EB1-A335-BEE087257490}.Release|TwinCAT RT (x86).ActiveCfg = Release|TwinCAT RT (x86)
		{12D724F6-F2DF-4EB1-A335-BEE087257490}.Release|TwinCAT RT (x86).Build.0 = Release|TwinCAT RT (x86)
		{638A7240-4458-4086-ACC9-D7E79D492F0B}.Debug|TwinCAT CE7 (ARMV7).ActiveCfg = Debug|TwinCAT CE7 (ARMV7)
		{638A7240-4458-4086-ACC9-D7E79D492F0B}.Debug|TwinCAT CE7 (ARMV7).Build.0 = Debug|TwinCAT CE7 (ARMV7)
		{638A7240-4458-4086-ACC9-D7E79D492F0B}.Debug|TwinCAT OS (ARMT2).ActiveCfg = Debug|TwinCAT OS (ARMT2)
		{638A7240-4458-4086-ACC9-D7E79D492F0B}.Debug|TwinCAT OS (ARMT2).Build.0 = Debug|TwinCAT OS (ARMT2)
		{638A7240-4458-4086-ACC9-D7E79D492F0B}.Debug|TwinCAT RT (x64).ActiveCfg = Debug|TwinCAT RT (x64)
		{638A7240-4458-4086-ACC9-D7E79D492F0B}.Debug|TwinCAT RT (x64).Build.0 = Debug|TwinCAT RT (x64)
		{638A7240-4458-4086-ACC9-D7E79D492F0B}.Debug|TwinCAT RT (x86).ActiveCfg = Debug|TwinCAT RT (x86)
		{638A7240-4458-4086-ACC9-D7E79D492F0B}.Debug|TwinCAT RT (x86).Build.0 = Debug|TwinCAT RT (x86)
		{638A7240-4458-4086-ACC9-D7E79D492F0B}.Release|TwinCAT CE7 (ARMV7).ActiveCfg = Release|TwinCAT CE7 (ARMV7)
		{638A7240-4458-4086-ACC9-D7E79D492F0B}.Release|TwinCAT CE7 (ARMV7).Build.0 = Release|TwinCAT CE7 (ARMV7)
		{638A7240-4458-4086-ACC9-D7E79D492F0B}.Release|TwinCAT OS (ARMT2).ActiveCfg = Release|TwinCAT OS (ARMT2)
		{638A7240-4458-4086-ACC9-D7E79D492F0B}.Release|TwinCAT OS (ARMT2).Build.0 = Release|TwinCAT OS (ARMT2)
		{638A7240-4458-4086-ACC9-D7E79D492F0B}.Release|TwinCAT RT (x64).ActiveCfg = Release|TwinCAT RT (x64)
		{638A7240-4458-4086-ACC9-D7E79D492F0B}.Release|TwinCAT RT (x64).Build.0 = Release|TwinCAT RT (x64)
		{638A7240-4458-4086-ACC9-D7E79D492F0B}.Release|TwinCAT RT (x86).ActiveCfg = Release|TwinCAT RT (x86)
		{638A7240-4458-4086-ACC9-D7E79D492F0B}.Release|TwinCAT RT (x86).Build.0 = Release|TwinCAT RT (x86)
		{06292182-C110-4EA4-99F2-23EF30BAD146}.Debug|TwinCAT CE7 (ARMV7).ActiveCfg = Debug|TwinCAT CE7 (ARMV7)
		{06292182-C110-4EA4-99F2-23EF30BAD146}.Debug|TwinCAT CE7 (ARMV7).Build.0 = Debug|TwinCAT CE7 (ARMV7)
		{06292182-C110-4EA4-99F2-23EF30BAD146}.Debug|TwinCAT OS (ARMT2).ActiveCfg = Debug|TwinCAT OS (ARMT2)
		{06292182-C110-4EA4-99F2-23EF30BAD146}.Debug|TwinCAT OS (ARMT2).Build.0 = Debug|TwinCAT OS (ARMT2)
		{06292182-C110-4EA4-99F2-23EF30BAD146}.Debug|TwinCAT RT (x64).ActiveCfg = Debug|TwinCAT RT (x64)
		{06292182-C110-4EA4-99F2-23EF30BAD146}.Debug|TwinCAT RT (x64).Build.0 = Debug|TwinCAT RT (x64)
		{06292182-C110-4EA4-99F2-23EF30BAD146}.Debug|TwinCAT RT (x86).ActiveCfg = Debug|TwinCAT RT (x86)
		{06292182-C110-4EA4-99F2-23EF30BAD146}.Debug|TwinCAT RT (x86).Build.0 = Debug|TwinCAT RT (x86)
		{06292182-C110-4EA4-99F2-23EF30BAD146}.Release|TwinCAT CE7 (ARMV7).ActiveCfg = Release|TwinCAT CE7 (ARMV7)
		{06292182-C110-4EA4-99F2-23EF30BAD146}.Release|TwinCAT CE7 (ARMV7).Build.0 = Release|TwinCAT CE7 (ARMV7)
		{06292182-C110-4EA4-99F2-23EF30BAD146}.Release|TwinCAT OS (ARMT2).ActiveCfg = Release|TwinCAT OS (ARMT2)
		{06292182-C110-4EA4-99F2-23EF30BAD146}.Release|TwinCAT OS (ARMT2).Build.0 = Release|TwinCAT OS (ARMT2)
		{06292182-C110-4EA4-99F2-23EF30BAD146}.Release|TwinCAT RT (x64).ActiveCfg = Release|TwinCAT RT (x64)
		{06292182-C110-4EA4-99F2-23EF30BAD146}.Release|TwinCAT RT (x64).Build.0 = Release|TwinCAT RT (x64)
		{06292182-C110-4EA4-99F2-23EF30BAD146}.Release|TwinCAT RT (x86).ActiveCfg = Release|TwinCAT RT (x86)
		{06292182-C110-4EA4-99F2-23EF30BAD146}.Release|TwinCAT RT (x86).Build.0 = Release|TwinCAT RT (x86)
	EndGlobalSection
	GlobalSection(SolutionProperties) = preSolution
		HideSolutionNode = FALSE
	EndGlobalSection
	GlobalSection(ExtensibilityGlobals) = postSolution
		SolutionGuid = {50CE9545-8E23-47F5-98B2-171395D348B1}
	EndGlobalSection
EndGlobal
