
Microsoft Visual Studio Solution File, Format Version 12.00
# Visual Studio 15
VisualStudioVersion = 15.0.28307.1062
MinimumVisualStudioVersion = 10.0.40219.1
Project("{B1E792BE-AA5F-4E3C-8C82-674BF9C0715B}") = "Villa Armin Sageder", "Villa Armin Sageder\Villa Armin Sageder.tsproj", "{7BFBADDE-1478-4552-8FE1-32FEB17F89FE}"
EndProject
Global
	GlobalSection(SolutionConfigurationPlatforms) = preSolution
		Debug|TwinCAT CE7 (ARMV7) = Debug|TwinCAT CE7 (ARMV7)
		Debug|TwinCAT OS (ARMT2) = Debug|TwinCAT OS (ARMT2)
		Debug|TwinCAT RT (x64) = Debug|TwinCAT RT (x64)
		Debug|TwinCAT RT (x86) = Debug|TwinCAT RT (x86)
		Release|TwinCAT CE7 (ARMV7) = Release|TwinCAT CE7 (ARMV7)
		Release|TwinCAT OS (ARMT2) = Release|TwinCAT OS (ARMT2)
		Release|TwinCAT RT (x64) = Release|TwinCAT RT (x64)
		Release|TwinCAT RT (x86) = Release|TwinCAT RT (x86)
	EndGlobalSection
	GlobalSection(ProjectConfigurationPlatforms) = postSolution
		{7BFBADDE-1478-4552-8FE1-32FEB17F89FE}.Debug|TwinCAT CE7 (ARMV7).ActiveCfg = Debug|TwinCAT CE7 (ARMV7)
		{7BFBADDE-1478-4552-8FE1-32FEB17F89FE}.Debug|TwinCAT CE7 (ARMV7).Build.0 = Debug|TwinCAT CE7 (ARMV7)
		{7BFBADDE-1478-4552-8FE1-32FEB17F89FE}.Debug|TwinCAT OS (ARMT2).ActiveCfg = Debug|TwinCAT OS (ARMT2)
		{7BFBADDE-1478-4552-8FE1-32FEB17F89FE}.Debug|TwinCAT OS (ARMT2).Build.0 = Debug|TwinCAT OS (ARMT2)
		{7BFBADDE-1478-4552-8FE1-32FEB17F89FE}.Debug|TwinCAT RT (x64).ActiveCfg = Debug|TwinCAT RT (x64)
		{7BFBADDE-1478-4552-8FE1-32FEB17F89FE}.Debug|TwinCAT RT (x64).Build.0 = Debug|TwinCAT RT (x64)
		{7BFBADDE-1478-4552-8FE1-32FEB17F89FE}.Debug|TwinCAT RT (x86).ActiveCfg = Debug|TwinCAT RT (x86)
		{7BFBADDE-1478-4552-8FE1-32FEB17F89FE}.Debug|TwinCAT RT (x86).Build.0 = Debug|TwinCAT RT (x86)
		{7BFBADDE-1478-4552-8FE1-32FEB17F89FE}.Release|TwinCAT CE7 (ARMV7).ActiveCfg = Release|TwinCAT CE7 (ARMV7)
		{7BFBADDE-1478-4552-8FE1-32FEB17F89FE}.Release|TwinCAT CE7 (ARMV7).Build.0 = Release|TwinCAT CE7 (ARMV7)
		{7BFBADDE-1478-4552-8FE1-32FEB17F89FE}.Release|TwinCAT OS (ARMT2).ActiveCfg = Release|TwinCAT OS (ARMT2)
		{7BFBADDE-1478-4552-8FE1-32FEB17F89FE}.Release|TwinCAT OS (ARMT2).Build.0 = Release|TwinCAT OS (ARMT2)
		{7BFBADDE-1478-4552-8FE1-32FEB17F89FE}.Release|TwinCAT RT (x64).ActiveCfg = Release|TwinCAT RT (x64)
		{7BFBADDE-1478-4552-8FE1-32FEB17F89FE}.Release|TwinCAT RT (x64).Build.0 = Release|TwinCAT RT (x64)
		{7BFBADDE-1478-4552-8FE1-32FEB17F89FE}.Release|TwinCAT RT (x86).ActiveCfg = Release|TwinCAT RT (x86)
		{7BFBADDE-1478-4552-8FE1-32FEB17F89FE}.Release|TwinCAT RT (x86).Build.0 = Release|TwinCAT RT (x86)
		{D16777C5-A352-4339-BAD1-F0201ADD8547}.Debug|TwinCAT CE7 (ARMV7).ActiveCfg = Debug|TwinCAT CE7 (ARMV7)
		{D16777C5-A352-4339-BAD1-F0201ADD8547}.Debug|TwinCAT CE7 (ARMV7).Build.0 = Debug|TwinCAT CE7 (ARMV7)
		{D16777C5-A352-4339-BAD1-F0201ADD8547}.Debug|TwinCAT OS (ARMT2).ActiveCfg = Debug|TwinCAT OS (ARMT2)
		{D16777C5-A352-4339-BAD1-F0201ADD8547}.Debug|TwinCAT OS (ARMT2).Build.0 = Debug|TwinCAT OS (ARMT2)
		{D16777C5-A352-4339-BAD1-F0201ADD8547}.Debug|TwinCAT RT (x64).ActiveCfg = Debug|TwinCAT RT (x64)
		{D16777C5-A352-4339-BAD1-F0201ADD8547}.Debug|TwinCAT RT (x64).Build.0 = Debug|TwinCAT RT (x64)
		{D16777C5-A352-4339-BAD1-F0201ADD8547}.Debug|TwinCAT RT (x86).ActiveCfg = Debug|TwinCAT RT (x86)
		{D16777C5-A352-4339-BAD1-F0201ADD8547}.Debug|TwinCAT RT (x86).Build.0 = Debug|TwinCAT RT (x86)
		{D16777C5-A352-4339-BAD1-F0201ADD8547}.Release|TwinCAT CE7 (ARMV7).ActiveCfg = Release|TwinCAT CE7 (ARMV7)
		{D16777C5-A352-4339-BAD1-F0201ADD8547}.Release|TwinCAT CE7 (ARMV7).Build.0 = Release|TwinCAT CE7 (ARMV7)
		{D16777C5-A352-4339-BAD1-F0201ADD8547}.Release|TwinCAT OS (ARMT2).ActiveCfg = Release|TwinCAT OS (ARMT2)
		{D16777C5-A352-4339-BAD1-F0201ADD8547}.Release|TwinCAT OS (ARMT2).Build.0 = Release|TwinCAT OS (ARMT2)
		{D16777C5-A352-4339-BAD1-F0201ADD8547}.Release|TwinCAT RT (x64).ActiveCfg = Release|TwinCAT RT (x64)
		{D16777C5-A352-4339-BAD1-F0201ADD8547}.Release|TwinCAT RT (x64).Build.0 = Release|TwinCAT RT (x64)
		{D16777C5-A352-4339-BAD1-F0201ADD8547}.Release|TwinCAT RT (x86).ActiveCfg = Release|TwinCAT RT (x86)
		{D16777C5-A352-4339-BAD1-F0201ADD8547}.Release|TwinCAT RT (x86).Build.0 = Release|TwinCAT RT (x86)
	EndGlobalSection
	GlobalSection(SolutionProperties) = preSolution
		HideSolutionNode = FALSE
	EndGlobalSection
	GlobalSection(ExtensibilityGlobals) = postSolution
		SolutionGuid = {55BC2967-601D-46FF-9105-8EC73E01B516}
	EndGlobalSection
EndGlobal
