
Microsoft Visual Studio Solution File, Format Version 12.00
# TcXaeShell Solution File, Format Version 11.00
VisualStudioVersion = 15.0.33403.129
MinimumVisualStudioVersion = 10.0.40219.1
Project("{DFBE7525-6864-4E62-8B2E-D530D69D9D96}") = "SSP-M", "SSP-M\SSP-M.tspproj", "{2C8D13B4-49B2-4ECE-8555-9F53DF3A272C}"
EndProject
Project("{B1E792BE-AA5F-4E3C-8C82-674BF9C0715B}") = "EIOSM000003", "EIOSM000003\EIOSM000003.tsproj", "{42685E54-5A84-4566-804F-865A75BE7FC9}"
EndProject
Global
	GlobalSection(SolutionConfigurationPlatforms) = preSolution
		Debug|TwinCAT CE7 (ARMV7) = Debug|TwinCAT CE7 (ARMV7)
		Debug|TwinCAT OS (ARMT2) = Debug|TwinCAT OS (ARMT2)
		Debug|TwinCAT RT (x64) = Debug|TwinCAT RT (x64)
		Debug|TwinCAT RT (x86) = Debug|TwinCAT RT (x86)
		Release|TwinCAT CE7 (ARMV7) = Release|TwinCAT CE7 (ARMV7)
		Release|TwinCAT OS (ARMT2) = Release|TwinCAT OS (ARMT2)
		Release|TwinCAT RT (x64) = Release|TwinCAT RT (x64)
		Release|TwinCAT RT (x86) = Release|TwinCAT RT (x86)
	EndGlobalSection
	GlobalSection(ProjectConfigurationPlatforms) = postSolution
		{2C8D13B4-49B2-4ECE-8555-9F53DF3A272C}.Debug|TwinCAT CE7 (ARMV7).ActiveCfg = Debug|TwinCAT CE7 (ARMV7)
		{2C8D13B4-49B2-4ECE-8555-9F53DF3A272C}.Debug|TwinCAT CE7 (ARMV7).Build.0 = Debug|TwinCAT CE7 (ARMV7)
		{2C8D13B4-49B2-4ECE-8555-9F53DF3A272C}.Debug|TwinCAT OS (ARMT2).ActiveCfg = Debug|TwinCAT OS (ARMT2)
		{2C8D13B4-49B2-4ECE-8555-9F53DF3A272C}.Debug|TwinCAT OS (ARMT2).Build.0 = Debug|TwinCAT OS (ARMT2)
		{2C8D13B4-49B2-4ECE-8555-9F53DF3A272C}.Debug|TwinCAT RT (x64).ActiveCfg = Debug|TwinCAT RT (x64)
		{2C8D13B4-49B2-4ECE-8555-9F53DF3A272C}.Debug|TwinCAT RT (x64).Build.0 = Debug|TwinCAT RT (x64)
		{2C8D13B4-49B2-4ECE-8555-9F53DF3A272C}.Debug|TwinCAT RT (x86).ActiveCfg = Debug|TwinCAT RT (x86)
		{2C8D13B4-49B2-4ECE-8555-9F53DF3A272C}.Debug|TwinCAT RT (x86).Build.0 = Debug|TwinCAT RT (x86)
		{2C8D13B4-49B2-4ECE-8555-9F53DF3A272C}.Release|TwinCAT CE7 (ARMV7).ActiveCfg = Release|TwinCAT CE7 (ARMV7)
		{2C8D13B4-49B2-4ECE-8555-9F53DF3A272C}.Release|TwinCAT CE7 (ARMV7).Build.0 = Release|TwinCAT CE7 (ARMV7)
		{2C8D13B4-49B2-4ECE-8555-9F53DF3A272C}.Release|TwinCAT OS (ARMT2).ActiveCfg = Release|TwinCAT OS (ARMT2)
		{2C8D13B4-49B2-4ECE-8555-9F53DF3A272C}.Release|TwinCAT OS (ARMT2).Build.0 = Release|TwinCAT OS (ARMT2)
		{2C8D13B4-49B2-4ECE-8555-9F53DF3A272C}.Release|TwinCAT RT (x64).ActiveCfg = Release|TwinCAT RT (x64)
		{2C8D13B4-49B2-4ECE-8555-9F53DF3A272C}.Release|TwinCAT RT (x64).Build.0 = Release|TwinCAT RT (x64)
		{2C8D13B4-49B2-4ECE-8555-9F53DF3A272C}.Release|TwinCAT RT (x86).ActiveCfg = Release|TwinCAT RT (x86)
		{2C8D13B4-49B2-4ECE-8555-9F53DF3A272C}.Release|TwinCAT RT (x86).Build.0 = Release|TwinCAT RT (x86)
		{E657CB7A-7574-4EA4-8B1B-BD342C25723E}.Debug|TwinCAT CE7 (ARMV7).ActiveCfg = Debug|TwinCAT CE7 (ARMV7)
		{E657CB7A-7574-4EA4-8B1B-BD342C25723E}.Debug|TwinCAT CE7 (ARMV7).Build.0 = Debug|TwinCAT CE7 (ARMV7)
		{E657CB7A-7574-4EA4-8B1B-BD342C25723E}.Debug|TwinCAT OS (ARMT2).ActiveCfg = Debug|TwinCAT OS (ARMT2)
		{E657CB7A-7574-4EA4-8B1B-BD342C25723E}.Debug|TwinCAT OS (ARMT2).Build.0 = Debug|TwinCAT OS (ARMT2)
		{E657CB7A-7574-4EA4-8B1B-BD342C25723E}.Debug|TwinCAT RT (x64).ActiveCfg = Debug|TwinCAT RT (x64)
		{E657CB7A-7574-4EA4-8B1B-BD342C25723E}.Debug|TwinCAT RT (x64).Build.0 = Debug|TwinCAT RT (x64)
		{E657CB7A-7574-4EA4-8B1B-BD342C25723E}.Debug|TwinCAT RT (x86).ActiveCfg = Debug|TwinCAT RT (x86)
		{E657CB7A-7574-4EA4-8B1B-BD342C25723E}.Debug|TwinCAT RT (x86).Build.0 = Debug|TwinCAT RT (x86)
		{E657CB7A-7574-4EA4-8B1B-BD342C25723E}.Release|TwinCAT CE7 (ARMV7).ActiveCfg = Release|TwinCAT CE7 (ARMV7)
		{E657CB7A-7574-4EA4-8B1B-BD342C25723E}.Release|TwinCAT CE7 (ARMV7).Build.0 = Release|TwinCAT CE7 (ARMV7)
		{E657CB7A-7574-4EA4-8B1B-BD342C25723E}.Release|TwinCAT OS (ARMT2).ActiveCfg = Release|TwinCAT OS (ARMT2)
		{E657CB7A-7574-4EA4-8B1B-BD342C25723E}.Release|TwinCAT OS (ARMT2).Build.0 = Release|TwinCAT OS (ARMT2)
		{E657CB7A-7574-4EA4-8B1B-BD342C25723E}.Release|TwinCAT RT (x64).ActiveCfg = Release|TwinCAT RT (x64)
		{E657CB7A-7574-4EA4-8B1B-BD342C25723E}.Release|TwinCAT RT (x64).Build.0 = Release|TwinCAT RT (x64)
		{E657CB7A-7574-4EA4-8B1B-BD342C25723E}.Release|TwinCAT RT (x86).ActiveCfg = Release|TwinCAT RT (x86)
		{E657CB7A-7574-4EA4-8B1B-BD342C25723E}.Release|TwinCAT RT (x86).Build.0 = Release|TwinCAT RT (x86)
		{42685E54-5A84-4566-804F-865A75BE7FC9}.Debug|TwinCAT CE7 (ARMV7).ActiveCfg = Debug|TwinCAT CE7 (ARMV7)
		{42685E54-5A84-4566-804F-865A75BE7FC9}.Debug|TwinCAT CE7 (ARMV7).Build.0 = Debug|TwinCAT CE7 (ARMV7)
		{42685E54-5A84-4566-804F-865A75BE7FC9}.Debug|TwinCAT OS (ARMT2).ActiveCfg = Debug|TwinCAT OS (ARMT2)
		{42685E54-5A84-4566-804F-865A75BE7FC9}.Debug|TwinCAT OS (ARMT2).Build.0 = Debug|TwinCAT OS (ARMT2)
		{42685E54-5A84-4566-804F-865A75BE7FC9}.Debug|TwinCAT RT (x64).ActiveCfg = Debug|TwinCAT RT (x64)
		{42685E54-5A84-4566-804F-865A75BE7FC9}.Debug|TwinCAT RT (x64).Build.0 = Debug|TwinCAT RT (x64)
		{42685E54-5A84-4566-804F-865A75BE7FC9}.Debug|TwinCAT RT (x86).ActiveCfg = Debug|TwinCAT RT (x86)
		{42685E54-5A84-4566-804F-865A75BE7FC9}.Debug|TwinCAT RT (x86).Build.0 = Debug|TwinCAT RT (x86)
		{42685E54-5A84-4566-804F-865A75BE7FC9}.Release|TwinCAT CE7 (ARMV7).ActiveCfg = Release|TwinCAT CE7 (ARMV7)
		{42685E54-5A84-4566-804F-865A75BE7FC9}.Release|TwinCAT CE7 (ARMV7).Build.0 = Release|TwinCAT CE7 (ARMV7)
		{42685E54-5A84-4566-804F-865A75BE7FC9}.Release|TwinCAT OS (ARMT2).ActiveCfg = Release|TwinCAT OS (ARMT2)
		{42685E54-5A84-4566-804F-865A75BE7FC9}.Release|TwinCAT OS (ARMT2).Build.0 = Release|TwinCAT OS (ARMT2)
		{42685E54-5A84-4566-804F-865A75BE7FC9}.Release|TwinCAT RT (x64).ActiveCfg = Release|TwinCAT RT (x64)
		{42685E54-5A84-4566-804F-865A75BE7FC9}.Release|TwinCAT RT (x64).Build.0 = Release|TwinCAT RT (x64)
		{42685E54-5A84-4566-804F-865A75BE7FC9}.Release|TwinCAT RT (x86).ActiveCfg = Release|TwinCAT RT (x86)
		{42685E54-5A84-4566-804F-865A75BE7FC9}.Release|TwinCAT RT (x86).Build.0 = Release|TwinCAT RT (x86)
	EndGlobalSection
	GlobalSection(SolutionProperties) = preSolution
		HideSolutionNode = FALSE
	EndGlobalSection
	GlobalSection(ExtensibilityGlobals) = postSolution
		SolutionGuid = {3EDCE62D-7A9B-409C-B7DA-F85C77BF3006}
	EndGlobalSection
EndGlobal
