
Microsoft Visual Studio Solution File, Format Version 12.00
# TcXaeShell Solution File, Format Version 11.00
VisualStudioVersion = 15.0.33403.129
MinimumVisualStudioVersion = 10.0.40219.1
Project("{B1E792BE-AA5F-4E3C-8C82-674BF9C0715B}") = "BE_7000_Theresianum", "BE_7000_Theresianum\BE_7000_Theresianum.tsproj", "{F43AAEE5-2463-4A44-850D-FA184E344BDB}"
EndProject
Global
	GlobalSection(SolutionConfigurationPlatforms) = preSolution
		Debug|TwinCAT CE7 (ARMV7) = Debug|TwinCAT CE7 (ARMV7)
		Debug|TwinCAT OS (ARMT2) = Debug|TwinCAT OS (ARMT2)
		Debug|TwinCAT RT (x64) = Debug|TwinCAT RT (x64)
		Debug|TwinCAT RT (x86) = Debug|TwinCAT RT (x86)
		Release|TwinCAT CE7 (ARMV7) = Release|TwinCAT CE7 (ARMV7)
		Release|TwinCAT OS (ARMT2) = Release|TwinCAT OS (ARMT2)
		Release|TwinCAT RT (x64) = Release|TwinCAT RT (x64)
		Release|TwinCAT RT (x86) = Release|TwinCAT RT (x86)
	EndGlobalSection
	GlobalSection(ProjectConfigurationPlatforms) = postSolution
		{F43AAEE5-2463-4A44-850D-FA184E344BDB}.Debug|TwinCAT CE7 (ARMV7).ActiveCfg = Debug|TwinCAT CE7 (ARMV7)
		{F43AAEE5-2463-4A44-850D-FA184E344BDB}.Debug|TwinCAT CE7 (ARMV7).Build.0 = Debug|TwinCAT CE7 (ARMV7)
		{F43AAEE5-2463-4A44-850D-FA184E344BDB}.Debug|TwinCAT OS (ARMT2).ActiveCfg = Debug|TwinCAT OS (ARMT2)
		{F43AAEE5-2463-4A44-850D-FA184E344BDB}.Debug|TwinCAT OS (ARMT2).Build.0 = Debug|TwinCAT OS (ARMT2)
		{F43AAEE5-2463-4A44-850D-FA184E344BDB}.Debug|TwinCAT RT (x64).ActiveCfg = Debug|TwinCAT RT (x64)
		{F43AAEE5-2463-4A44-850D-FA184E344BDB}.Debug|TwinCAT RT (x64).Build.0 = Debug|TwinCAT RT (x64)
		{F43AAEE5-2463-4A44-850D-FA184E344BDB}.Debug|TwinCAT RT (x86).ActiveCfg = Debug|TwinCAT RT (x86)
		{F43AAEE5-2463-4A44-850D-FA184E344BDB}.Debug|TwinCAT RT (x86).Build.0 = Debug|TwinCAT RT (x86)
		{F43AAEE5-2463-4A44-850D-FA184E344BDB}.Release|TwinCAT CE7 (ARMV7).ActiveCfg = Release|TwinCAT CE7 (ARMV7)
		{F43AAEE5-2463-4A44-850D-FA184E344BDB}.Release|TwinCAT CE7 (ARMV7).Build.0 = Release|TwinCAT CE7 (ARMV7)
		{F43AAEE5-2463-4A44-850D-FA184E344BDB}.Release|TwinCAT OS (ARMT2).ActiveCfg = Release|TwinCAT OS (ARMT2)
		{F43AAEE5-2463-4A44-850D-FA184E344BDB}.Release|TwinCAT OS (ARMT2).Build.0 = Release|TwinCAT OS (ARMT2)
		{F43AAEE5-2463-4A44-850D-FA184E344BDB}.Release|TwinCAT RT (x64).ActiveCfg = Release|TwinCAT RT (x64)
		{F43AAEE5-2463-4A44-850D-FA184E344BDB}.Release|TwinCAT RT (x64).Build.0 = Release|TwinCAT RT (x64)
		{F43AAEE5-2463-4A44-850D-FA184E344BDB}.Release|TwinCAT RT (x86).ActiveCfg = Release|TwinCAT RT (x86)
		{F43AAEE5-2463-4A44-850D-FA184E344BDB}.Release|TwinCAT RT (x86).Build.0 = Release|TwinCAT RT (x86)
		{8FEAD213-FC6A-4A7C-8BD7-23AFCFDB6132}.Debug|TwinCAT CE7 (ARMV7).ActiveCfg = Debug|TwinCAT CE7 (ARMV7)
		{8FEAD213-FC6A-4A7C-8BD7-23AFCFDB6132}.Debug|TwinCAT CE7 (ARMV7).Build.0 = Debug|TwinCAT CE7 (ARMV7)
		{8FEAD213-FC6A-4A7C-8BD7-23AFCFDB6132}.Debug|TwinCAT OS (ARMT2).ActiveCfg = Debug|TwinCAT OS (ARMT2)
		{8FEAD213-FC6A-4A7C-8BD7-23AFCFDB6132}.Debug|TwinCAT OS (ARMT2).Build.0 = Debug|TwinCAT OS (ARMT2)
		{8FEAD213-FC6A-4A7C-8BD7-23AFCFDB6132}.Debug|TwinCAT RT (x64).ActiveCfg = Debug|TwinCAT RT (x64)
		{8FEAD213-FC6A-4A7C-8BD7-23AFCFDB6132}.Debug|TwinCAT RT (x64).Build.0 = Debug|TwinCAT RT (x64)
		{8FEAD213-FC6A-4A7C-8BD7-23AFCFDB6132}.Debug|TwinCAT RT (x86).ActiveCfg = Debug|TwinCAT RT (x86)
		{8FEAD213-FC6A-4A7C-8BD7-23AFCFDB6132}.Debug|TwinCAT RT (x86).Build.0 = Debug|TwinCAT RT (x86)
		{8FEAD213-FC6A-4A7C-8BD7-23AFCFDB6132}.Release|TwinCAT CE7 (ARMV7).ActiveCfg = Release|TwinCAT CE7 (ARMV7)
		{8FEAD213-FC6A-4A7C-8BD7-23AFCFDB6132}.Release|TwinCAT CE7 (ARMV7).Build.0 = Release|TwinCAT CE7 (ARMV7)
		{8FEAD213-FC6A-4A7C-8BD7-23AFCFDB6132}.Release|TwinCAT OS (ARMT2).ActiveCfg = Release|TwinCAT OS (ARMT2)
		{8FEAD213-FC6A-4A7C-8BD7-23AFCFDB6132}.Release|TwinCAT OS (ARMT2).Build.0 = Release|TwinCAT OS (ARMT2)
		{8FEAD213-FC6A-4A7C-8BD7-23AFCFDB6132}.Release|TwinCAT RT (x64).ActiveCfg = Release|TwinCAT RT (x64)
		{8FEAD213-FC6A-4A7C-8BD7-23AFCFDB6132}.Release|TwinCAT RT (x64).Build.0 = Release|TwinCAT RT (x64)
		{8FEAD213-FC6A-4A7C-8BD7-23AFCFDB6132}.Release|TwinCAT RT (x86).ActiveCfg = Release|TwinCAT RT (x86)
		{8FEAD213-FC6A-4A7C-8BD7-23AFCFDB6132}.Release|TwinCAT RT (x86).Build.0 = Release|TwinCAT RT (x86)
	EndGlobalSection
	GlobalSection(SolutionProperties) = preSolution
		HideSolutionNode = FALSE
	EndGlobalSection
	GlobalSection(ExtensibilityGlobals) = postSolution
		SolutionGuid = {7F7A1157-9428-4988-B12E-E44BC4CF80BD}
	EndGlobalSection
EndGlobal
