
Microsoft Visual Studio Solution File, Format Version 12.00
# TcXaeShell Solution File, Format Version 11.00
VisualStudioVersion = 15.0.28307.1300
MinimumVisualStudioVersion = 10.0.40219.1
Project("{B1E792BE-AA5F-4E3C-8C82-674BF9C0715B}") = "TSG_swash_Neusiedl", "TSG_swash_Neusiedl\TSG_swash_Neusiedl.tsproj", "{6DCA7738-F38A-46A8-A89B-042A4F081C37}"
EndProject
Global
	GlobalSection(SolutionConfigurationPlatforms) = preSolution
		Debug|TwinCAT CE7 (ARMV7) = Debug|TwinCAT CE7 (ARMV7)
		Debug|TwinCAT OS (ARMT2) = Debug|TwinCAT OS (ARMT2)
		Debug|TwinCAT RT (x64) = Debug|TwinCAT RT (x64)
		Debug|TwinCAT RT (x86) = Debug|TwinCAT RT (x86)
		Release|TwinCAT CE7 (ARMV7) = Release|TwinCAT CE7 (ARMV7)
		Release|TwinCAT OS (ARMT2) = Release|TwinCAT OS (ARMT2)
		Release|TwinCAT RT (x64) = Release|TwinCAT RT (x64)
		Release|TwinCAT RT (x86) = Release|TwinCAT RT (x86)
	EndGlobalSection
	GlobalSection(ProjectConfigurationPlatforms) = postSolution
		{6DCA7738-F38A-46A8-A89B-042A4F081C37}.Debug|TwinCAT CE7 (ARMV7).ActiveCfg = Debug|TwinCAT CE7 (ARMV7)
		{6DCA7738-F38A-46A8-A89B-042A4F081C37}.Debug|TwinCAT CE7 (ARMV7).Build.0 = Debug|TwinCAT CE7 (ARMV7)
		{6DCA7738-F38A-46A8-A89B-042A4F081C37}.Debug|TwinCAT OS (ARMT2).ActiveCfg = Debug|TwinCAT OS (ARMT2)
		{6DCA7738-F38A-46A8-A89B-042A4F081C37}.Debug|TwinCAT OS (ARMT2).Build.0 = Debug|TwinCAT OS (ARMT2)
		{6DCA7738-F38A-46A8-A89B-042A4F081C37}.Debug|TwinCAT RT (x64).ActiveCfg = Debug|TwinCAT RT (x64)
		{6DCA7738-F38A-46A8-A89B-042A4F081C37}.Debug|TwinCAT RT (x64).Build.0 = Debug|TwinCAT RT (x64)
		{6DCA7738-F38A-46A8-A89B-042A4F081C37}.Debug|TwinCAT RT (x86).ActiveCfg = Debug|TwinCAT RT (x86)
		{6DCA7738-F38A-46A8-A89B-042A4F081C37}.Debug|TwinCAT RT (x86).Build.0 = Debug|TwinCAT RT (x86)
		{6DCA7738-F38A-46A8-A89B-042A4F081C37}.Release|TwinCAT CE7 (ARMV7).ActiveCfg = Release|TwinCAT CE7 (ARMV7)
		{6DCA7738-F38A-46A8-A89B-042A4F081C37}.Release|TwinCAT CE7 (ARMV7).Build.0 = Release|TwinCAT CE7 (ARMV7)
		{6DCA7738-F38A-46A8-A89B-042A4F081C37}.Release|TwinCAT OS (ARMT2).ActiveCfg = Release|TwinCAT OS (ARMT2)
		{6DCA7738-F38A-46A8-A89B-042A4F081C37}.Release|TwinCAT OS (ARMT2).Build.0 = Release|TwinCAT OS (ARMT2)
		{6DCA7738-F38A-46A8-A89B-042A4F081C37}.Release|TwinCAT RT (x64).ActiveCfg = Release|TwinCAT RT (x64)
		{6DCA7738-F38A-46A8-A89B-042A4F081C37}.Release|TwinCAT RT (x64).Build.0 = Release|TwinCAT RT (x64)
		{6DCA7738-F38A-46A8-A89B-042A4F081C37}.Release|TwinCAT RT (x86).ActiveCfg = Release|TwinCAT RT (x86)
		{6DCA7738-F38A-46A8-A89B-042A4F081C37}.Release|TwinCAT RT (x86).Build.0 = Release|TwinCAT RT (x86)
		{3169414A-42A2-4B47-BBED-50DEEE372B2D}.Debug|TwinCAT CE7 (ARMV7).ActiveCfg = Debug|TwinCAT CE7 (ARMV7)
		{3169414A-42A2-4B47-BBED-50DEEE372B2D}.Debug|TwinCAT CE7 (ARMV7).Build.0 = Debug|TwinCAT CE7 (ARMV7)
		{3169414A-42A2-4B47-BBED-50DEEE372B2D}.Debug|TwinCAT OS (ARMT2).ActiveCfg = Debug|TwinCAT OS (ARMT2)
		{3169414A-42A2-4B47-BBED-50DEEE372B2D}.Debug|TwinCAT OS (ARMT2).Build.0 = Debug|TwinCAT OS (ARMT2)
		{3169414A-42A2-4B47-BBED-50DEEE372B2D}.Debug|TwinCAT RT (x64).ActiveCfg = Debug|TwinCAT RT (x64)
		{3169414A-42A2-4B47-BBED-50DEEE372B2D}.Debug|TwinCAT RT (x64).Build.0 = Debug|TwinCAT RT (x64)
		{3169414A-42A2-4B47-BBED-50DEEE372B2D}.Debug|TwinCAT RT (x86).ActiveCfg = Debug|TwinCAT RT (x86)
		{3169414A-42A2-4B47-BBED-50DEEE372B2D}.Debug|TwinCAT RT (x86).Build.0 = Debug|TwinCAT RT (x86)
		{3169414A-42A2-4B47-BBED-50DEEE372B2D}.Release|TwinCAT CE7 (ARMV7).ActiveCfg = Release|TwinCAT CE7 (ARMV7)
		{3169414A-42A2-4B47-BBED-50DEEE372B2D}.Release|TwinCAT CE7 (ARMV7).Build.0 = Release|TwinCAT CE7 (ARMV7)
		{3169414A-42A2-4B47-BBED-50DEEE372B2D}.Release|TwinCAT OS (ARMT2).ActiveCfg = Release|TwinCAT OS (ARMT2)
		{3169414A-42A2-4B47-BBED-50DEEE372B2D}.Release|TwinCAT OS (ARMT2).Build.0 = Release|TwinCAT OS (ARMT2)
		{3169414A-42A2-4B47-BBED-50DEEE372B2D}.Release|TwinCAT RT (x64).ActiveCfg = Release|TwinCAT RT (x64)
		{3169414A-42A2-4B47-BBED-50DEEE372B2D}.Release|TwinCAT RT (x64).Build.0 = Release|TwinCAT RT (x64)
		{3169414A-42A2-4B47-BBED-50DEEE372B2D}.Release|TwinCAT RT (x86).ActiveCfg = Release|TwinCAT RT (x86)
		{3169414A-42A2-4B47-BBED-50DEEE372B2D}.Release|TwinCAT RT (x86).Build.0 = Release|TwinCAT RT (x86)
	EndGlobalSection
	GlobalSection(SolutionProperties) = preSolution
		HideSolutionNode = FALSE
	EndGlobalSection
	GlobalSection(ExtensibilityGlobals) = postSolution
		SolutionGuid = {AA42CD44-930A-4B55-A0F1-279D3F2074C9}
	EndGlobalSection
EndGlobal
